// !$*UTF8*$!
{
	archiveVersion = 1;
	classes = {
	};
	objectVersion = 46;
	objects = {

/* Begin PBXBuildFile section */
		8016D48C19916B50006943F5 /* SLTBasicProperties.m in Sources */ = {isa = PBXBuildFile; fileRef = 8016D48B19916B50006943F5 /* SLTBasicProperties.m */; };
		80F370561993F7EF000522F7 /* SLT2DAssetInstance.m in Sources */ = {isa = PBXBuildFile; fileRef = 80F370551993F7EF000522F7 /* SLT2DAssetInstance.m */; };
		80F370591994035C000522F7 /* SLT2DAssetState.m in Sources */ = {isa = PBXBuildFile; fileRef = 80F370581994035C000522F7 /* SLT2DAssetState.m */; };
		80F3705C19940657000522F7 /* SLT2DBoard.m in Sources */ = {isa = PBXBuildFile; fileRef = 80F3705B19940657000522F7 /* SLT2DBoard.m */; };
		80F3705F1994099B000522F7 /* SLT2DBoardLayer.m in Sources */ = {isa = PBXBuildFile; fileRef = 80F3705E1994099B000522F7 /* SLT2DBoardLayer.m */; };
		982C55EA19714C5100DC99B1 /* SLTAsset.m in Sources */ = {isa = PBXBuildFile; fileRef = 982C55E519714C5100DC99B1 /* SLTAsset.m */; };
		982C55EB19714C5100DC99B1 /* SLTAssetInstance.m in Sources */ = {isa = PBXBuildFile; fileRef = 982C55E719714C5100DC99B1 /* SLTAssetInstance.m */; };
		982C55EC19714C5100DC99B1 /* SLTAssetState.m in Sources */ = {isa = PBXBuildFile; fileRef = 982C55E919714C5100DC99B1 /* SLTAssetState.m */; };
		982C55F019714CC200DC99B1 /* SLTCell.m in Sources */ = {isa = PBXBuildFile; fileRef = 982C55EF19714CC200DC99B1 /* SLTCell.m */; };
		982C55F3197166F100DC99B1 /* SLTLevelParser.m in Sources */ = {isa = PBXBuildFile; fileRef = 982C55F2197166F100DC99B1 /* SLTLevelParser.m */; };
		982C55F919719F1E00DC99B1 /* SLTLevel.m in Sources */ = {isa = PBXBuildFile; fileRef = 982C55F819719F1E00DC99B1 /* SLTLevel.m */; };
		989CC4D1197458FC008DC08F /* SLTChunk.m in Sources */ = {isa = PBXBuildFile; fileRef = 989CC4D0197458FC008DC08F /* SLTChunk.m */; };
		989CC4D419745F82008DC08F /* SLTMatchingBoardLayer.m in Sources */ = {isa = PBXBuildFile; fileRef = 989CC4D319745F82008DC08F /* SLTMatchingBoardLayer.m */; };
		989CC4D719746A04008DC08F /* SLTChunkAssetRule.m in Sources */ = {isa = PBXBuildFile; fileRef = 989CC4D619746A04008DC08F /* SLTChunkAssetRule.m */; };
		989CC4DA19746CCB008DC08F /* SLTMatchingBoard.m in Sources */ = {isa = PBXBuildFile; fileRef = 989CC4D919746CCB008DC08F /* SLTMatchingBoard.m */; };
		98D715C01972772E00502350 /* SLTBoard.m in Sources */ = {isa = PBXBuildFile; fileRef = 98D715BF1972772E00502350 /* SLTBoard.m */; };
		98D715C319727CD600502350 /* SLTBoardLayer.m in Sources */ = {isa = PBXBuildFile; fileRef = 98D715C219727CD600502350 /* SLTBoardLayer.m */; };
		98D715C61972849500502350 /* SLTLevelPack.m in Sources */ = {isa = PBXBuildFile; fileRef = 98D715C51972849500502350 /* SLTLevelPack.m */; };
		98D715C9197291D100502350 /* SLTCells.m in Sources */ = {isa = PBXBuildFile; fileRef = 98D715C8197291D100502350 /* SLTCells.m */; };
		98D715CC1972A1A600502350 /* SLTCellsIterator.m in Sources */ = {isa = PBXBuildFile; fileRef = 98D715CB1972A1A600502350 /* SLTCellsIterator.m */; };
		CA1FC1FB18B3B8D600E92A06 /* Foundation.framework in Frameworks */ = {isa = PBXBuildFile; fileRef = CA1FC1FA18B3B8D600E92A06 /* Foundation.framework */; };
		CA1FC20018B3B8D600E92A06 /* SLTSaltr.h in CopyFiles */ = {isa = PBXBuildFile; fileRef = CA1FC1FF18B3B8D600E92A06 /* SLTSaltr.h */; };
		CA1FC20218B3B8D600E92A06 /* SLTSaltr.m in Sources */ = {isa = PBXBuildFile; fileRef = CA1FC20118B3B8D600E92A06 /* SLTSaltr.m */; };
		CA1FC20918B3B8D600E92A06 /* XCTest.framework in Frameworks */ = {isa = PBXBuildFile; fileRef = CA1FC20818B3B8D600E92A06 /* XCTest.framework */; };
		CA1FC20A18B3B8D600E92A06 /* Foundation.framework in Frameworks */ = {isa = PBXBuildFile; fileRef = CA1FC1FA18B3B8D600E92A06 /* Foundation.framework */; };
		CA1FC20C18B3B8D600E92A06 /* UIKit.framework in Frameworks */ = {isa = PBXBuildFile; fileRef = CA1FC20B18B3B8D600E92A06 /* UIKit.framework */; };
		CA1FC20F18B3B8D600E92A06 /* libSaltr.a in Frameworks */ = {isa = PBXBuildFile; fileRef = CA1FC1F718B3B8D600E92A06 /* libSaltr.a */; };
		CA1FC21518B3B8D600E92A06 /* InfoPlist.strings in Resources */ = {isa = PBXBuildFile; fileRef = CA1FC21318B3B8D600E92A06 /* InfoPlist.strings */; };
		CA1FC21718B3B8D600E92A06 /* SLTSaltrTests.m in Sources */ = {isa = PBXBuildFile; fileRef = CA1FC21618B3B8D600E92A06 /* SLTSaltrTests.m */; };
		CA1FC22C18B3C33200E92A06 /* SLTDeserializer.m in Sources */ = {isa = PBXBuildFile; fileRef = CA1FC22B18B3C33200E92A06 /* SLTDeserializer.m */; };
		CA1FC22F18B3C34100E92A06 /* SLTDevice.m in Sources */ = {isa = PBXBuildFile; fileRef = CA1FC22E18B3C34100E92A06 /* SLTDevice.m */; };
		CA1FC23218B3C35000E92A06 /* SLTExperiment.m in Sources */ = {isa = PBXBuildFile; fileRef = CA1FC23118B3C35000E92A06 /* SLTExperiment.m */; };
		CA1FC23518B3C36100E92A06 /* SLTFeature.m in Sources */ = {isa = PBXBuildFile; fileRef = CA1FC23418B3C36100E92A06 /* SLTFeature.m */; };
		CA1FC23E18B3C39400E92A06 /* SLTPartner.m in Sources */ = {isa = PBXBuildFile; fileRef = CA1FC23D18B3C39400E92A06 /* SLTPartner.m */; };
		CA9D917518C666A2002831DF /* SLTResourceURLTicketTests.m in Sources */ = {isa = PBXBuildFile; fileRef = CA9D917418C666A2002831DF /* SLTResourceURLTicketTests.m */; };
		CAA0C60B18BCB7FE007B2B69 /* SLTDeserializerTests.m in Sources */ = {isa = PBXBuildFile; fileRef = CAA0C60A18BCB7FE007B2B69 /* SLTDeserializerTests.m */; };
		CAA0C60D18BCB821007B2B69 /* SLTDeviceTests.m in Sources */ = {isa = PBXBuildFile; fileRef = CAA0C60C18BCB821007B2B69 /* SLTDeviceTests.m */; };
		CAA0C60F18BCB836007B2B69 /* SLTExperimentTests.m in Sources */ = {isa = PBXBuildFile; fileRef = CAA0C60E18BCB836007B2B69 /* SLTExperimentTests.m */; };
		CAA0C61118BCB851007B2B69 /* SLTFeatureTests.m in Sources */ = {isa = PBXBuildFile; fileRef = CAA0C61018BCB851007B2B69 /* SLTFeatureTests.m */; };
		CAA0C61318BCB871007B2B69 /* SLTLevelBoardTests.m in Sources */ = {isa = PBXBuildFile; fileRef = CAA0C61218BCB871007B2B69 /* SLTLevelBoardTests.m */; };
		CAA0C61518BCB89A007B2B69 /* SLTLevelPackTests.m in Sources */ = {isa = PBXBuildFile; fileRef = CAA0C61418BCB89A007B2B69 /* SLTLevelPackTests.m */; };
		CAA0C61718BCB8B9007B2B69 /* SLTLevelTests.m in Sources */ = {isa = PBXBuildFile; fileRef = CAA0C61618BCB8B9007B2B69 /* SLTLevelTests.m */; };
		CAA0C61918BCB8DE007B2B69 /* SLTPartnerTests.m in Sources */ = {isa = PBXBuildFile; fileRef = CAA0C61818BCB8DE007B2B69 /* SLTPartnerTests.m */; };
		CAB489F318D8A9E900CC9054 /* saltr in Resources */ = {isa = PBXBuildFile; fileRef = CAB489F218D8A9E900CC9054 /* saltr */; };
		CD3F128318D037C300C8DAF0 /* SLTCellMatrixIteratorTests.m in Sources */ = {isa = PBXBuildFile; fileRef = CD3F128118D037C300C8DAF0 /* SLTCellMatrixIteratorTests.m */; };
		CD3F128418D037C300C8DAF0 /* SLTCellMatrixTests.m in Sources */ = {isa = PBXBuildFile; fileRef = CD3F128218D037C300C8DAF0 /* SLTCellMatrixTests.m */; };
		CD55D6DD18C0879800222E8C /* Foundation.framework in Frameworks */ = {isa = PBXBuildFile; fileRef = CA1FC1FA18B3B8D600E92A06 /* Foundation.framework */; };
		CD55D6DE18C0879800222E8C /* CoreGraphics.framework in Frameworks */ = {isa = PBXBuildFile; fileRef = CDD7406118BFC02800F2306D /* CoreGraphics.framework */; };
		CD55D6DF18C0879800222E8C /* UIKit.framework in Frameworks */ = {isa = PBXBuildFile; fileRef = CA1FC20B18B3B8D600E92A06 /* UIKit.framework */; };
		CD55D6E518C0879800222E8C /* InfoPlist.strings in Resources */ = {isa = PBXBuildFile; fileRef = CD55D6E318C0879800222E8C /* InfoPlist.strings */; };
		CD55D6E718C0879800222E8C /* main.m in Sources */ = {isa = PBXBuildFile; fileRef = CD55D6E618C0879800222E8C /* main.m */; };
		CD55D6EB18C0879800222E8C /* SLTAppDelegate.m in Sources */ = {isa = PBXBuildFile; fileRef = CD55D6EA18C0879800222E8C /* SLTAppDelegate.m */; };
		CD55D6EE18C0879800222E8C /* Main_iPhone.storyboard in Resources */ = {isa = PBXBuildFile; fileRef = CD55D6EC18C0879800222E8C /* Main_iPhone.storyboard */; };
		CD55D6F118C0879800222E8C /* Main_iPad.storyboard in Resources */ = {isa = PBXBuildFile; fileRef = CD55D6EF18C0879800222E8C /* Main_iPad.storyboard */; };
		CD55D6F418C0879800222E8C /* ViewController.m in Sources */ = {isa = PBXBuildFile; fileRef = CD55D6F318C0879800222E8C /* ViewController.m */; };
		CD55D6F618C0879800222E8C /* Images.xcassets in Resources */ = {isa = PBXBuildFile; fileRef = CD55D6F518C0879800222E8C /* Images.xcassets */; };
		CD55D6FC18C0879800222E8C /* XCTest.framework in Frameworks */ = {isa = PBXBuildFile; fileRef = CA1FC20818B3B8D600E92A06 /* XCTest.framework */; };
		CD55D6FD18C0879800222E8C /* Foundation.framework in Frameworks */ = {isa = PBXBuildFile; fileRef = CA1FC1FA18B3B8D600E92A06 /* Foundation.framework */; };
		CD55D6FE18C0879800222E8C /* UIKit.framework in Frameworks */ = {isa = PBXBuildFile; fileRef = CA1FC20B18B3B8D600E92A06 /* UIKit.framework */; };
		CD55D70618C0879800222E8C /* InfoPlist.strings in Resources */ = {isa = PBXBuildFile; fileRef = CD55D70418C0879800222E8C /* InfoPlist.strings */; };
		CD55D70F18C087C900222E8C /* SaltrTestAppTests.m in Sources */ = {isa = PBXBuildFile; fileRef = CD55D70718C0879800222E8C /* SaltrTestAppTests.m */; };
		CD774F1218CE2A8D0021B4B0 /* SLTAssetTests.m in Sources */ = {isa = PBXBuildFile; fileRef = CD774F1118CE2A8D0021B4B0 /* SLTAssetTests.m */; };
		CD859DF918D87B06003B8758 /* SLTFeature.h in CopyFiles */ = {isa = PBXBuildFile; fileRef = CA1FC23318B3C36100E92A06 /* SLTFeature.h */; };
		CD859DFA18D87B13003B8758 /* SLTExperiment.h in CopyFiles */ = {isa = PBXBuildFile; fileRef = CA1FC23018B3C35000E92A06 /* SLTExperiment.h */; };
		CDACAC1418E0A10700021EFA /* SLTResource.m in Sources */ = {isa = PBXBuildFile; fileRef = CDACAC1118E0A10700021EFA /* SLTResource.m */; };
		CDACAC1518E0A10700021EFA /* SLTResourceURLTicket.m in Sources */ = {isa = PBXBuildFile; fileRef = CDACAC1318E0A10700021EFA /* SLTResourceURLTicket.m */; };
		CDACAC1818E0A12900021EFA /* SLTRepository.m in Sources */ = {isa = PBXBuildFile; fileRef = CDACAC1718E0A12900021EFA /* SLTRepository.m */; };
		CDB4A03018DC6D3800AF22BC /* SLTError.m in Sources */ = {isa = PBXBuildFile; fileRef = CDB4A02F18DC6D3800AF22BC /* SLTError.m */; };
		CDB4A03118DC6D6800AF22BC /* SLTError.h in CopyFiles */ = {isa = PBXBuildFile; fileRef = CDB4A02E18DC6D3800AF22BC /* SLTError.h */; };
		CDB4A03418DC731700AF22BC /* SLTErrorTests.m in Sources */ = {isa = PBXBuildFile; fileRef = CDB4A03318DC731700AF22BC /* SLTErrorTests.m */; };
		CDB6BF3618D1934F00C0D140 /* SLTChunkTests.m in Sources */ = {isa = PBXBuildFile; fileRef = CDB6BF3518D1934F00C0D140 /* SLTChunkTests.m */; };
		CDB6BF3818D1A78800C0D140 /* SLTChunkAssetInfoTests.m in Sources */ = {isa = PBXBuildFile; fileRef = CDB6BF3718D1A78800C0D140 /* SLTChunkAssetInfoTests.m */; };
		CDB6BF4018D2071800C0D140 /* SLTCompositeAssetTests.m in Sources */ = {isa = PBXBuildFile; fileRef = CDB6BF3D18D2071800C0D140 /* SLTCompositeAssetTests.m */; };
		CDB6BF4118D2071800C0D140 /* SLTCompositeInfoTests.m in Sources */ = {isa = PBXBuildFile; fileRef = CDB6BF3E18D2071800C0D140 /* SLTCompositeInfoTests.m */; };
		CDB6BF4218D2071800C0D140 /* SLTCompositeInstanceTests.m in Sources */ = {isa = PBXBuildFile; fileRef = CDB6BF3F18D2071800C0D140 /* SLTCompositeInstanceTests.m */; };
		CDD7408F18BFC0FA00F2306D /* CoreFoundation.framework in Frameworks */ = {isa = PBXBuildFile; fileRef = CD095F7B18BF7E4B00E38369 /* CoreFoundation.framework */; };
		CDD7409518BFC0FA00F2306D /* InfoPlist.strings in Resources */ = {isa = PBXBuildFile; fileRef = CDD7409318BFC0FA00F2306D /* InfoPlist.strings */; };
		CDD7409A18BFC11600F2306D /* appdata.json in Resources */ = {isa = PBXBuildFile; fileRef = CD095F8C18BF7E9600E38369 /* appdata.json */; };
		CDD7409B18BFC11600F2306D /* level.json in Resources */ = {isa = PBXBuildFile; fileRef = CD095F8D18BF7E9600E38369 /* level.json */; };
		CDE3272618CF018D00710120 /* SLTAssetInstanceTests.m in Sources */ = {isa = PBXBuildFile; fileRef = CDE3272518CF018D00710120 /* SLTAssetInstanceTests.m */; };
		CDE80ACB18C0883A004A9C1E /* Saltr.bundle in Resources */ = {isa = PBXBuildFile; fileRef = CDD7408E18BFC0FA00F2306D /* Saltr.bundle */; };
		CDE80ACC18C08840004A9C1E /* libSaltr.a in Frameworks */ = {isa = PBXBuildFile; fileRef = CA1FC1F718B3B8D600E92A06 /* libSaltr.a */; };
		CDE80AD218C09CC1004A9C1E /* SLTRepositoryTests.m in Sources */ = {isa = PBXBuildFile; fileRef = CDE80AD118C09CC1004A9C1E /* SLTRepositoryTests.m */; };
		CDE80AD618C0CB5A004A9C1E /* SLTLevelBoardParserTests.m in Sources */ = {isa = PBXBuildFile; fileRef = CDE80AD518C0CB5A004A9C1E /* SLTLevelBoardParserTests.m */; };
		CDF821B618CF2D2F0054744C /* SLTCellTests.m in Sources */ = {isa = PBXBuildFile; fileRef = CDF821B518CF2D2F0054744C /* SLTCellTests.m */; };
		CDF821B818CF35940054744C /* SLTLevelSettingsTests.m in Sources */ = {isa = PBXBuildFile; fileRef = CDF821B718CF35940054744C /* SLTLevelSettingsTests.m */; };
/* End PBXBuildFile section */

/* Begin PBXContainerItemProxy section */
		CA1FC20D18B3B8D600E92A06 /* PBXContainerItemProxy */ = {
			isa = PBXContainerItemProxy;
			containerPortal = CA1FC1EF18B3B8D600E92A06 /* Project object */;
			proxyType = 1;
			remoteGlobalIDString = CA1FC1F618B3B8D600E92A06;
			remoteInfo = Saltr;
		};
		CD55D6FF18C0879800222E8C /* PBXContainerItemProxy */ = {
			isa = PBXContainerItemProxy;
			containerPortal = CA1FC1EF18B3B8D600E92A06 /* Project object */;
			proxyType = 1;
			remoteGlobalIDString = CD55D6DB18C0879800222E8C;
			remoteInfo = SaltrTestApp;
		};
		CDE80ACD18C08849004A9C1E /* PBXContainerItemProxy */ = {
			isa = PBXContainerItemProxy;
			containerPortal = CA1FC1EF18B3B8D600E92A06 /* Project object */;
			proxyType = 1;
			remoteGlobalIDString = CA1FC1F618B3B8D600E92A06;
			remoteInfo = Saltr;
		};
		CDE80ACF18C08849004A9C1E /* PBXContainerItemProxy */ = {
			isa = PBXContainerItemProxy;
			containerPortal = CA1FC1EF18B3B8D600E92A06 /* Project object */;
			proxyType = 1;
			remoteGlobalIDString = CDD7408D18BFC0FA00F2306D;
			remoteInfo = SaltrResource;
		};
/* End PBXContainerItemProxy section */

/* Begin PBXCopyFilesBuildPhase section */
		CA1FC1F518B3B8D600E92A06 /* CopyFiles */ = {
			isa = PBXCopyFilesBuildPhase;
			buildActionMask = 2147483647;
			dstPath = "include/$(PRODUCT_NAME)";
			dstSubfolderSpec = 16;
			files = (
				CDB4A03118DC6D6800AF22BC /* SLTError.h in CopyFiles */,
				CD859DFA18D87B13003B8758 /* SLTExperiment.h in CopyFiles */,
				CD859DF918D87B06003B8758 /* SLTFeature.h in CopyFiles */,
				CA1FC20018B3B8D600E92A06 /* SLTSaltr.h in CopyFiles */,
			);
			runOnlyForDeploymentPostprocessing = 0;
		};
/* End PBXCopyFilesBuildPhase section */

/* Begin PBXFileReference section */
		8016D48A19916B50006943F5 /* SLTBasicProperties.h */ = {isa = PBXFileReference; fileEncoding = 4; lastKnownFileType = sourcecode.c.h; path = SLTBasicProperties.h; sourceTree = "<group>"; };
		8016D48B19916B50006943F5 /* SLTBasicProperties.m */ = {isa = PBXFileReference; fileEncoding = 4; lastKnownFileType = sourcecode.c.objc; path = SLTBasicProperties.m; sourceTree = "<group>"; };
		80F370541993F7EF000522F7 /* SLT2DAssetInstance.h */ = {isa = PBXFileReference; fileEncoding = 4; lastKnownFileType = sourcecode.c.h; path = SLT2DAssetInstance.h; sourceTree = "<group>"; };
		80F370551993F7EF000522F7 /* SLT2DAssetInstance.m */ = {isa = PBXFileReference; fileEncoding = 4; lastKnownFileType = sourcecode.c.objc; path = SLT2DAssetInstance.m; sourceTree = "<group>"; };
		80F370571994035C000522F7 /* SLT2DAssetState.h */ = {isa = PBXFileReference; fileEncoding = 4; lastKnownFileType = sourcecode.c.h; path = SLT2DAssetState.h; sourceTree = "<group>"; };
		80F370581994035C000522F7 /* SLT2DAssetState.m */ = {isa = PBXFileReference; fileEncoding = 4; lastKnownFileType = sourcecode.c.objc; path = SLT2DAssetState.m; sourceTree = "<group>"; };
		80F3705A19940657000522F7 /* SLT2DBoard.h */ = {isa = PBXFileReference; fileEncoding = 4; lastKnownFileType = sourcecode.c.h; path = SLT2DBoard.h; sourceTree = "<group>"; };
		80F3705B19940657000522F7 /* SLT2DBoard.m */ = {isa = PBXFileReference; fileEncoding = 4; lastKnownFileType = sourcecode.c.objc; path = SLT2DBoard.m; sourceTree = "<group>"; };
		80F3705D1994099B000522F7 /* SLT2DBoardLayer.h */ = {isa = PBXFileReference; fileEncoding = 4; lastKnownFileType = sourcecode.c.h; path = SLT2DBoardLayer.h; sourceTree = "<group>"; };
		80F3705E1994099B000522F7 /* SLT2DBoardLayer.m */ = {isa = PBXFileReference; fileEncoding = 4; lastKnownFileType = sourcecode.c.objc; path = SLT2DBoardLayer.m; sourceTree = "<group>"; };
		982C55E419714C5100DC99B1 /* SLTAsset.h */ = {isa = PBXFileReference; fileEncoding = 4; lastKnownFileType = sourcecode.c.h; path = SLTAsset.h; sourceTree = "<group>"; };
		982C55E519714C5100DC99B1 /* SLTAsset.m */ = {isa = PBXFileReference; fileEncoding = 4; lastKnownFileType = sourcecode.c.objc; path = SLTAsset.m; sourceTree = "<group>"; };
		982C55E619714C5100DC99B1 /* SLTAssetInstance.h */ = {isa = PBXFileReference; fileEncoding = 4; lastKnownFileType = sourcecode.c.h; path = SLTAssetInstance.h; sourceTree = "<group>"; };
		982C55E719714C5100DC99B1 /* SLTAssetInstance.m */ = {isa = PBXFileReference; fileEncoding = 4; lastKnownFileType = sourcecode.c.objc; path = SLTAssetInstance.m; sourceTree = "<group>"; };
		982C55E819714C5100DC99B1 /* SLTAssetState.h */ = {isa = PBXFileReference; fileEncoding = 4; lastKnownFileType = sourcecode.c.h; path = SLTAssetState.h; sourceTree = "<group>"; };
		982C55E919714C5100DC99B1 /* SLTAssetState.m */ = {isa = PBXFileReference; fileEncoding = 4; lastKnownFileType = sourcecode.c.objc; path = SLTAssetState.m; sourceTree = "<group>"; };
		982C55EE19714CC200DC99B1 /* SLTCell.h */ = {isa = PBXFileReference; fileEncoding = 4; lastKnownFileType = sourcecode.c.h; path = SLTCell.h; sourceTree = "<group>"; };
		982C55EF19714CC200DC99B1 /* SLTCell.m */ = {isa = PBXFileReference; fileEncoding = 4; lastKnownFileType = sourcecode.c.objc; path = SLTCell.m; sourceTree = "<group>"; };
		982C55F1197166F100DC99B1 /* SLTLevelParser.h */ = {isa = PBXFileReference; fileEncoding = 4; lastKnownFileType = sourcecode.c.h; path = SLTLevelParser.h; sourceTree = "<group>"; };
		982C55F2197166F100DC99B1 /* SLTLevelParser.m */ = {isa = PBXFileReference; fileEncoding = 4; lastKnownFileType = sourcecode.c.objc; path = SLTLevelParser.m; sourceTree = "<group>"; };
		982C55F719719F1E00DC99B1 /* SLTLevel.h */ = {isa = PBXFileReference; fileEncoding = 4; lastKnownFileType = sourcecode.c.h; path = SLTLevel.h; sourceTree = "<group>"; };
		982C55F819719F1E00DC99B1 /* SLTLevel.m */ = {isa = PBXFileReference; fileEncoding = 4; lastKnownFileType = sourcecode.c.objc; path = SLTLevel.m; sourceTree = "<group>"; };
		989CC4CF197458FC008DC08F /* SLTChunk.h */ = {isa = PBXFileReference; fileEncoding = 4; lastKnownFileType = sourcecode.c.h; path = SLTChunk.h; sourceTree = "<group>"; };
		989CC4D0197458FC008DC08F /* SLTChunk.m */ = {isa = PBXFileReference; fileEncoding = 4; lastKnownFileType = sourcecode.c.objc; path = SLTChunk.m; sourceTree = "<group>"; };
		989CC4D219745F82008DC08F /* SLTMatchingBoardLayer.h */ = {isa = PBXFileReference; fileEncoding = 4; lastKnownFileType = sourcecode.c.h; path = SLTMatchingBoardLayer.h; sourceTree = "<group>"; };
		989CC4D319745F82008DC08F /* SLTMatchingBoardLayer.m */ = {isa = PBXFileReference; fileEncoding = 4; lastKnownFileType = sourcecode.c.objc; path = SLTMatchingBoardLayer.m; sourceTree = "<group>"; };
		989CC4D519746A04008DC08F /* SLTChunkAssetRule.h */ = {isa = PBXFileReference; fileEncoding = 4; lastKnownFileType = sourcecode.c.h; path = SLTChunkAssetRule.h; sourceTree = "<group>"; };
		989CC4D619746A04008DC08F /* SLTChunkAssetRule.m */ = {isa = PBXFileReference; fileEncoding = 4; lastKnownFileType = sourcecode.c.objc; path = SLTChunkAssetRule.m; sourceTree = "<group>"; };
		989CC4D819746CCB008DC08F /* SLTMatchingBoard.h */ = {isa = PBXFileReference; fileEncoding = 4; lastKnownFileType = sourcecode.c.h; path = SLTMatchingBoard.h; sourceTree = "<group>"; };
		989CC4D919746CCB008DC08F /* SLTMatchingBoard.m */ = {isa = PBXFileReference; fileEncoding = 4; lastKnownFileType = sourcecode.c.objc; path = SLTMatchingBoard.m; sourceTree = "<group>"; };
		98D715BE1972772E00502350 /* SLTBoard.h */ = {isa = PBXFileReference; fileEncoding = 4; lastKnownFileType = sourcecode.c.h; path = SLTBoard.h; sourceTree = "<group>"; };
		98D715BF1972772E00502350 /* SLTBoard.m */ = {isa = PBXFileReference; fileEncoding = 4; lastKnownFileType = sourcecode.c.objc; path = SLTBoard.m; sourceTree = "<group>"; };
		98D715C119727CD600502350 /* SLTBoardLayer.h */ = {isa = PBXFileReference; fileEncoding = 4; lastKnownFileType = sourcecode.c.h; path = SLTBoardLayer.h; sourceTree = "<group>"; };
		98D715C219727CD600502350 /* SLTBoardLayer.m */ = {isa = PBXFileReference; fileEncoding = 4; lastKnownFileType = sourcecode.c.objc; path = SLTBoardLayer.m; sourceTree = "<group>"; };
		98D715C41972849500502350 /* SLTLevelPack.h */ = {isa = PBXFileReference; fileEncoding = 4; lastKnownFileType = sourcecode.c.h; path = SLTLevelPack.h; sourceTree = "<group>"; };
		98D715C51972849500502350 /* SLTLevelPack.m */ = {isa = PBXFileReference; fileEncoding = 4; lastKnownFileType = sourcecode.c.objc; path = SLTLevelPack.m; sourceTree = "<group>"; };
		98D715C7197291D100502350 /* SLTCells.h */ = {isa = PBXFileReference; fileEncoding = 4; lastKnownFileType = sourcecode.c.h; path = SLTCells.h; sourceTree = "<group>"; };
		98D715C8197291D100502350 /* SLTCells.m */ = {isa = PBXFileReference; fileEncoding = 4; lastKnownFileType = sourcecode.c.objc; path = SLTCells.m; sourceTree = "<group>"; };
		98D715CA1972A1A600502350 /* SLTCellsIterator.h */ = {isa = PBXFileReference; fileEncoding = 4; lastKnownFileType = sourcecode.c.h; path = SLTCellsIterator.h; sourceTree = "<group>"; };
		98D715CB1972A1A600502350 /* SLTCellsIterator.m */ = {isa = PBXFileReference; fileEncoding = 4; lastKnownFileType = sourcecode.c.objc; path = SLTCellsIterator.m; sourceTree = "<group>"; };
		CA1FC1F718B3B8D600E92A06 /* libSaltr.a */ = {isa = PBXFileReference; explicitFileType = archive.ar; includeInIndex = 0; path = libSaltr.a; sourceTree = BUILT_PRODUCTS_DIR; };
		CA1FC1FA18B3B8D600E92A06 /* Foundation.framework */ = {isa = PBXFileReference; lastKnownFileType = wrapper.framework; name = Foundation.framework; path = System/Library/Frameworks/Foundation.framework; sourceTree = SDKROOT; };
		CA1FC1FE18B3B8D600E92A06 /* Saltr-Prefix.pch */ = {isa = PBXFileReference; lastKnownFileType = sourcecode.c.h; path = "Saltr-Prefix.pch"; sourceTree = "<group>"; };
		CA1FC1FF18B3B8D600E92A06 /* SLTSaltr.h */ = {isa = PBXFileReference; lastKnownFileType = sourcecode.c.h; path = SLTSaltr.h; sourceTree = "<group>"; xcLanguageSpecificationIdentifier = xcode.lang.objc; };
		CA1FC20118B3B8D600E92A06 /* SLTSaltr.m */ = {isa = PBXFileReference; lastKnownFileType = sourcecode.c.objc; path = SLTSaltr.m; sourceTree = "<group>"; };
		CA1FC20718B3B8D600E92A06 /* SaltrTests.xctest */ = {isa = PBXFileReference; explicitFileType = wrapper.cfbundle; includeInIndex = 0; path = SaltrTests.xctest; sourceTree = BUILT_PRODUCTS_DIR; };
		CA1FC20818B3B8D600E92A06 /* XCTest.framework */ = {isa = PBXFileReference; lastKnownFileType = wrapper.framework; name = XCTest.framework; path = Library/Frameworks/XCTest.framework; sourceTree = DEVELOPER_DIR; };
		CA1FC20B18B3B8D600E92A06 /* UIKit.framework */ = {isa = PBXFileReference; lastKnownFileType = wrapper.framework; name = UIKit.framework; path = Library/Frameworks/UIKit.framework; sourceTree = DEVELOPER_DIR; };
		CA1FC21218B3B8D600E92A06 /* SaltrTests-Info.plist */ = {isa = PBXFileReference; lastKnownFileType = text.plist.xml; path = "SaltrTests-Info.plist"; sourceTree = "<group>"; };
		CA1FC21418B3B8D600E92A06 /* en */ = {isa = PBXFileReference; lastKnownFileType = text.plist.strings; name = en; path = en.lproj/InfoPlist.strings; sourceTree = "<group>"; };
		CA1FC21618B3B8D600E92A06 /* SLTSaltrTests.m */ = {isa = PBXFileReference; lastKnownFileType = sourcecode.c.objc; path = SLTSaltrTests.m; sourceTree = "<group>"; };
		CA1FC22A18B3C33200E92A06 /* SLTDeserializer.h */ = {isa = PBXFileReference; fileEncoding = 4; lastKnownFileType = sourcecode.c.h; path = SLTDeserializer.h; sourceTree = "<group>"; };
		CA1FC22B18B3C33200E92A06 /* SLTDeserializer.m */ = {isa = PBXFileReference; fileEncoding = 4; lastKnownFileType = sourcecode.c.objc; path = SLTDeserializer.m; sourceTree = "<group>"; };
		CA1FC22D18B3C34100E92A06 /* SLTDevice.h */ = {isa = PBXFileReference; fileEncoding = 4; lastKnownFileType = sourcecode.c.h; path = SLTDevice.h; sourceTree = "<group>"; };
		CA1FC22E18B3C34100E92A06 /* SLTDevice.m */ = {isa = PBXFileReference; fileEncoding = 4; lastKnownFileType = sourcecode.c.objc; path = SLTDevice.m; sourceTree = "<group>"; };
		CA1FC23018B3C35000E92A06 /* SLTExperiment.h */ = {isa = PBXFileReference; fileEncoding = 4; lastKnownFileType = sourcecode.c.h; path = SLTExperiment.h; sourceTree = "<group>"; };
		CA1FC23118B3C35000E92A06 /* SLTExperiment.m */ = {isa = PBXFileReference; fileEncoding = 4; lastKnownFileType = sourcecode.c.objc; path = SLTExperiment.m; sourceTree = "<group>"; };
		CA1FC23318B3C36100E92A06 /* SLTFeature.h */ = {isa = PBXFileReference; fileEncoding = 4; lastKnownFileType = sourcecode.c.h; path = SLTFeature.h; sourceTree = "<group>"; };
		CA1FC23418B3C36100E92A06 /* SLTFeature.m */ = {isa = PBXFileReference; fileEncoding = 4; lastKnownFileType = sourcecode.c.objc; path = SLTFeature.m; sourceTree = "<group>"; };
		CA1FC23C18B3C39400E92A06 /* SLTPartner.h */ = {isa = PBXFileReference; fileEncoding = 4; lastKnownFileType = sourcecode.c.h; path = SLTPartner.h; sourceTree = "<group>"; };
		CA1FC23D18B3C39400E92A06 /* SLTPartner.m */ = {isa = PBXFileReference; fileEncoding = 4; lastKnownFileType = sourcecode.c.objc; path = SLTPartner.m; sourceTree = "<group>"; };
		CA9D917418C666A2002831DF /* SLTResourceURLTicketTests.m */ = {isa = PBXFileReference; fileEncoding = 4; lastKnownFileType = sourcecode.c.objc; path = SLTResourceURLTicketTests.m; sourceTree = "<group>"; };
		CA9DAB3A18B6A330005CCCAA /* SLTConfig.h */ = {isa = PBXFileReference; lastKnownFileType = sourcecode.c.h; path = SLTConfig.h; sourceTree = "<group>"; };
		CAA0C60A18BCB7FE007B2B69 /* SLTDeserializerTests.m */ = {isa = PBXFileReference; fileEncoding = 4; lastKnownFileType = sourcecode.c.objc; path = SLTDeserializerTests.m; sourceTree = "<group>"; };
		CAA0C60C18BCB821007B2B69 /* SLTDeviceTests.m */ = {isa = PBXFileReference; fileEncoding = 4; lastKnownFileType = sourcecode.c.objc; path = SLTDeviceTests.m; sourceTree = "<group>"; };
		CAA0C60E18BCB836007B2B69 /* SLTExperimentTests.m */ = {isa = PBXFileReference; fileEncoding = 4; lastKnownFileType = sourcecode.c.objc; path = SLTExperimentTests.m; sourceTree = "<group>"; };
		CAA0C61018BCB851007B2B69 /* SLTFeatureTests.m */ = {isa = PBXFileReference; fileEncoding = 4; lastKnownFileType = sourcecode.c.objc; path = SLTFeatureTests.m; sourceTree = "<group>"; };
		CAA0C61218BCB871007B2B69 /* SLTLevelBoardTests.m */ = {isa = PBXFileReference; fileEncoding = 4; lastKnownFileType = sourcecode.c.objc; path = SLTLevelBoardTests.m; sourceTree = "<group>"; };
		CAA0C61418BCB89A007B2B69 /* SLTLevelPackTests.m */ = {isa = PBXFileReference; fileEncoding = 4; lastKnownFileType = sourcecode.c.objc; path = SLTLevelPackTests.m; sourceTree = "<group>"; };
		CAA0C61618BCB8B9007B2B69 /* SLTLevelTests.m */ = {isa = PBXFileReference; fileEncoding = 4; lastKnownFileType = sourcecode.c.objc; path = SLTLevelTests.m; sourceTree = "<group>"; };
		CAA0C61818BCB8DE007B2B69 /* SLTPartnerTests.m */ = {isa = PBXFileReference; fileEncoding = 4; lastKnownFileType = sourcecode.c.objc; path = SLTPartnerTests.m; sourceTree = "<group>"; };
		CAB489F218D8A9E900CC9054 /* saltr */ = {isa = PBXFileReference; lastKnownFileType = folder; name = saltr; path = ../testdata/saltr; sourceTree = "<group>"; };
		CD095F7B18BF7E4B00E38369 /* CoreFoundation.framework */ = {isa = PBXFileReference; lastKnownFileType = wrapper.framework; name = CoreFoundation.framework; path = System/Library/Frameworks/CoreFoundation.framework; sourceTree = SDKROOT; };
		CD095F8C18BF7E9600E38369 /* appdata.json */ = {isa = PBXFileReference; fileEncoding = 4; lastKnownFileType = text.json; path = appdata.json; sourceTree = "<group>"; };
		CD095F8D18BF7E9600E38369 /* level.json */ = {isa = PBXFileReference; fileEncoding = 4; lastKnownFileType = text.json; path = level.json; sourceTree = "<group>"; };
		CD3F128118D037C300C8DAF0 /* SLTCellMatrixIteratorTests.m */ = {isa = PBXFileReference; fileEncoding = 4; lastKnownFileType = sourcecode.c.objc; path = SLTCellMatrixIteratorTests.m; sourceTree = "<group>"; };
		CD3F128218D037C300C8DAF0 /* SLTCellMatrixTests.m */ = {isa = PBXFileReference; fileEncoding = 4; lastKnownFileType = sourcecode.c.objc; path = SLTCellMatrixTests.m; sourceTree = "<group>"; };
		CD55D6DC18C0879800222E8C /* SaltrTestApp.app */ = {isa = PBXFileReference; explicitFileType = wrapper.application; includeInIndex = 0; path = SaltrTestApp.app; sourceTree = BUILT_PRODUCTS_DIR; };
		CD55D6E218C0879800222E8C /* SaltrTestApp-Info.plist */ = {isa = PBXFileReference; lastKnownFileType = text.plist.xml; path = "SaltrTestApp-Info.plist"; sourceTree = "<group>"; };
		CD55D6E418C0879800222E8C /* en */ = {isa = PBXFileReference; lastKnownFileType = text.plist.strings; name = en; path = en.lproj/InfoPlist.strings; sourceTree = "<group>"; };
		CD55D6E618C0879800222E8C /* main.m */ = {isa = PBXFileReference; lastKnownFileType = sourcecode.c.objc; path = main.m; sourceTree = "<group>"; };
		CD55D6E818C0879800222E8C /* SaltrTestApp-Prefix.pch */ = {isa = PBXFileReference; lastKnownFileType = sourcecode.c.h; path = "SaltrTestApp-Prefix.pch"; sourceTree = "<group>"; };
		CD55D6E918C0879800222E8C /* SLTAppDelegate.h */ = {isa = PBXFileReference; lastKnownFileType = sourcecode.c.h; path = SLTAppDelegate.h; sourceTree = "<group>"; };
		CD55D6EA18C0879800222E8C /* SLTAppDelegate.m */ = {isa = PBXFileReference; lastKnownFileType = sourcecode.c.objc; path = SLTAppDelegate.m; sourceTree = "<group>"; };
		CD55D6ED18C0879800222E8C /* Base */ = {isa = PBXFileReference; lastKnownFileType = file.storyboard; name = Base; path = Base.lproj/Main_iPhone.storyboard; sourceTree = "<group>"; };
		CD55D6F018C0879800222E8C /* Base */ = {isa = PBXFileReference; lastKnownFileType = file.storyboard; name = Base; path = Base.lproj/Main_iPad.storyboard; sourceTree = "<group>"; };
		CD55D6F218C0879800222E8C /* ViewController.h */ = {isa = PBXFileReference; lastKnownFileType = sourcecode.c.h; path = ViewController.h; sourceTree = "<group>"; };
		CD55D6F318C0879800222E8C /* ViewController.m */ = {isa = PBXFileReference; lastKnownFileType = sourcecode.c.objc; path = ViewController.m; sourceTree = "<group>"; };
		CD55D6F518C0879800222E8C /* Images.xcassets */ = {isa = PBXFileReference; lastKnownFileType = folder.assetcatalog; path = Images.xcassets; sourceTree = "<group>"; };
		CD55D6FB18C0879800222E8C /* SaltrTestAppTests.xctest */ = {isa = PBXFileReference; explicitFileType = wrapper.cfbundle; includeInIndex = 0; path = SaltrTestAppTests.xctest; sourceTree = BUILT_PRODUCTS_DIR; };
		CD55D70318C0879800222E8C /* SaltrTestAppTests-Info.plist */ = {isa = PBXFileReference; lastKnownFileType = text.plist.xml; path = "SaltrTestAppTests-Info.plist"; sourceTree = "<group>"; };
		CD55D70518C0879800222E8C /* en */ = {isa = PBXFileReference; lastKnownFileType = text.plist.strings; name = en; path = en.lproj/InfoPlist.strings; sourceTree = "<group>"; };
		CD55D70718C0879800222E8C /* SaltrTestAppTests.m */ = {isa = PBXFileReference; lastKnownFileType = sourcecode.c.objc; path = SaltrTestAppTests.m; sourceTree = "<group>"; };
		CD774F1018C9B8DA0021B4B0 /* SLTCell_Private.h */ = {isa = PBXFileReference; lastKnownFileType = sourcecode.c.h; path = SLTCell_Private.h; sourceTree = "<group>"; };
		CD774F1118CE2A8D0021B4B0 /* SLTAssetTests.m */ = {isa = PBXFileReference; fileEncoding = 4; lastKnownFileType = sourcecode.c.objc; path = SLTAssetTests.m; sourceTree = "<group>"; };
		CDACAC1018E0A10700021EFA /* SLTResource.h */ = {isa = PBXFileReference; fileEncoding = 4; lastKnownFileType = sourcecode.c.h; path = SLTResource.h; sourceTree = "<group>"; };
		CDACAC1118E0A10700021EFA /* SLTResource.m */ = {isa = PBXFileReference; fileEncoding = 4; lastKnownFileType = sourcecode.c.objc; path = SLTResource.m; sourceTree = "<group>"; };
		CDACAC1218E0A10700021EFA /* SLTResourceURLTicket.h */ = {isa = PBXFileReference; fileEncoding = 4; lastKnownFileType = sourcecode.c.h; path = SLTResourceURLTicket.h; sourceTree = "<group>"; };
		CDACAC1318E0A10700021EFA /* SLTResourceURLTicket.m */ = {isa = PBXFileReference; fileEncoding = 4; lastKnownFileType = sourcecode.c.objc; path = SLTResourceURLTicket.m; sourceTree = "<group>"; };
		CDACAC1618E0A12900021EFA /* SLTRepository.h */ = {isa = PBXFileReference; fileEncoding = 4; lastKnownFileType = sourcecode.c.h; path = SLTRepository.h; sourceTree = "<group>"; };
		CDACAC1718E0A12900021EFA /* SLTRepository.m */ = {isa = PBXFileReference; fileEncoding = 4; lastKnownFileType = sourcecode.c.objc; path = SLTRepository.m; sourceTree = "<group>"; };
		CDB4A02E18DC6D3800AF22BC /* SLTError.h */ = {isa = PBXFileReference; fileEncoding = 4; lastKnownFileType = sourcecode.c.h; path = SLTError.h; sourceTree = "<group>"; };
		CDB4A02F18DC6D3800AF22BC /* SLTError.m */ = {isa = PBXFileReference; fileEncoding = 4; lastKnownFileType = sourcecode.c.objc; path = SLTError.m; sourceTree = "<group>"; };
		CDB4A03318DC731700AF22BC /* SLTErrorTests.m */ = {isa = PBXFileReference; fileEncoding = 4; lastKnownFileType = sourcecode.c.objc; path = SLTErrorTests.m; sourceTree = "<group>"; };
		CDB6BF3518D1934F00C0D140 /* SLTChunkTests.m */ = {isa = PBXFileReference; fileEncoding = 4; lastKnownFileType = sourcecode.c.objc; path = SLTChunkTests.m; sourceTree = "<group>"; };
		CDB6BF3718D1A78800C0D140 /* SLTChunkAssetInfoTests.m */ = {isa = PBXFileReference; fileEncoding = 4; lastKnownFileType = sourcecode.c.objc; path = SLTChunkAssetInfoTests.m; sourceTree = "<group>"; };
		CDB6BF3D18D2071800C0D140 /* SLTCompositeAssetTests.m */ = {isa = PBXFileReference; fileEncoding = 4; lastKnownFileType = sourcecode.c.objc; path = SLTCompositeAssetTests.m; sourceTree = "<group>"; };
		CDB6BF3E18D2071800C0D140 /* SLTCompositeInfoTests.m */ = {isa = PBXFileReference; fileEncoding = 4; lastKnownFileType = sourcecode.c.objc; path = SLTCompositeInfoTests.m; sourceTree = "<group>"; };
		CDB6BF3F18D2071800C0D140 /* SLTCompositeInstanceTests.m */ = {isa = PBXFileReference; fileEncoding = 4; lastKnownFileType = sourcecode.c.objc; path = SLTCompositeInstanceTests.m; sourceTree = "<group>"; };
		CDD7406118BFC02800F2306D /* CoreGraphics.framework */ = {isa = PBXFileReference; lastKnownFileType = wrapper.framework; name = CoreGraphics.framework; path = System/Library/Frameworks/CoreGraphics.framework; sourceTree = SDKROOT; };
		CDD7408E18BFC0FA00F2306D /* Saltr.bundle */ = {isa = PBXFileReference; explicitFileType = wrapper.cfbundle; includeInIndex = 0; path = Saltr.bundle; sourceTree = BUILT_PRODUCTS_DIR; };
		CDD7409218BFC0FA00F2306D /* SaltrResource-Info.plist */ = {isa = PBXFileReference; lastKnownFileType = text.plist.xml; path = "SaltrResource-Info.plist"; sourceTree = "<group>"; };
		CDD7409418BFC0FA00F2306D /* en */ = {isa = PBXFileReference; lastKnownFileType = text.plist.strings; name = en; path = en.lproj/InfoPlist.strings; sourceTree = "<group>"; };
		CDD7409618BFC0FA00F2306D /* SaltrResource-Prefix.pch */ = {isa = PBXFileReference; lastKnownFileType = sourcecode.c.h; path = "SaltrResource-Prefix.pch"; sourceTree = "<group>"; };
		CDE3272518CF018D00710120 /* SLTAssetInstanceTests.m */ = {isa = PBXFileReference; fileEncoding = 4; lastKnownFileType = sourcecode.c.objc; path = SLTAssetInstanceTests.m; sourceTree = "<group>"; };
		CDE80AD118C09CC1004A9C1E /* SLTRepositoryTests.m */ = {isa = PBXFileReference; fileEncoding = 4; lastKnownFileType = sourcecode.c.objc; path = SLTRepositoryTests.m; sourceTree = "<group>"; };
		CDE80AD518C0CB5A004A9C1E /* SLTLevelBoardParserTests.m */ = {isa = PBXFileReference; fileEncoding = 4; lastKnownFileType = sourcecode.c.objc; path = SLTLevelBoardParserTests.m; sourceTree = "<group>"; };
		CDF821B518CF2D2F0054744C /* SLTCellTests.m */ = {isa = PBXFileReference; fileEncoding = 4; lastKnownFileType = sourcecode.c.objc; path = SLTCellTests.m; sourceTree = "<group>"; };
		CDF821B718CF35940054744C /* SLTLevelSettingsTests.m */ = {isa = PBXFileReference; fileEncoding = 4; lastKnownFileType = sourcecode.c.objc; path = SLTLevelSettingsTests.m; sourceTree = "<group>"; };
/* End PBXFileReference section */

/* Begin PBXFrameworksBuildPhase section */
		CA1FC1F418B3B8D600E92A06 /* Frameworks */ = {
			isa = PBXFrameworksBuildPhase;
			buildActionMask = 2147483647;
			files = (
				CA1FC1FB18B3B8D600E92A06 /* Foundation.framework in Frameworks */,
			);
			runOnlyForDeploymentPostprocessing = 0;
		};
		CA1FC20418B3B8D600E92A06 /* Frameworks */ = {
			isa = PBXFrameworksBuildPhase;
			buildActionMask = 2147483647;
			files = (
				CA1FC20918B3B8D600E92A06 /* XCTest.framework in Frameworks */,
				CA1FC20F18B3B8D600E92A06 /* libSaltr.a in Frameworks */,
				CA1FC20C18B3B8D600E92A06 /* UIKit.framework in Frameworks */,
				CA1FC20A18B3B8D600E92A06 /* Foundation.framework in Frameworks */,
			);
			runOnlyForDeploymentPostprocessing = 0;
		};
		CD55D6D918C0879800222E8C /* Frameworks */ = {
			isa = PBXFrameworksBuildPhase;
			buildActionMask = 2147483647;
			files = (
				CDE80ACC18C08840004A9C1E /* libSaltr.a in Frameworks */,
				CD55D6DE18C0879800222E8C /* CoreGraphics.framework in Frameworks */,
				CD55D6DF18C0879800222E8C /* UIKit.framework in Frameworks */,
				CD55D6DD18C0879800222E8C /* Foundation.framework in Frameworks */,
			);
			runOnlyForDeploymentPostprocessing = 0;
		};
		CD55D6F818C0879800222E8C /* Frameworks */ = {
			isa = PBXFrameworksBuildPhase;
			buildActionMask = 2147483647;
			files = (
				CD55D6FC18C0879800222E8C /* XCTest.framework in Frameworks */,
				CD55D6FE18C0879800222E8C /* UIKit.framework in Frameworks */,
				CD55D6FD18C0879800222E8C /* Foundation.framework in Frameworks */,
			);
			runOnlyForDeploymentPostprocessing = 0;
		};
		CDD7408B18BFC0FA00F2306D /* Frameworks */ = {
			isa = PBXFrameworksBuildPhase;
			buildActionMask = 2147483647;
			files = (
				CDD7408F18BFC0FA00F2306D /* CoreFoundation.framework in Frameworks */,
			);
			runOnlyForDeploymentPostprocessing = 0;
		};
/* End PBXFrameworksBuildPhase section */

/* Begin PBXGroup section */
		80F370531993F79F000522F7 /* canvas2d */ = {
			isa = PBXGroup;
			children = (
				80F370541993F7EF000522F7 /* SLT2DAssetInstance.h */,
				80F370551993F7EF000522F7 /* SLT2DAssetInstance.m */,
				80F370571994035C000522F7 /* SLT2DAssetState.h */,
				80F370581994035C000522F7 /* SLT2DAssetState.m */,
				80F3705A19940657000522F7 /* SLT2DBoard.h */,
				80F3705B19940657000522F7 /* SLT2DBoard.m */,
				80F3705D1994099B000522F7 /* SLT2DBoardLayer.h */,
				80F3705E1994099B000522F7 /* SLT2DBoardLayer.m */,
			);
			path = canvas2d;
			sourceTree = "<group>";
		};
		982C55E319714C5100DC99B1 /* game */ = {
			isa = PBXGroup;
			children = (
				80F370531993F79F000522F7 /* canvas2d */,
				982C55ED19714CC200DC99B1 /* matching */,
				982C55E419714C5100DC99B1 /* SLTAsset.h */,
				982C55E519714C5100DC99B1 /* SLTAsset.m */,
				982C55E619714C5100DC99B1 /* SLTAssetInstance.h */,
				982C55E719714C5100DC99B1 /* SLTAssetInstance.m */,
				982C55E819714C5100DC99B1 /* SLTAssetState.h */,
				982C55E919714C5100DC99B1 /* SLTAssetState.m */,
				98D715BE1972772E00502350 /* SLTBoard.h */,
				98D715BF1972772E00502350 /* SLTBoard.m */,
				98D715C119727CD600502350 /* SLTBoardLayer.h */,
				98D715C219727CD600502350 /* SLTBoardLayer.m */,
				982C55F719719F1E00DC99B1 /* SLTLevel.h */,
				982C55F819719F1E00DC99B1 /* SLTLevel.m */,
				98D715C41972849500502350 /* SLTLevelPack.h */,
				98D715C51972849500502350 /* SLTLevelPack.m */,
				982C55F1197166F100DC99B1 /* SLTLevelParser.h */,
				982C55F2197166F100DC99B1 /* SLTLevelParser.m */,
			);
			path = game;
			sourceTree = "<group>";
		};
		982C55ED19714CC200DC99B1 /* matching */ = {
			isa = PBXGroup;
			children = (
				982C55EE19714CC200DC99B1 /* SLTCell.h */,
				982C55EF19714CC200DC99B1 /* SLTCell.m */,
				98D715C7197291D100502350 /* SLTCells.h */,
				98D715C8197291D100502350 /* SLTCells.m */,
				98D715CA1972A1A600502350 /* SLTCellsIterator.h */,
				98D715CB1972A1A600502350 /* SLTCellsIterator.m */,
				989CC4CF197458FC008DC08F /* SLTChunk.h */,
				989CC4D0197458FC008DC08F /* SLTChunk.m */,
				989CC4D519746A04008DC08F /* SLTChunkAssetRule.h */,
				989CC4D619746A04008DC08F /* SLTChunkAssetRule.m */,
				989CC4D819746CCB008DC08F /* SLTMatchingBoard.h */,
				989CC4D919746CCB008DC08F /* SLTMatchingBoard.m */,
				989CC4D219745F82008DC08F /* SLTMatchingBoardLayer.h */,
				989CC4D319745F82008DC08F /* SLTMatchingBoardLayer.m */,
			);
			path = matching;
			sourceTree = "<group>";
		};
		CA1FC1EE18B3B8D600E92A06 = {
			isa = PBXGroup;
			children = (
				CA1FC1FC18B3B8D600E92A06 /* Saltr */,
				CA1FC21018B3B8D600E92A06 /* SaltrTests */,
				CDD7409018BFC0FA00F2306D /* SaltrResource */,
				CD55D6E018C0879800222E8C /* SaltrTestApp */,
				CD55D70118C0879800222E8C /* SaltrTestAppTests */,
				CA1FC1F918B3B8D600E92A06 /* Frameworks */,
				CA1FC1F818B3B8D600E92A06 /* Products */,
			);
			sourceTree = "<group>";
		};
		CA1FC1F818B3B8D600E92A06 /* Products */ = {
			isa = PBXGroup;
			children = (
				CA1FC1F718B3B8D600E92A06 /* libSaltr.a */,
				CA1FC20718B3B8D600E92A06 /* SaltrTests.xctest */,
				CDD7408E18BFC0FA00F2306D /* Saltr.bundle */,
				CD55D6DC18C0879800222E8C /* SaltrTestApp.app */,
				CD55D6FB18C0879800222E8C /* SaltrTestAppTests.xctest */,
			);
			name = Products;
			sourceTree = "<group>";
		};
		CA1FC1F918B3B8D600E92A06 /* Frameworks */ = {
			isa = PBXGroup;
			children = (
				CA1FC1FA18B3B8D600E92A06 /* Foundation.framework */,
				CA1FC20818B3B8D600E92A06 /* XCTest.framework */,
				CA1FC20B18B3B8D600E92A06 /* UIKit.framework */,
				CD095F7B18BF7E4B00E38369 /* CoreFoundation.framework */,
				CDD7406118BFC02800F2306D /* CoreGraphics.framework */,
			);
			name = Frameworks;
			sourceTree = "<group>";
		};
		CA1FC1FC18B3B8D600E92A06 /* Saltr */ = {
			isa = PBXGroup;
			children = (
				982C55E319714C5100DC99B1 /* game */,
				CD095F8718BF7E6100E38369 /* testdata */,
				CA1FC24118B3C3C300E92A06 /* resource */,
				CA1FC24018B3C3A300E92A06 /* repository */,
				CD05F8C318C4D7F700CB782C /* private */,
				CA1FC1FD18B3B8D600E92A06 /* Supporting Files */,
				CA9DAB3A18B6A330005CCCAA /* SLTConfig.h */,
				CA1FC22A18B3C33200E92A06 /* SLTDeserializer.h */,
				CA1FC22B18B3C33200E92A06 /* SLTDeserializer.m */,
				CA1FC22D18B3C34100E92A06 /* SLTDevice.h */,
				CA1FC22E18B3C34100E92A06 /* SLTDevice.m */,
				CA1FC23018B3C35000E92A06 /* SLTExperiment.h */,
				CA1FC23118B3C35000E92A06 /* SLTExperiment.m */,
				CA1FC23318B3C36100E92A06 /* SLTFeature.h */,
				CA1FC23418B3C36100E92A06 /* SLTFeature.m */,
				CA1FC23C18B3C39400E92A06 /* SLTPartner.h */,
				CA1FC23D18B3C39400E92A06 /* SLTPartner.m */,
				CA1FC1FF18B3B8D600E92A06 /* SLTSaltr.h */,
				CA1FC20118B3B8D600E92A06 /* SLTSaltr.m */,
				CDB4A02E18DC6D3800AF22BC /* SLTError.h */,
				CDB4A02F18DC6D3800AF22BC /* SLTError.m */,
				8016D48A19916B50006943F5 /* SLTBasicProperties.h */,
				8016D48B19916B50006943F5 /* SLTBasicProperties.m */,
			);
			path = Saltr;
			sourceTree = "<group>";
		};
		CA1FC1FD18B3B8D600E92A06 /* Supporting Files */ = {
			isa = PBXGroup;
			children = (
				CA1FC1FE18B3B8D600E92A06 /* Saltr-Prefix.pch */,
			);
			name = "Supporting Files";
			sourceTree = "<group>";
		};
		CA1FC21018B3B8D600E92A06 /* SaltrTests */ = {
			isa = PBXGroup;
			children = (
				CD774F1118CE2A8D0021B4B0 /* SLTAssetTests.m */,
				CDE3272518CF018D00710120 /* SLTAssetInstanceTests.m */,
				CDF821B518CF2D2F0054744C /* SLTCellTests.m */,
				CD3F128218D037C300C8DAF0 /* SLTCellMatrixTests.m */,
				CD3F128118D037C300C8DAF0 /* SLTCellMatrixIteratorTests.m */,
				CDB6BF3518D1934F00C0D140 /* SLTChunkTests.m */,
				CDB6BF3718D1A78800C0D140 /* SLTChunkAssetInfoTests.m */,
				CDB6BF3D18D2071800C0D140 /* SLTCompositeAssetTests.m */,
				CDB6BF3E18D2071800C0D140 /* SLTCompositeInfoTests.m */,
				CDB6BF3F18D2071800C0D140 /* SLTCompositeInstanceTests.m */,
				CAA0C61618BCB8B9007B2B69 /* SLTLevelTests.m */,
				CAA0C61218BCB871007B2B69 /* SLTLevelBoardTests.m */,
				CDE80AD518C0CB5A004A9C1E /* SLTLevelBoardParserTests.m */,
				CAA0C61418BCB89A007B2B69 /* SLTLevelPackTests.m */,
				CDF821B718CF35940054744C /* SLTLevelSettingsTests.m */,
				CAA0C61818BCB8DE007B2B69 /* SLTPartnerTests.m */,
				CAA0C60C18BCB821007B2B69 /* SLTDeviceTests.m */,
				CA9D917418C666A2002831DF /* SLTResourceURLTicketTests.m */,
				CDE80AD118C09CC1004A9C1E /* SLTRepositoryTests.m */,
				CAA0C61018BCB851007B2B69 /* SLTFeatureTests.m */,
				CAA0C60E18BCB836007B2B69 /* SLTExperimentTests.m */,
				CAA0C60A18BCB7FE007B2B69 /* SLTDeserializerTests.m */,
				CDB4A03318DC731700AF22BC /* SLTErrorTests.m */,
				CA1FC21618B3B8D600E92A06 /* SLTSaltrTests.m */,
				CA1FC21118B3B8D600E92A06 /* Supporting Files */,
			);
			path = SaltrTests;
			sourceTree = "<group>";
		};
		CA1FC21118B3B8D600E92A06 /* Supporting Files */ = {
			isa = PBXGroup;
			children = (
				CA1FC21218B3B8D600E92A06 /* SaltrTests-Info.plist */,
				CA1FC21318B3B8D600E92A06 /* InfoPlist.strings */,
			);
			name = "Supporting Files";
			sourceTree = "<group>";
		};
		CA1FC24018B3C3A300E92A06 /* repository */ = {
			isa = PBXGroup;
			children = (
				CDACAC1618E0A12900021EFA /* SLTRepository.h */,
				CDACAC1718E0A12900021EFA /* SLTRepository.m */,
			);
			path = repository;
			sourceTree = "<group>";
		};
		CA1FC24118B3C3C300E92A06 /* resource */ = {
			isa = PBXGroup;
			children = (
				CDACAC1018E0A10700021EFA /* SLTResource.h */,
				CDACAC1118E0A10700021EFA /* SLTResource.m */,
				CDACAC1218E0A10700021EFA /* SLTResourceURLTicket.h */,
				CDACAC1318E0A10700021EFA /* SLTResourceURLTicket.m */,
			);
			path = resource;
			sourceTree = "<group>";
		};
		CD05F8C318C4D7F700CB782C /* private */ = {
			isa = PBXGroup;
			children = (
				CD774F1018C9B8DA0021B4B0 /* SLTCell_Private.h */,
			);
			path = private;
			sourceTree = "<group>";
		};
		CD095F8718BF7E6100E38369 /* testdata */ = {
			isa = PBXGroup;
			children = (
				CD095F8C18BF7E9600E38369 /* appdata.json */,
				CD095F8D18BF7E9600E38369 /* level.json */,
			);
			path = testdata;
			sourceTree = "<group>";
		};
		CD55D6E018C0879800222E8C /* SaltrTestApp */ = {
			isa = PBXGroup;
			children = (
				CAB489F218D8A9E900CC9054 /* saltr */,
				CD55D6E918C0879800222E8C /* SLTAppDelegate.h */,
				CD55D6EA18C0879800222E8C /* SLTAppDelegate.m */,
				CD55D6EC18C0879800222E8C /* Main_iPhone.storyboard */,
				CD55D6EF18C0879800222E8C /* Main_iPad.storyboard */,
				CD55D6F218C0879800222E8C /* ViewController.h */,
				CD55D6F318C0879800222E8C /* ViewController.m */,
				CD55D6F518C0879800222E8C /* Images.xcassets */,
				CD55D6E118C0879800222E8C /* Supporting Files */,
			);
			path = SaltrTestApp;
			sourceTree = "<group>";
		};
		CD55D6E118C0879800222E8C /* Supporting Files */ = {
			isa = PBXGroup;
			children = (
				CD55D6E218C0879800222E8C /* SaltrTestApp-Info.plist */,
				CD55D6E318C0879800222E8C /* InfoPlist.strings */,
				CD55D6E618C0879800222E8C /* main.m */,
				CD55D6E818C0879800222E8C /* SaltrTestApp-Prefix.pch */,
			);
			name = "Supporting Files";
			sourceTree = "<group>";
		};
		CD55D70118C0879800222E8C /* SaltrTestAppTests */ = {
			isa = PBXGroup;
			children = (
				CD55D70718C0879800222E8C /* SaltrTestAppTests.m */,
				CD55D70218C0879800222E8C /* Supporting Files */,
			);
			path = SaltrTestAppTests;
			sourceTree = "<group>";
		};
		CD55D70218C0879800222E8C /* Supporting Files */ = {
			isa = PBXGroup;
			children = (
				CD55D70318C0879800222E8C /* SaltrTestAppTests-Info.plist */,
				CD55D70418C0879800222E8C /* InfoPlist.strings */,
			);
			name = "Supporting Files";
			sourceTree = "<group>";
		};
		CDD7409018BFC0FA00F2306D /* SaltrResource */ = {
			isa = PBXGroup;
			children = (
				CDD7409118BFC0FA00F2306D /* Supporting Files */,
			);
			path = SaltrResource;
			sourceTree = "<group>";
		};
		CDD7409118BFC0FA00F2306D /* Supporting Files */ = {
			isa = PBXGroup;
			children = (
				CDD7409218BFC0FA00F2306D /* SaltrResource-Info.plist */,
				CDD7409318BFC0FA00F2306D /* InfoPlist.strings */,
				CDD7409618BFC0FA00F2306D /* SaltrResource-Prefix.pch */,
			);
			name = "Supporting Files";
			sourceTree = "<group>";
		};
/* End PBXGroup section */

/* Begin PBXNativeTarget section */
		CA1FC1F618B3B8D600E92A06 /* Saltr */ = {
			isa = PBXNativeTarget;
			buildConfigurationList = CA1FC21A18B3B8D600E92A06 /* Build configuration list for PBXNativeTarget "Saltr" */;
			buildPhases = (
				CA1FC1F318B3B8D600E92A06 /* Sources */,
				CA1FC1F418B3B8D600E92A06 /* Frameworks */,
				CA1FC1F518B3B8D600E92A06 /* CopyFiles */,
				CAA0C60918BBE059007B2B69 /* Run Script */,
			);
			buildRules = (
			);
			dependencies = (
			);
			name = Saltr;
			productName = Saltr;
			productReference = CA1FC1F718B3B8D600E92A06 /* libSaltr.a */;
			productType = "com.apple.product-type.library.static";
		};
		CA1FC20618B3B8D600E92A06 /* SaltrTests */ = {
			isa = PBXNativeTarget;
			buildConfigurationList = CA1FC21D18B3B8D600E92A06 /* Build configuration list for PBXNativeTarget "SaltrTests" */;
			buildPhases = (
				CA1FC20318B3B8D600E92A06 /* Sources */,
				CA1FC20418B3B8D600E92A06 /* Frameworks */,
				CA1FC20518B3B8D600E92A06 /* Resources */,
			);
			buildRules = (
			);
			dependencies = (
				CA1FC20E18B3B8D600E92A06 /* PBXTargetDependency */,
			);
			name = SaltrTests;
			productName = SaltrTests;
			productReference = CA1FC20718B3B8D600E92A06 /* SaltrTests.xctest */;
			productType = "com.apple.product-type.bundle.unit-test";
		};
		CD55D6DB18C0879800222E8C /* SaltrTestApp */ = {
			isa = PBXNativeTarget;
			buildConfigurationList = CD55D70918C0879900222E8C /* Build configuration list for PBXNativeTarget "SaltrTestApp" */;
			buildPhases = (
				CD55D6D818C0879800222E8C /* Sources */,
				CD55D6DA18C0879800222E8C /* Resources */,
				CD55D6D918C0879800222E8C /* Frameworks */,
			);
			buildRules = (
			);
			dependencies = (
				CDE80ACE18C08849004A9C1E /* PBXTargetDependency */,
				CDE80AD018C08849004A9C1E /* PBXTargetDependency */,
			);
			name = SaltrTestApp;
			productName = SaltrTestApp;
			productReference = CD55D6DC18C0879800222E8C /* SaltrTestApp.app */;
			productType = "com.apple.product-type.application";
		};
		CD55D6FA18C0879800222E8C /* SaltrTestAppTests */ = {
			isa = PBXNativeTarget;
			buildConfigurationList = CD55D70C18C0879900222E8C /* Build configuration list for PBXNativeTarget "SaltrTestAppTests" */;
			buildPhases = (
				CD55D6F718C0879800222E8C /* Sources */,
				CD55D6F818C0879800222E8C /* Frameworks */,
				CD55D6F918C0879800222E8C /* Resources */,
			);
			buildRules = (
			);
			dependencies = (
				CD55D70018C0879800222E8C /* PBXTargetDependency */,
			);
			name = SaltrTestAppTests;
			productName = SaltrTestAppTests;
			productReference = CD55D6FB18C0879800222E8C /* SaltrTestAppTests.xctest */;
			productType = "com.apple.product-type.bundle.unit-test";
		};
		CDD7408D18BFC0FA00F2306D /* SaltrResource */ = {
			isa = PBXNativeTarget;
			buildConfigurationList = CDD7409718BFC0FA00F2306D /* Build configuration list for PBXNativeTarget "SaltrResource" */;
			buildPhases = (
				CDD7408A18BFC0FA00F2306D /* Sources */,
				CDD7408B18BFC0FA00F2306D /* Frameworks */,
				CDD7408C18BFC0FA00F2306D /* Resources */,
			);
			buildRules = (
			);
			dependencies = (
			);
			name = SaltrResource;
			productName = SaltrResource;
			productReference = CDD7408E18BFC0FA00F2306D /* Saltr.bundle */;
			productType = "com.apple.product-type.bundle";
		};
/* End PBXNativeTarget section */

/* Begin PBXProject section */
		CA1FC1EF18B3B8D600E92A06 /* Project object */ = {
			isa = PBXProject;
			attributes = {
				CLASSPREFIX = SLT;
				LastUpgradeCheck = 0500;
				ORGANIZATIONNAME = Plexonic;
				TargetAttributes = {
					CA1FC20618B3B8D600E92A06 = {
						TestTargetID = CD55D6DB18C0879800222E8C;
					};
					CD55D6FA18C0879800222E8C = {
						TestTargetID = CD55D6DB18C0879800222E8C;
					};
				};
			};
			buildConfigurationList = CA1FC1F218B3B8D600E92A06 /* Build configuration list for PBXProject "Saltr" */;
			compatibilityVersion = "Xcode 3.2";
			developmentRegion = English;
			hasScannedForEncodings = 0;
			knownRegions = (
				en,
				Base,
			);
			mainGroup = CA1FC1EE18B3B8D600E92A06;
			productRefGroup = CA1FC1F818B3B8D600E92A06 /* Products */;
			projectDirPath = "";
			projectRoot = "";
			targets = (
				CA1FC1F618B3B8D600E92A06 /* Saltr */,
				CA1FC20618B3B8D600E92A06 /* SaltrTests */,
				CDD7408D18BFC0FA00F2306D /* SaltrResource */,
				CD55D6DB18C0879800222E8C /* SaltrTestApp */,
				CD55D6FA18C0879800222E8C /* SaltrTestAppTests */,
			);
		};
/* End PBXProject section */

/* Begin PBXResourcesBuildPhase section */
		CA1FC20518B3B8D600E92A06 /* Resources */ = {
			isa = PBXResourcesBuildPhase;
			buildActionMask = 2147483647;
			files = (
				CA1FC21518B3B8D600E92A06 /* InfoPlist.strings in Resources */,
			);
			runOnlyForDeploymentPostprocessing = 0;
		};
		CD55D6DA18C0879800222E8C /* Resources */ = {
			isa = PBXResourcesBuildPhase;
			buildActionMask = 2147483647;
			files = (
				CDE80ACB18C0883A004A9C1E /* Saltr.bundle in Resources */,
				CD55D6F118C0879800222E8C /* Main_iPad.storyboard in Resources */,
				CD55D6F618C0879800222E8C /* Images.xcassets in Resources */,
				CD55D6EE18C0879800222E8C /* Main_iPhone.storyboard in Resources */,
				CD55D6E518C0879800222E8C /* InfoPlist.strings in Resources */,
			);
			runOnlyForDeploymentPostprocessing = 0;
		};
		CD55D6F918C0879800222E8C /* Resources */ = {
			isa = PBXResourcesBuildPhase;
			buildActionMask = 2147483647;
			files = (
				CD55D70618C0879800222E8C /* InfoPlist.strings in Resources */,
			);
			runOnlyForDeploymentPostprocessing = 0;
		};
		CDD7408C18BFC0FA00F2306D /* Resources */ = {
			isa = PBXResourcesBuildPhase;
			buildActionMask = 2147483647;
			files = (
				CAB489F318D8A9E900CC9054 /* saltr in Resources */,
				CDD7409A18BFC11600F2306D /* appdata.json in Resources */,
				CDD7409B18BFC11600F2306D /* level.json in Resources */,
				CDD7409518BFC0FA00F2306D /* InfoPlist.strings in Resources */,
			);
			runOnlyForDeploymentPostprocessing = 0;
		};
/* End PBXResourcesBuildPhase section */

/* Begin PBXShellScriptBuildPhase section */
		CAA0C60918BBE059007B2B69 /* Run Script */ = {
			isa = PBXShellScriptBuildPhase;
			buildActionMask = 12;
			files = (
			);
			inputPaths = (
			);
			name = "Run Script";
			outputPaths = (
			);
			runOnlyForDeploymentPostprocessing = 0;
			shellPath = /bin/sh;
			shellScript = "#  Build the doxygen documentation for the project and load the docset into Xcode.\n\n#  Use the following to adjust the value of the $DOXYGEN_PATH User-Defined Setting:\n#    Binary install location: /Applications/Doxygen.app/Contents/Resources/doxygen\n#    Source build install location: /usr/local/bin/doxygen\n\n#  If the config file doesn't exist, run 'doxygen -g $SOURCE_ROOT/doxygen.config' to\n#   a get default file.\n\nif ! [ -f $SOURCE_ROOT/doxygen.config ]\nthen\necho doxygen config file does not exist\n$DOXYGEN_PATH -g $SOURCE_ROOT/doxygen.config\nfi\n\n#  Append the proper input/output directories and docset info to the config file.\n#  This works even though values are assigned higher up in the file. Easier than sed.\n\ncp $SOURCE_ROOT/doxygen.config $TEMP_DIR/doxygen.config\n\necho \"INPUT = $SOURCE_ROOT\" >> $TEMP_DIR/doxygen.config\necho \"OUTPUT_DIRECTORY = $SOURCE_ROOT/DoxygenDocs.docset\" >> $TEMP_DIR/doxygen.config\necho \"GENERATE_DOCSET        = YES\" >> $TEMP_DIR/doxygen.config\necho \"DOCSET_BUNDLE_ID       = com.mycompany.DoxygenExample\" >> $TEMP_DIR/doxygen.config\n\n#  Run doxygen on the updated config file.\n#  Note: doxygen creates a Makefile that does most of the heavy lifting.\n\n$DOXYGEN_PATH \"$TEMP_DIR/doxygen.config\"\n\n# Update \"XCODE_INSTALL\" variable\ncat DoxygenDocs.docset/html/Makefile | sed  's/XCODE_INSTALL=$(shell xcode-select -print-path)/XCODE_INSTALL=\"$(shell xcode-select -print-path)\"/g' > DoxygenDocs.docset/html/Make\nmv DoxygenDocs.docset/html/Make DoxygenDocs.docset/html/Makefile\n\n#  make will invoke docsetutil. Take a look at the Makefile to see how this is done.\n\nmake -C $SOURCE_ROOT/DoxygenDocs.docset/html install\n\n\necho $SOURCE_ROOT/DoxygenDocs.docset/html/Makefile\n\n#  Construct a temporary applescript file to tell Xcode to load a docset.\n\nrm -f \"$TEMP_DIR/loadDocSet.scpt\"\n\n#echo \"tell application \\\"Xcode 2\\\"\" >> \"$TEMP_DIR/loadDocSet.scpt\"\n#echo \"load documentation set with path \\\"/Users/$USER/Library/Developer/Shared/Documentation/DocSets/\\\"\" >> \"$TEMP_DIR/loadDocSet.scpt\"\n#echo \"end tell\" >> \"$TEMP_DIR/loadDocSet.scpt\"\n\n\n#  Run the load-docset applescript command.\n\n#osascript \"$TEMP_DIR/loadDocSet.scpt\"\n\n#osascript -e \"tell application \\\"Xcode\\\"\" -e \"load documentation set with path \\\"/Users/employee/Library/Developer/Shared/Documentation/DocSets/com.mycompany.DoxygenExample.docset/\\\"\" -e \"end tell\"\n\nexit 0\n";
			showEnvVarsInLog = 0;
		};
/* End PBXShellScriptBuildPhase section */

/* Begin PBXSourcesBuildPhase section */
		CA1FC1F318B3B8D600E92A06 /* Sources */ = {
			isa = PBXSourcesBuildPhase;
			buildActionMask = 2147483647;
			files = (
				982C55F3197166F100DC99B1 /* SLTLevelParser.m in Sources */,
				CA1FC23218B3C35000E92A06 /* SLTExperiment.m in Sources */,
				982C55EB19714C5100DC99B1 /* SLTAssetInstance.m in Sources */,
				989CC4D719746A04008DC08F /* SLTChunkAssetRule.m in Sources */,
				CDB4A03018DC6D3800AF22BC /* SLTError.m in Sources */,
				CA1FC22C18B3C33200E92A06 /* SLTDeserializer.m in Sources */,
				80F370591994035C000522F7 /* SLT2DAssetState.m in Sources */,
				80F3705C19940657000522F7 /* SLT2DBoard.m in Sources */,
				982C55F019714CC200DC99B1 /* SLTCell.m in Sources */,
				CA1FC23518B3C36100E92A06 /* SLTFeature.m in Sources */,
				98D715C9197291D100502350 /* SLTCells.m in Sources */,
				989CC4D419745F82008DC08F /* SLTMatchingBoardLayer.m in Sources */,
				80F3705F1994099B000522F7 /* SLT2DBoardLayer.m in Sources */,
				CA1FC23E18B3C39400E92A06 /* SLTPartner.m in Sources */,
				982C55EA19714C5100DC99B1 /* SLTAsset.m in Sources */,
				98D715C01972772E00502350 /* SLTBoard.m in Sources */,
				CA1FC20218B3B8D600E92A06 /* SLTSaltr.m in Sources */,
				CDACAC1818E0A12900021EFA /* SLTRepository.m in Sources */,
				98D715C61972849500502350 /* SLTLevelPack.m in Sources */,
				98D715C319727CD600502350 /* SLTBoardLayer.m in Sources */,
				982C55EC19714C5100DC99B1 /* SLTAssetState.m in Sources */,
				CA1FC22F18B3C34100E92A06 /* SLTDevice.m in Sources */,
				989CC4DA19746CCB008DC08F /* SLTMatchingBoard.m in Sources */,
				CDACAC1518E0A10700021EFA /* SLTResourceURLTicket.m in Sources */,
				8016D48C19916B50006943F5 /* SLTBasicProperties.m in Sources */,
				989CC4D1197458FC008DC08F /* SLTChunk.m in Sources */,
				98D715CC1972A1A600502350 /* SLTCellsIterator.m in Sources */,
				80F370561993F7EF000522F7 /* SLT2DAssetInstance.m in Sources */,
				CDACAC1418E0A10700021EFA /* SLTResource.m in Sources */,
				982C55F919719F1E00DC99B1 /* SLTLevel.m in Sources */,
			);
			runOnlyForDeploymentPostprocessing = 0;
		};
		CA1FC20318B3B8D600E92A06 /* Sources */ = {
			isa = PBXSourcesBuildPhase;
			buildActionMask = 2147483647;
			files = (
				CD774F1218CE2A8D0021B4B0 /* SLTAssetTests.m in Sources */,
				CDF821B818CF35940054744C /* SLTLevelSettingsTests.m in Sources */,
				CDB4A03418DC731700AF22BC /* SLTErrorTests.m in Sources */,
				CD3F128318D037C300C8DAF0 /* SLTCellMatrixIteratorTests.m in Sources */,
				CAA0C61918BCB8DE007B2B69 /* SLTPartnerTests.m in Sources */,
				CAA0C61518BCB89A007B2B69 /* SLTLevelPackTests.m in Sources */,
				CAA0C60F18BCB836007B2B69 /* SLTExperimentTests.m in Sources */,
				CDE80AD218C09CC1004A9C1E /* SLTRepositoryTests.m in Sources */,
				CAA0C61318BCB871007B2B69 /* SLTLevelBoardTests.m in Sources */,
				CAA0C60B18BCB7FE007B2B69 /* SLTDeserializerTests.m in Sources */,
				CDF821B618CF2D2F0054744C /* SLTCellTests.m in Sources */,
				CDB6BF3618D1934F00C0D140 /* SLTChunkTests.m in Sources */,
				CAA0C61718BCB8B9007B2B69 /* SLTLevelTests.m in Sources */,
				CDE80AD618C0CB5A004A9C1E /* SLTLevelBoardParserTests.m in Sources */,
				CA1FC21718B3B8D600E92A06 /* SLTSaltrTests.m in Sources */,
				CDB6BF3818D1A78800C0D140 /* SLTChunkAssetInfoTests.m in Sources */,
				CDB6BF4018D2071800C0D140 /* SLTCompositeAssetTests.m in Sources */,
				CDB6BF4218D2071800C0D140 /* SLTCompositeInstanceTests.m in Sources */,
				CA9D917518C666A2002831DF /* SLTResourceURLTicketTests.m in Sources */,
				CD3F128418D037C300C8DAF0 /* SLTCellMatrixTests.m in Sources */,
				CAA0C60D18BCB821007B2B69 /* SLTDeviceTests.m in Sources */,
				CDB6BF4118D2071800C0D140 /* SLTCompositeInfoTests.m in Sources */,
				CAA0C61118BCB851007B2B69 /* SLTFeatureTests.m in Sources */,
				CDE3272618CF018D00710120 /* SLTAssetInstanceTests.m in Sources */,
			);
			runOnlyForDeploymentPostprocessing = 0;
		};
		CD55D6D818C0879800222E8C /* Sources */ = {
			isa = PBXSourcesBuildPhase;
			buildActionMask = 2147483647;
			files = (
				CD55D6E718C0879800222E8C /* main.m in Sources */,
				CD55D6F418C0879800222E8C /* ViewController.m in Sources */,
				CD55D6EB18C0879800222E8C /* SLTAppDelegate.m in Sources */,
			);
			runOnlyForDeploymentPostprocessing = 0;
		};
		CD55D6F718C0879800222E8C /* Sources */ = {
			isa = PBXSourcesBuildPhase;
			buildActionMask = 2147483647;
			files = (
				CD55D70F18C087C900222E8C /* SaltrTestAppTests.m in Sources */,
			);
			runOnlyForDeploymentPostprocessing = 0;
		};
		CDD7408A18BFC0FA00F2306D /* Sources */ = {
			isa = PBXSourcesBuildPhase;
			buildActionMask = 2147483647;
			files = (
			);
			runOnlyForDeploymentPostprocessing = 0;
		};
/* End PBXSourcesBuildPhase section */

/* Begin PBXTargetDependency section */
		CA1FC20E18B3B8D600E92A06 /* PBXTargetDependency */ = {
			isa = PBXTargetDependency;
			target = CA1FC1F618B3B8D600E92A06 /* Saltr */;
			targetProxy = CA1FC20D18B3B8D600E92A06 /* PBXContainerItemProxy */;
		};
		CD55D70018C0879800222E8C /* PBXTargetDependency */ = {
			isa = PBXTargetDependency;
			target = CD55D6DB18C0879800222E8C /* SaltrTestApp */;
			targetProxy = CD55D6FF18C0879800222E8C /* PBXContainerItemProxy */;
		};
		CDE80ACE18C08849004A9C1E /* PBXTargetDependency */ = {
			isa = PBXTargetDependency;
			target = CA1FC1F618B3B8D600E92A06 /* Saltr */;
			targetProxy = CDE80ACD18C08849004A9C1E /* PBXContainerItemProxy */;
		};
		CDE80AD018C08849004A9C1E /* PBXTargetDependency */ = {
			isa = PBXTargetDependency;
			target = CDD7408D18BFC0FA00F2306D /* SaltrResource */;
			targetProxy = CDE80ACF18C08849004A9C1E /* PBXContainerItemProxy */;
		};
/* End PBXTargetDependency section */

/* Begin PBXVariantGroup section */
		CA1FC21318B3B8D600E92A06 /* InfoPlist.strings */ = {
			isa = PBXVariantGroup;
			children = (
				CA1FC21418B3B8D600E92A06 /* en */,
			);
			name = InfoPlist.strings;
			sourceTree = "<group>";
		};
		CD55D6E318C0879800222E8C /* InfoPlist.strings */ = {
			isa = PBXVariantGroup;
			children = (
				CD55D6E418C0879800222E8C /* en */,
			);
			name = InfoPlist.strings;
			sourceTree = "<group>";
		};
		CD55D6EC18C0879800222E8C /* Main_iPhone.storyboard */ = {
			isa = PBXVariantGroup;
			children = (
				CD55D6ED18C0879800222E8C /* Base */,
			);
			name = Main_iPhone.storyboard;
			sourceTree = "<group>";
		};
		CD55D6EF18C0879800222E8C /* Main_iPad.storyboard */ = {
			isa = PBXVariantGroup;
			children = (
				CD55D6F018C0879800222E8C /* Base */,
			);
			name = Main_iPad.storyboard;
			sourceTree = "<group>";
		};
		CD55D70418C0879800222E8C /* InfoPlist.strings */ = {
			isa = PBXVariantGroup;
			children = (
				CD55D70518C0879800222E8C /* en */,
			);
			name = InfoPlist.strings;
			sourceTree = "<group>";
		};
		CDD7409318BFC0FA00F2306D /* InfoPlist.strings */ = {
			isa = PBXVariantGroup;
			children = (
				CDD7409418BFC0FA00F2306D /* en */,
			);
			name = InfoPlist.strings;
			sourceTree = "<group>";
		};
/* End PBXVariantGroup section */

/* Begin XCBuildConfiguration section */
		CA1FC21818B3B8D600E92A06 /* Debug */ = {
			isa = XCBuildConfiguration;
			buildSettings = {
				ALWAYS_SEARCH_USER_PATHS = NO;
				CLANG_CXX_LANGUAGE_STANDARD = "gnu++0x";
				CLANG_CXX_LIBRARY = "libc++";
				CLANG_ENABLE_MODULES = YES;
				CLANG_ENABLE_OBJC_ARC = YES;
				CLANG_WARN_BOOL_CONVERSION = YES;
				CLANG_WARN_CONSTANT_CONVERSION = YES;
				CLANG_WARN_DIRECT_OBJC_ISA_USAGE = YES_ERROR;
				CLANG_WARN_EMPTY_BODY = YES;
				CLANG_WARN_ENUM_CONVERSION = YES;
				CLANG_WARN_INT_CONVERSION = YES;
				CLANG_WARN_OBJC_ROOT_CLASS = YES_ERROR;
				CLANG_WARN__DUPLICATE_METHOD_MATCH = YES;
				COPY_PHASE_STRIP = NO;
				DOXYGEN_PATH = /Applications/Doxygen.app/Contents/Resources/doxygen;
				GCC_C_LANGUAGE_STANDARD = gnu99;
				GCC_DYNAMIC_NO_PIC = NO;
				GCC_OPTIMIZATION_LEVEL = 0;
				GCC_PREPROCESSOR_DEFINITIONS = (
					"DEBUG=1",
					"$(inherited)",
				);
				GCC_SYMBOLS_PRIVATE_EXTERN = NO;
				GCC_WARN_64_TO_32_BIT_CONVERSION = YES;
				GCC_WARN_ABOUT_RETURN_TYPE = YES_ERROR;
				GCC_WARN_UNDECLARED_SELECTOR = YES;
				GCC_WARN_UNINITIALIZED_AUTOS = YES;
				GCC_WARN_UNUSED_FUNCTION = YES;
				GCC_WARN_UNUSED_VARIABLE = YES;
				IPHONEOS_DEPLOYMENT_TARGET = 7.0;
				ONLY_ACTIVE_ARCH = YES;
				SDKROOT = iphoneos;
			};
			name = Debug;
		};
		CA1FC21918B3B8D600E92A06 /* Release */ = {
			isa = XCBuildConfiguration;
			buildSettings = {
				ALWAYS_SEARCH_USER_PATHS = NO;
				CLANG_CXX_LANGUAGE_STANDARD = "gnu++0x";
				CLANG_CXX_LIBRARY = "libc++";
				CLANG_ENABLE_MODULES = YES;
				CLANG_ENABLE_OBJC_ARC = YES;
				CLANG_WARN_BOOL_CONVERSION = YES;
				CLANG_WARN_CONSTANT_CONVERSION = YES;
				CLANG_WARN_DIRECT_OBJC_ISA_USAGE = YES_ERROR;
				CLANG_WARN_EMPTY_BODY = YES;
				CLANG_WARN_ENUM_CONVERSION = YES;
				CLANG_WARN_INT_CONVERSION = YES;
				CLANG_WARN_OBJC_ROOT_CLASS = YES_ERROR;
				CLANG_WARN__DUPLICATE_METHOD_MATCH = YES;
				COPY_PHASE_STRIP = YES;
				DOXYGEN_PATH = /Applications/Doxygen.app/Contents/Resources/doxygen;
				ENABLE_NS_ASSERTIONS = NO;
				GCC_C_LANGUAGE_STANDARD = gnu99;
				GCC_WARN_64_TO_32_BIT_CONVERSION = YES;
				GCC_WARN_ABOUT_RETURN_TYPE = YES_ERROR;
				GCC_WARN_UNDECLARED_SELECTOR = YES;
				GCC_WARN_UNINITIALIZED_AUTOS = YES;
				GCC_WARN_UNUSED_FUNCTION = YES;
				GCC_WARN_UNUSED_VARIABLE = YES;
				IPHONEOS_DEPLOYMENT_TARGET = 7.0;
				SDKROOT = iphoneos;
				VALIDATE_PRODUCT = YES;
			};
			name = Release;
		};
		CA1FC21B18B3B8D600E92A06 /* Debug */ = {
			isa = XCBuildConfiguration;
			buildSettings = {
				CLANG_ANALYZER_SECURITY_FLOATLOOPCOUNTER = YES;
				DSTROOT = /tmp/saltr_ios_sdk.dst;
				GCC_PRECOMPILE_PREFIX_HEADER = YES;
				GCC_PREFIX_HEADER = "Saltr/Saltr-Prefix.pch";
				IPHONEOS_DEPLOYMENT_TARGET = 5.0;
				OTHER_LDFLAGS = "-ObjC";
				PRODUCT_NAME = Saltr;
				RUN_CLANG_STATIC_ANALYZER = YES;
				SKIP_INSTALL = YES;
				TARGETED_DEVICE_FAMILY = "1,2";
			};
			name = Debug;
		};
		CA1FC21C18B3B8D600E92A06 /* Release */ = {
			isa = XCBuildConfiguration;
			buildSettings = {
				CLANG_ANALYZER_SECURITY_FLOATLOOPCOUNTER = YES;
				DSTROOT = /tmp/saltr_ios_sdk.dst;
				GCC_PRECOMPILE_PREFIX_HEADER = YES;
				GCC_PREFIX_HEADER = "Saltr/Saltr-Prefix.pch";
				IPHONEOS_DEPLOYMENT_TARGET = 5.0;
				OTHER_LDFLAGS = "-ObjC";
				PRODUCT_NAME = Saltr;
				RUN_CLANG_STATIC_ANALYZER = YES;
				SKIP_INSTALL = YES;
				TARGETED_DEVICE_FAMILY = "1,2";
			};
			name = Release;
		};
		CA1FC21E18B3B8D600E92A06 /* Debug */ = {
			isa = XCBuildConfiguration;
			buildSettings = {
				BUNDLE_LOADER = "$(BUILT_PRODUCTS_DIR)/SaltrTestApp.app/SaltrTestApp";
				FRAMEWORK_SEARCH_PATHS = (
					"$(SDKROOT)/Developer/Library/Frameworks",
					"$(inherited)",
					"$(DEVELOPER_FRAMEWORKS_DIR)",
				);
				GCC_PRECOMPILE_PREFIX_HEADER = YES;
				GCC_PREFIX_HEADER = "Saltr/Saltr-Prefix.pch";
				GCC_PREPROCESSOR_DEFINITIONS = (
					"DEBUG=1",
					"$(inherited)",
				);
				INFOPLIST_FILE = "SaltrTests/SaltrTests-Info.plist";
				PRODUCT_NAME = SaltrTests;
				TEST_HOST = "$(BUNDLE_LOADER)";
				WRAPPER_EXTENSION = xctest;
			};
			name = Debug;
		};
		CA1FC21F18B3B8D600E92A06 /* Release */ = {
			isa = XCBuildConfiguration;
			buildSettings = {
				BUNDLE_LOADER = "$(BUILT_PRODUCTS_DIR)/SaltrTestApp.app/SaltrTestApp";
				FRAMEWORK_SEARCH_PATHS = (
					"$(SDKROOT)/Developer/Library/Frameworks",
					"$(inherited)",
					"$(DEVELOPER_FRAMEWORKS_DIR)",
				);
				GCC_PRECOMPILE_PREFIX_HEADER = YES;
				GCC_PREFIX_HEADER = "Saltr/Saltr-Prefix.pch";
				INFOPLIST_FILE = "SaltrTests/SaltrTests-Info.plist";
				PRODUCT_NAME = SaltrTests;
				TEST_HOST = "$(BUNDLE_LOADER)";
				WRAPPER_EXTENSION = xctest;
			};
			name = Release;
		};
		CD55D70A18C0879900222E8C /* Debug */ = {
			isa = XCBuildConfiguration;
			buildSettings = {
				ASSETCATALOG_COMPILER_APPICON_NAME = AppIcon;
				ASSETCATALOG_COMPILER_LAUNCHIMAGE_NAME = LaunchImage;
				"CODE_SIGN_IDENTITY[sdk=iphoneos*]" = "iPhone Developer: Instigate Mobile Team (42QU8UC5Z4)";
				FRAMEWORK_SEARCH_PATHS = (
					"$(inherited)",
					"$(DEVELOPER_FRAMEWORKS_DIR)",
				);
				GCC_PRECOMPILE_PREFIX_HEADER = YES;
				GCC_PREFIX_HEADER = "SaltrTestApp/SaltrTestApp-Prefix.pch";
				GCC_PREPROCESSOR_DEFINITIONS = (
					"DEBUG=1",
					"$(inherited)",
				);
				INFOPLIST_FILE = "SaltrTestApp/SaltrTestApp-Info.plist";
				PRODUCT_NAME = "$(TARGET_NAME)";
				TARGETED_DEVICE_FAMILY = "1,2";
				WRAPPER_EXTENSION = app;
			};
			name = Debug;
		};
		CD55D70B18C0879900222E8C /* Release */ = {
			isa = XCBuildConfiguration;
			buildSettings = {
				ASSETCATALOG_COMPILER_APPICON_NAME = AppIcon;
				ASSETCATALOG_COMPILER_LAUNCHIMAGE_NAME = LaunchImage;
				"CODE_SIGN_IDENTITY[sdk=iphoneos*]" = "iPhone Developer: Instigate Mobile Team (42QU8UC5Z4)";
				FRAMEWORK_SEARCH_PATHS = (
					"$(inherited)",
					"$(DEVELOPER_FRAMEWORKS_DIR)",
				);
				GCC_PRECOMPILE_PREFIX_HEADER = YES;
				GCC_PREFIX_HEADER = "SaltrTestApp/SaltrTestApp-Prefix.pch";
				INFOPLIST_FILE = "SaltrTestApp/SaltrTestApp-Info.plist";
				PRODUCT_NAME = "$(TARGET_NAME)";
				TARGETED_DEVICE_FAMILY = "1,2";
				WRAPPER_EXTENSION = app;
			};
			name = Release;
		};
		CD55D70D18C0879900222E8C /* Debug */ = {
			isa = XCBuildConfiguration;
			buildSettings = {
				BUNDLE_LOADER = "$(BUILT_PRODUCTS_DIR)/SaltrTestApp.app/SaltrTestApp";
				FRAMEWORK_SEARCH_PATHS = (
					"$(SDKROOT)/Developer/Library/Frameworks",
					"$(inherited)",
					"$(DEVELOPER_FRAMEWORKS_DIR)",
				);
				GCC_PRECOMPILE_PREFIX_HEADER = YES;
				GCC_PREFIX_HEADER = "SaltrTestApp/SaltrTestApp-Prefix.pch";
				GCC_PREPROCESSOR_DEFINITIONS = (
					"DEBUG=1",
					"$(inherited)",
				);
				INFOPLIST_FILE = "SaltrTestAppTests/SaltrTestAppTests-Info.plist";
				PRODUCT_NAME = "$(TARGET_NAME)";
				TEST_HOST = "$(BUNDLE_LOADER)";
				WRAPPER_EXTENSION = xctest;
			};
			name = Debug;
		};
		CD55D70E18C0879900222E8C /* Release */ = {
			isa = XCBuildConfiguration;
			buildSettings = {
				BUNDLE_LOADER = "$(BUILT_PRODUCTS_DIR)/SaltrTestApp.app/SaltrTestApp";
				FRAMEWORK_SEARCH_PATHS = (
					"$(SDKROOT)/Developer/Library/Frameworks",
					"$(inherited)",
					"$(DEVELOPER_FRAMEWORKS_DIR)",
				);
				GCC_PRECOMPILE_PREFIX_HEADER = YES;
				GCC_PREFIX_HEADER = "SaltrTestApp/SaltrTestApp-Prefix.pch";
				INFOPLIST_FILE = "SaltrTestAppTests/SaltrTestAppTests-Info.plist";
				PRODUCT_NAME = "$(TARGET_NAME)";
				TEST_HOST = "$(BUNDLE_LOADER)";
				WRAPPER_EXTENSION = xctest;
			};
			name = Release;
		};
		CDD7409818BFC0FA00F2306D /* Debug */ = {
			isa = XCBuildConfiguration;
			buildSettings = {
				CODE_SIGN_IDENTITY = "iPhone Developer: Instigate Mobile Team (42QU8UC5Z4)";
				COMBINE_HIDPI_IMAGES = NO;
				GCC_ENABLE_OBJC_EXCEPTIONS = YES;
				GCC_PRECOMPILE_PREFIX_HEADER = YES;
				GCC_PREFIX_HEADER = "SaltrResource/SaltrResource-Prefix.pch";
				GCC_PREPROCESSOR_DEFINITIONS = (
					"DEBUG=1",
					"$(inherited)",
				);
				INFOPLIST_FILE = "SaltrResource/SaltrResource-Info.plist";
				INSTALL_PATH = "$(LOCAL_LIBRARY_DIR)/Bundles";
				MACOSX_DEPLOYMENT_TARGET = 10.9;
				PRODUCT_NAME = Saltr;
				PROVISIONING_PROFILE = "6C2B6D9C-6636-4A6B-80A7-8AF9CF48D865";
				WRAPPER_EXTENSION = bundle;
			};
			name = Debug;
		};
		CDD7409918BFC0FA00F2306D /* Release */ = {
			isa = XCBuildConfiguration;
			buildSettings = {
				CODE_SIGN_IDENTITY = "iPhone Developer: Instigate Mobile Team (42QU8UC5Z4)";
				COMBINE_HIDPI_IMAGES = NO;
				DEBUG_INFORMATION_FORMAT = "dwarf-with-dsym";
				GCC_ENABLE_OBJC_EXCEPTIONS = YES;
				GCC_PRECOMPILE_PREFIX_HEADER = YES;
				GCC_PREFIX_HEADER = "SaltrResource/SaltrResource-Prefix.pch";
				INFOPLIST_FILE = "SaltrResource/SaltrResource-Info.plist";
				INSTALL_PATH = "$(LOCAL_LIBRARY_DIR)/Bundles";
				MACOSX_DEPLOYMENT_TARGET = 10.9;
				PRODUCT_NAME = Saltr;
				PROVISIONING_PROFILE = "6C2B6D9C-6636-4A6B-80A7-8AF9CF48D865";
				WRAPPER_EXTENSION = bundle;
			};
			name = Release;
		};
/* End XCBuildConfiguration section */

/* Begin XCConfigurationList section */
		CA1FC1F218B3B8D600E92A06 /* Build configuration list for PBXProject "Saltr" */ = {
			isa = XCConfigurationList;
			buildConfigurations = (
				CA1FC21818B3B8D600E92A06 /* Debug */,
				CA1FC21918B3B8D600E92A06 /* Release */,
			);
			defaultConfigurationIsVisible = 0;
			defaultConfigurationName = Release;
		};
		CA1FC21A18B3B8D600E92A06 /* Build configuration list for PBXNativeTarget "Saltr" */ = {
			isa = XCConfigurationList;
			buildConfigurations = (
				CA1FC21B18B3B8D600E92A06 /* Debug */,
				CA1FC21C18B3B8D600E92A06 /* Release */,
			);
			defaultConfigurationIsVisible = 0;
			defaultConfigurationName = Release;
		};
		CA1FC21D18B3B8D600E92A06 /* Build configuration list for PBXNativeTarget "SaltrTests" */ = {
			isa = XCConfigurationList;
			buildConfigurations = (
				CA1FC21E18B3B8D600E92A06 /* Debug */,
				CA1FC21F18B3B8D600E92A06 /* Release */,
			);
			defaultConfigurationIsVisible = 0;
			defaultConfigurationName = Release;
		};
		CD55D70918C0879900222E8C /* Build configuration list for PBXNativeTarget "SaltrTestApp" */ = {
			isa = XCConfigurationList;
			buildConfigurations = (
				CD55D70A18C0879900222E8C /* Debug */,
				CD55D70B18C0879900222E8C /* Release */,
			);
			defaultConfigurationIsVisible = 0;
			defaultConfigurationName = Release;
		};
		CD55D70C18C0879900222E8C /* Build configuration list for PBXNativeTarget "SaltrTestAppTests" */ = {
			isa = XCConfigurationList;
			buildConfigurations = (
				CD55D70D18C0879900222E8C /* Debug */,
				CD55D70E18C0879900222E8C /* Release */,
			);
			defaultConfigurationIsVisible = 0;
			defaultConfigurationName = Release;
		};
		CDD7409718BFC0FA00F2306D /* Build configuration list for PBXNativeTarget "SaltrResource" */ = {
			isa = XCConfigurationList;
			buildConfigurations = (
				CDD7409818BFC0FA00F2306D /* Debug */,
				CDD7409918BFC0FA00F2306D /* Release */,
			);
			defaultConfigurationIsVisible = 0;
			defaultConfigurationName = Release;
		};
/* End XCConfigurationList section */
	};
	rootObject = CA1FC1EF18B3B8D600E92A06 /* Project object */;
}
