// !$*UTF8*$!
{
	archiveVersion = 1;
	classes = {
	};
	objectVersion = 46;
	objects = {

/* Begin PBXBuildFile section */
		CA1FC1FB18B3B8D600E92A06 /* Foundation.framework in Frameworks */ = {isa = PBXBuildFile; fileRef = CA1FC1FA18B3B8D600E92A06 /* Foundation.framework */; };
		CA1FC20018B3B8D600E92A06 /* SLTSaltr.h in CopyFiles */ = {isa = PBXBuildFile; fileRef = CA1FC1FF18B3B8D600E92A06 /* SLTSaltr.h */; };
		CA1FC20218B3B8D600E92A06 /* SLTSaltr.m in Sources */ = {isa = PBXBuildFile; fileRef = CA1FC20118B3B8D600E92A06 /* SLTSaltr.m */; };
		CA1FC20918B3B8D600E92A06 /* XCTest.framework in Frameworks */ = {isa = PBXBuildFile; fileRef = CA1FC20818B3B8D600E92A06 /* XCTest.framework */; };
		CA1FC20A18B3B8D600E92A06 /* Foundation.framework in Frameworks */ = {isa = PBXBuildFile; fileRef = CA1FC1FA18B3B8D600E92A06 /* Foundation.framework */; };
		CA1FC20C18B3B8D600E92A06 /* UIKit.framework in Frameworks */ = {isa = PBXBuildFile; fileRef = CA1FC20B18B3B8D600E92A06 /* UIKit.framework */; };
		CA1FC20F18B3B8D600E92A06 /* libSaltr.a in Frameworks */ = {isa = PBXBuildFile; fileRef = CA1FC1F718B3B8D600E92A06 /* libSaltr.a */; };
		CA1FC21518B3B8D600E92A06 /* InfoPlist.strings in Resources */ = {isa = PBXBuildFile; fileRef = CA1FC21318B3B8D600E92A06 /* InfoPlist.strings */; };
		CA1FC21718B3B8D600E92A06 /* SaltrTests.m in Sources */ = {isa = PBXBuildFile; fileRef = CA1FC21618B3B8D600E92A06 /* SaltrTests.m */; };
		CA1FC22C18B3C33200E92A06 /* SLTDeserializer.m in Sources */ = {isa = PBXBuildFile; fileRef = CA1FC22B18B3C33200E92A06 /* SLTDeserializer.m */; };
		CA1FC22F18B3C34100E92A06 /* SLTDevice.m in Sources */ = {isa = PBXBuildFile; fileRef = CA1FC22E18B3C34100E92A06 /* SLTDevice.m */; };
		CA1FC23218B3C35000E92A06 /* SLTExperiment.m in Sources */ = {isa = PBXBuildFile; fileRef = CA1FC23118B3C35000E92A06 /* SLTExperiment.m */; };
		CA1FC23518B3C36100E92A06 /* SLTFeature.m in Sources */ = {isa = PBXBuildFile; fileRef = CA1FC23418B3C36100E92A06 /* SLTFeature.m */; };
		CA1FC23818B3C37300E92A06 /* SLTLevelPack.m in Sources */ = {isa = PBXBuildFile; fileRef = CA1FC23718B3C37300E92A06 /* SLTLevelPack.m */; };
		CA1FC23B18B3C38200E92A06 /* SLTLevel.m in Sources */ = {isa = PBXBuildFile; fileRef = CA1FC23A18B3C38200E92A06 /* SLTLevel.m */; };
		CA1FC23E18B3C39400E92A06 /* SLTPartner.m in Sources */ = {isa = PBXBuildFile; fileRef = CA1FC23D18B3C39400E92A06 /* SLTPartner.m */; };
		CA1FC24818B3C46000E92A06 /* SLTLevelBoardParser.m in Sources */ = {isa = PBXBuildFile; fileRef = CA1FC24718B3C46000E92A06 /* SLTLevelBoardParser.m */; };
		CA1FC24D18B3C4A800E92A06 /* SLTCellMatrix.m in Sources */ = {isa = PBXBuildFile; fileRef = CA1FC24C18B3C4A800E92A06 /* SLTCellMatrix.m */; };
		CA1FC25018B3C4C200E92A06 /* SLTCellMatrixIterator.m in Sources */ = {isa = PBXBuildFile; fileRef = CA1FC24F18B3C4C200E92A06 /* SLTCellMatrixIterator.m */; };
		CA1FC25618B3C53300E92A06 /* SLTAsset.m in Sources */ = {isa = PBXBuildFile; fileRef = CA1FC25518B3C53300E92A06 /* SLTAsset.m */; };
		CA1FC25918B3C54F00E92A06 /* SLTLevelSettings.m in Sources */ = {isa = PBXBuildFile; fileRef = CA1FC25818B3C54F00E92A06 /* SLTLevelSettings.m */; };
		CA1FC25C18B3C57000E92A06 /* SLTCell.m in Sources */ = {isa = PBXBuildFile; fileRef = CA1FC25B18B3C57000E92A06 /* SLTCell.m */; };
		CA1FC25F18B3C59700E92A06 /* SLTChunkAssetInfo.m in Sources */ = {isa = PBXBuildFile; fileRef = CA1FC25E18B3C59700E92A06 /* SLTChunkAssetInfo.m */; };
		CA1FC26218B3C5AE00E92A06 /* SLTChunk.m in Sources */ = {isa = PBXBuildFile; fileRef = CA1FC26118B3C5AE00E92A06 /* SLTChunk.m */; };
		CA1FC26518B3C5D900E92A06 /* SLTCompositeInfo.m in Sources */ = {isa = PBXBuildFile; fileRef = CA1FC26418B3C5D900E92A06 /* SLTCompositeInfo.m */; };
		CA1FC26818B3C5FA00E92A06 /* SLTCompositeInstance.m in Sources */ = {isa = PBXBuildFile; fileRef = CA1FC26718B3C5FA00E92A06 /* SLTCompositeInstance.m */; };
		CA1FC26B18B3C62500E92A06 /* SLTCompositeAsset.m in Sources */ = {isa = PBXBuildFile; fileRef = CA1FC26A18B3C62500E92A06 /* SLTCompositeAsset.m */; };
		CA1FC27718B3C6D100E92A06 /* SLTRepository.m in Sources */ = {isa = PBXBuildFile; fileRef = CA1FC27618B3C6D100E92A06 /* SLTRepository.m */; };
		CA1FC28018B3C70E00E92A06 /* SLTResource.m in Sources */ = {isa = PBXBuildFile; fileRef = CA1FC27F18B3C70E00E92A06 /* SLTResource.m */; };
		CA1FC28318B3C72200E92A06 /* SLTResourceURLTicket.m in Sources */ = {isa = PBXBuildFile; fileRef = CA1FC28218B3C72200E92A06 /* SLTResourceURLTicket.m */; };
		CA9D917518C666A2002831DF /* ResourceURLTicketTests.m in Sources */ = {isa = PBXBuildFile; fileRef = CA9D917418C666A2002831DF /* ResourceURLTicketTests.m */; };
		CA9DAB3D18B7846C005CCCAA /* SLTLevelBoard.m in Sources */ = {isa = PBXBuildFile; fileRef = CA9DAB3C18B7846C005CCCAA /* SLTLevelBoard.m */; };
		CAA0C60B18BCB7FE007B2B69 /* DeserializerTests.m in Sources */ = {isa = PBXBuildFile; fileRef = CAA0C60A18BCB7FE007B2B69 /* DeserializerTests.m */; };
		CAA0C60D18BCB821007B2B69 /* SLTDeviceTests.m in Sources */ = {isa = PBXBuildFile; fileRef = CAA0C60C18BCB821007B2B69 /* SLTDeviceTests.m */; };
		CAA0C60F18BCB836007B2B69 /* SLTExperimentTests.m in Sources */ = {isa = PBXBuildFile; fileRef = CAA0C60E18BCB836007B2B69 /* SLTExperimentTests.m */; };
		CAA0C61118BCB851007B2B69 /* SLTFeatureTests.m in Sources */ = {isa = PBXBuildFile; fileRef = CAA0C61018BCB851007B2B69 /* SLTFeatureTests.m */; };
		CAA0C61318BCB871007B2B69 /* SLTLevelBoardTests.m in Sources */ = {isa = PBXBuildFile; fileRef = CAA0C61218BCB871007B2B69 /* SLTLevelBoardTests.m */; };
		CAA0C61518BCB89A007B2B69 /* SLTLevelPackTests.m in Sources */ = {isa = PBXBuildFile; fileRef = CAA0C61418BCB89A007B2B69 /* SLTLevelPackTests.m */; };
		CAA0C61718BCB8B9007B2B69 /* SLTLevelTests.m in Sources */ = {isa = PBXBuildFile; fileRef = CAA0C61618BCB8B9007B2B69 /* SLTLevelTests.m */; };
		CAA0C61918BCB8DE007B2B69 /* PartnerTests.m in Sources */ = {isa = PBXBuildFile; fileRef = CAA0C61818BCB8DE007B2B69 /* PartnerTests.m */; };
		CAB489F318D8A9E900CC9054 /* saltr in Resources */ = {isa = PBXBuildFile; fileRef = CAB489F218D8A9E900CC9054 /* saltr */; };
		CAA0C61918BCB8DE007B2B69 /* SLTPartnerTests.m in Sources */ = {isa = PBXBuildFile; fileRef = CAA0C61818BCB8DE007B2B69 /* SLTPartnerTests.m */; };
		CD3F128318D037C300C8DAF0 /* SLTCellMatrixIteratorTests.m in Sources */ = {isa = PBXBuildFile; fileRef = CD3F128118D037C300C8DAF0 /* SLTCellMatrixIteratorTests.m */; };
		CD3F128418D037C300C8DAF0 /* SLTCellMatrixTests.m in Sources */ = {isa = PBXBuildFile; fileRef = CD3F128218D037C300C8DAF0 /* SLTCellMatrixTests.m */; };
		CD3F128518D08B6800C8DAF0 /* SLTCellMatrixIterator.h in CopyFiles */ = {isa = PBXBuildFile; fileRef = CA1FC24E18B3C4C200E92A06 /* SLTCellMatrixIterator.h */; };
		CD3F128618D08B7000C8DAF0 /* SLTCellMatrix.h in CopyFiles */ = {isa = PBXBuildFile; fileRef = CA1FC24B18B3C4A800E92A06 /* SLTCellMatrix.h */; };
		CD55D6DD18C0879800222E8C /* Foundation.framework in Frameworks */ = {isa = PBXBuildFile; fileRef = CA1FC1FA18B3B8D600E92A06 /* Foundation.framework */; };
		CD55D6DE18C0879800222E8C /* CoreGraphics.framework in Frameworks */ = {isa = PBXBuildFile; fileRef = CDD7406118BFC02800F2306D /* CoreGraphics.framework */; };
		CD55D6DF18C0879800222E8C /* UIKit.framework in Frameworks */ = {isa = PBXBuildFile; fileRef = CA1FC20B18B3B8D600E92A06 /* UIKit.framework */; };
		CD55D6E518C0879800222E8C /* InfoPlist.strings in Resources */ = {isa = PBXBuildFile; fileRef = CD55D6E318C0879800222E8C /* InfoPlist.strings */; };
		CD55D6E718C0879800222E8C /* main.m in Sources */ = {isa = PBXBuildFile; fileRef = CD55D6E618C0879800222E8C /* main.m */; };
		CD55D6EB18C0879800222E8C /* SLTAppDelegate.m in Sources */ = {isa = PBXBuildFile; fileRef = CD55D6EA18C0879800222E8C /* SLTAppDelegate.m */; };
		CD55D6EE18C0879800222E8C /* Main_iPhone.storyboard in Resources */ = {isa = PBXBuildFile; fileRef = CD55D6EC18C0879800222E8C /* Main_iPhone.storyboard */; };
		CD55D6F118C0879800222E8C /* Main_iPad.storyboard in Resources */ = {isa = PBXBuildFile; fileRef = CD55D6EF18C0879800222E8C /* Main_iPad.storyboard */; };
		CD55D6F418C0879800222E8C /* ViewController.m in Sources */ = {isa = PBXBuildFile; fileRef = CD55D6F318C0879800222E8C /* ViewController.m */; };
		CD55D6F618C0879800222E8C /* Images.xcassets in Resources */ = {isa = PBXBuildFile; fileRef = CD55D6F518C0879800222E8C /* Images.xcassets */; };
		CD55D6FC18C0879800222E8C /* XCTest.framework in Frameworks */ = {isa = PBXBuildFile; fileRef = CA1FC20818B3B8D600E92A06 /* XCTest.framework */; };
		CD55D6FD18C0879800222E8C /* Foundation.framework in Frameworks */ = {isa = PBXBuildFile; fileRef = CA1FC1FA18B3B8D600E92A06 /* Foundation.framework */; };
		CD55D6FE18C0879800222E8C /* UIKit.framework in Frameworks */ = {isa = PBXBuildFile; fileRef = CA1FC20B18B3B8D600E92A06 /* UIKit.framework */; };
		CD55D70618C0879800222E8C /* InfoPlist.strings in Resources */ = {isa = PBXBuildFile; fileRef = CD55D70418C0879800222E8C /* InfoPlist.strings */; };
		CD55D70F18C087C900222E8C /* SaltrTestAppTests.m in Sources */ = {isa = PBXBuildFile; fileRef = CD55D70718C0879800222E8C /* SaltrTestAppTests.m */; };
		CD774F0F18C8E97F0021B4B0 /* SLTAssetInstance.m in Sources */ = {isa = PBXBuildFile; fileRef = CD774F0E18C8E97F0021B4B0 /* SLTAssetInstance.m */; };
		CD774F1218CE2A8D0021B4B0 /* SLTAssetTests.m in Sources */ = {isa = PBXBuildFile; fileRef = CD774F1118CE2A8D0021B4B0 /* SLTAssetTests.m */; };
		CD859DF918D87B06003B8758 /* SLTFeature.h in CopyFiles */ = {isa = PBXBuildFile; fileRef = CA1FC23318B3C36100E92A06 /* SLTFeature.h */; };
		CD859DFA18D87B13003B8758 /* SLTExperiment.h in CopyFiles */ = {isa = PBXBuildFile; fileRef = CA1FC23018B3C35000E92A06 /* SLTExperiment.h */; };
		CDB6BF3418D0BE6000C0D140 /* SLTLevelBoard.h in CopyFiles */ = {isa = PBXBuildFile; fileRef = CA9DAB3B18B7846C005CCCAA /* SLTLevelBoard.h */; };
		CDB6BF3618D1934F00C0D140 /* SLTChunkTests.m in Sources */ = {isa = PBXBuildFile; fileRef = CDB6BF3518D1934F00C0D140 /* SLTChunkTests.m */; };
		CDB6BF3818D1A78800C0D140 /* SLTChunkAssetInfoTests.m in Sources */ = {isa = PBXBuildFile; fileRef = CDB6BF3718D1A78800C0D140 /* SLTChunkAssetInfoTests.m */; };
		CDB6BF3918D1EFE800C0D140 /* SLTCompositeInstance.h in CopyFiles */ = {isa = PBXBuildFile; fileRef = CA1FC26618B3C5FA00E92A06 /* SLTCompositeInstance.h */; };
		CDB6BF3A18D1F1E500C0D140 /* SLTLevel.h in CopyFiles */ = {isa = PBXBuildFile; fileRef = CA1FC23918B3C38200E92A06 /* SLTLevel.h */; };
		CDB6BF3B18D1F20200C0D140 /* SLTLevelPack.h in CopyFiles */ = {isa = PBXBuildFile; fileRef = CA1FC23618B3C37300E92A06 /* SLTLevelPack.h */; };
		CDB6BF4018D2071800C0D140 /* SLTCompositeAssetTests.m in Sources */ = {isa = PBXBuildFile; fileRef = CDB6BF3D18D2071800C0D140 /* SLTCompositeAssetTests.m */; };
		CDB6BF4118D2071800C0D140 /* SLTCompositeInfoTests.m in Sources */ = {isa = PBXBuildFile; fileRef = CDB6BF3E18D2071800C0D140 /* SLTCompositeInfoTests.m */; };
		CDB6BF4218D2071800C0D140 /* SLTCompositeInstanceTests.m in Sources */ = {isa = PBXBuildFile; fileRef = CDB6BF3F18D2071800C0D140 /* SLTCompositeInstanceTests.m */; };
		CDD7408F18BFC0FA00F2306D /* CoreFoundation.framework in Frameworks */ = {isa = PBXBuildFile; fileRef = CD095F7B18BF7E4B00E38369 /* CoreFoundation.framework */; };
		CDD7409518BFC0FA00F2306D /* InfoPlist.strings in Resources */ = {isa = PBXBuildFile; fileRef = CDD7409318BFC0FA00F2306D /* InfoPlist.strings */; };
		CDD7409A18BFC11600F2306D /* appdata.json in Resources */ = {isa = PBXBuildFile; fileRef = CD095F8C18BF7E9600E38369 /* appdata.json */; };
		CDD7409B18BFC11600F2306D /* level.json in Resources */ = {isa = PBXBuildFile; fileRef = CD095F8D18BF7E9600E38369 /* level.json */; };
		CDE3272618CF018D00710120 /* SLTAssetInstanceTests.m in Sources */ = {isa = PBXBuildFile; fileRef = CDE3272518CF018D00710120 /* SLTAssetInstanceTests.m */; };
		CDE3272718CF073E00710120 /* SLTCell.h in CopyFiles */ = {isa = PBXBuildFile; fileRef = CA1FC25A18B3C57000E92A06 /* SLTCell.h */; };
		CDE80ACB18C0883A004A9C1E /* Saltr.bundle in Resources */ = {isa = PBXBuildFile; fileRef = CDD7408E18BFC0FA00F2306D /* Saltr.bundle */; };
		CDE80ACC18C08840004A9C1E /* libSaltr.a in Frameworks */ = {isa = PBXBuildFile; fileRef = CA1FC1F718B3B8D600E92A06 /* libSaltr.a */; };
		CDE80AD218C09CC1004A9C1E /* RepositoryTests.m in Sources */ = {isa = PBXBuildFile; fileRef = CDE80AD118C09CC1004A9C1E /* RepositoryTests.m */; };
		CDE80AD618C0CB5A004A9C1E /* SLTLevelBoardParserTests.m in Sources */ = {isa = PBXBuildFile; fileRef = CDE80AD518C0CB5A004A9C1E /* SLTLevelBoardParserTests.m */; };
		CDECF35618CEFC3300EEE231 /* SLTAssetInstance.h in CopyFiles */ = {isa = PBXBuildFile; fileRef = CD774F0D18C8E97F0021B4B0 /* SLTAssetInstance.h */; };
		CDF821B618CF2D2F0054744C /* SLTCellTests.m in Sources */ = {isa = PBXBuildFile; fileRef = CDF821B518CF2D2F0054744C /* SLTCellTests.m */; };
		CDF821B818CF35940054744C /* SLTLevelSettingsTests.m in Sources */ = {isa = PBXBuildFile; fileRef = CDF821B718CF35940054744C /* SLTLevelSettingsTests.m */; };
/* End PBXBuildFile section */

/* Begin PBXContainerItemProxy section */
		CA1FC20D18B3B8D600E92A06 /* PBXContainerItemProxy */ = {
			isa = PBXContainerItemProxy;
			containerPortal = CA1FC1EF18B3B8D600E92A06 /* Project object */;
			proxyType = 1;
			remoteGlobalIDString = CA1FC1F618B3B8D600E92A06;
			remoteInfo = Saltr;
		};
		CD55D6FF18C0879800222E8C /* PBXContainerItemProxy */ = {
			isa = PBXContainerItemProxy;
			containerPortal = CA1FC1EF18B3B8D600E92A06 /* Project object */;
			proxyType = 1;
			remoteGlobalIDString = CD55D6DB18C0879800222E8C;
			remoteInfo = SaltrTestApp;
		};
		CDE80ACD18C08849004A9C1E /* PBXContainerItemProxy */ = {
			isa = PBXContainerItemProxy;
			containerPortal = CA1FC1EF18B3B8D600E92A06 /* Project object */;
			proxyType = 1;
			remoteGlobalIDString = CA1FC1F618B3B8D600E92A06;
			remoteInfo = Saltr;
		};
		CDE80ACF18C08849004A9C1E /* PBXContainerItemProxy */ = {
			isa = PBXContainerItemProxy;
			containerPortal = CA1FC1EF18B3B8D600E92A06 /* Project object */;
			proxyType = 1;
			remoteGlobalIDString = CDD7408D18BFC0FA00F2306D;
			remoteInfo = SaltrResource;
		};
/* End PBXContainerItemProxy section */

/* Begin PBXCopyFilesBuildPhase section */
		CA1FC1F518B3B8D600E92A06 /* CopyFiles */ = {
			isa = PBXCopyFilesBuildPhase;
			buildActionMask = 2147483647;
			dstPath = "include/$(PRODUCT_NAME)";
			dstSubfolderSpec = 16;
			files = (
				CD859DFA18D87B13003B8758 /* SLTExperiment.h in CopyFiles */,
				CD859DF918D87B06003B8758 /* SLTFeature.h in CopyFiles */,
				CDB6BF3B18D1F20200C0D140 /* SLTLevelPack.h in CopyFiles */,
				CDB6BF3A18D1F1E500C0D140 /* SLTLevel.h in CopyFiles */,
				CDB6BF3918D1EFE800C0D140 /* SLTCompositeInstance.h in CopyFiles */,
				CDB6BF3418D0BE6000C0D140 /* SLTLevelBoard.h in CopyFiles */,
				CD3F128618D08B7000C8DAF0 /* SLTCellMatrix.h in CopyFiles */,
				CD3F128518D08B6800C8DAF0 /* SLTCellMatrixIterator.h in CopyFiles */,
				CDE3272718CF073E00710120 /* SLTCell.h in CopyFiles */,
				CDECF35618CEFC3300EEE231 /* SLTAssetInstance.h in CopyFiles */,
				CA1FC20018B3B8D600E92A06 /* SLTSaltr.h in CopyFiles */,
			);
			runOnlyForDeploymentPostprocessing = 0;
		};
/* End PBXCopyFilesBuildPhase section */

/* Begin PBXFileReference section */
		CA1FC1F718B3B8D600E92A06 /* libSaltr.a */ = {isa = PBXFileReference; explicitFileType = archive.ar; includeInIndex = 0; path = libSaltr.a; sourceTree = BUILT_PRODUCTS_DIR; };
		CA1FC1FA18B3B8D600E92A06 /* Foundation.framework */ = {isa = PBXFileReference; lastKnownFileType = wrapper.framework; name = Foundation.framework; path = System/Library/Frameworks/Foundation.framework; sourceTree = SDKROOT; };
		CA1FC1FE18B3B8D600E92A06 /* Saltr-Prefix.pch */ = {isa = PBXFileReference; lastKnownFileType = sourcecode.c.h; path = "Saltr-Prefix.pch"; sourceTree = "<group>"; };
		CA1FC1FF18B3B8D600E92A06 /* SLTSaltr.h */ = {isa = PBXFileReference; lastKnownFileType = sourcecode.c.h; path = SLTSaltr.h; sourceTree = "<group>"; xcLanguageSpecificationIdentifier = xcode.lang.objc; };
		CA1FC20118B3B8D600E92A06 /* SLTSaltr.m */ = {isa = PBXFileReference; lastKnownFileType = sourcecode.c.objc; path = SLTSaltr.m; sourceTree = "<group>"; };
		CA1FC20718B3B8D600E92A06 /* SaltrTests.xctest */ = {isa = PBXFileReference; explicitFileType = wrapper.cfbundle; includeInIndex = 0; path = SaltrTests.xctest; sourceTree = BUILT_PRODUCTS_DIR; };
		CA1FC20818B3B8D600E92A06 /* XCTest.framework */ = {isa = PBXFileReference; lastKnownFileType = wrapper.framework; name = XCTest.framework; path = Library/Frameworks/XCTest.framework; sourceTree = DEVELOPER_DIR; };
		CA1FC20B18B3B8D600E92A06 /* UIKit.framework */ = {isa = PBXFileReference; lastKnownFileType = wrapper.framework; name = UIKit.framework; path = Library/Frameworks/UIKit.framework; sourceTree = DEVELOPER_DIR; };
		CA1FC21218B3B8D600E92A06 /* SaltrTests-Info.plist */ = {isa = PBXFileReference; lastKnownFileType = text.plist.xml; path = "SaltrTests-Info.plist"; sourceTree = "<group>"; };
		CA1FC21418B3B8D600E92A06 /* en */ = {isa = PBXFileReference; lastKnownFileType = text.plist.strings; name = en; path = en.lproj/InfoPlist.strings; sourceTree = "<group>"; };
		CA1FC21618B3B8D600E92A06 /* SaltrTests.m */ = {isa = PBXFileReference; lastKnownFileType = sourcecode.c.objc; path = SaltrTests.m; sourceTree = "<group>"; };
		CA1FC22A18B3C33200E92A06 /* SLTDeserializer.h */ = {isa = PBXFileReference; fileEncoding = 4; lastKnownFileType = sourcecode.c.h; path = SLTDeserializer.h; sourceTree = "<group>"; };
		CA1FC22B18B3C33200E92A06 /* SLTDeserializer.m */ = {isa = PBXFileReference; fileEncoding = 4; lastKnownFileType = sourcecode.c.objc; path = SLTDeserializer.m; sourceTree = "<group>"; };
		CA1FC22D18B3C34100E92A06 /* SLTDevice.h */ = {isa = PBXFileReference; fileEncoding = 4; lastKnownFileType = sourcecode.c.h; path = SLTDevice.h; sourceTree = "<group>"; };
		CA1FC22E18B3C34100E92A06 /* SLTDevice.m */ = {isa = PBXFileReference; fileEncoding = 4; lastKnownFileType = sourcecode.c.objc; path = SLTDevice.m; sourceTree = "<group>"; };
		CA1FC23018B3C35000E92A06 /* SLTExperiment.h */ = {isa = PBXFileReference; fileEncoding = 4; lastKnownFileType = sourcecode.c.h; path = SLTExperiment.h; sourceTree = "<group>"; };
		CA1FC23118B3C35000E92A06 /* SLTExperiment.m */ = {isa = PBXFileReference; fileEncoding = 4; lastKnownFileType = sourcecode.c.objc; path = SLTExperiment.m; sourceTree = "<group>"; };
		CA1FC23318B3C36100E92A06 /* SLTFeature.h */ = {isa = PBXFileReference; fileEncoding = 4; lastKnownFileType = sourcecode.c.h; path = SLTFeature.h; sourceTree = "<group>"; };
		CA1FC23418B3C36100E92A06 /* SLTFeature.m */ = {isa = PBXFileReference; fileEncoding = 4; lastKnownFileType = sourcecode.c.objc; path = SLTFeature.m; sourceTree = "<group>"; };
		CA1FC23618B3C37300E92A06 /* SLTLevelPack.h */ = {isa = PBXFileReference; fileEncoding = 4; lastKnownFileType = sourcecode.c.h; path = SLTLevelPack.h; sourceTree = "<group>"; };
		CA1FC23718B3C37300E92A06 /* SLTLevelPack.m */ = {isa = PBXFileReference; fileEncoding = 4; lastKnownFileType = sourcecode.c.objc; path = SLTLevelPack.m; sourceTree = "<group>"; };
		CA1FC23918B3C38200E92A06 /* SLTLevel.h */ = {isa = PBXFileReference; fileEncoding = 4; lastKnownFileType = sourcecode.c.h; path = SLTLevel.h; sourceTree = "<group>"; };
		CA1FC23A18B3C38200E92A06 /* SLTLevel.m */ = {isa = PBXFileReference; fileEncoding = 4; lastKnownFileType = sourcecode.c.objc; path = SLTLevel.m; sourceTree = "<group>"; };
		CA1FC23C18B3C39400E92A06 /* SLTPartner.h */ = {isa = PBXFileReference; fileEncoding = 4; lastKnownFileType = sourcecode.c.h; path = SLTPartner.h; sourceTree = "<group>"; };
		CA1FC23D18B3C39400E92A06 /* SLTPartner.m */ = {isa = PBXFileReference; fileEncoding = 4; lastKnownFileType = sourcecode.c.objc; path = SLTPartner.m; sourceTree = "<group>"; };
		CA1FC24618B3C46000E92A06 /* SLTLevelBoardParser.h */ = {isa = PBXFileReference; fileEncoding = 4; lastKnownFileType = sourcecode.c.h; name = SLTLevelBoardParser.h; path = parser/SLTLevelBoardParser.h; sourceTree = "<group>"; };
		CA1FC24718B3C46000E92A06 /* SLTLevelBoardParser.m */ = {isa = PBXFileReference; fileEncoding = 4; lastKnownFileType = sourcecode.c.objc; name = SLTLevelBoardParser.m; path = parser/SLTLevelBoardParser.m; sourceTree = "<group>"; };
		CA1FC24B18B3C4A800E92A06 /* SLTCellMatrix.h */ = {isa = PBXFileReference; fileEncoding = 4; lastKnownFileType = sourcecode.c.h; name = SLTCellMatrix.h; path = parser/data/SLTCellMatrix.h; sourceTree = "<group>"; };
		CA1FC24C18B3C4A800E92A06 /* SLTCellMatrix.m */ = {isa = PBXFileReference; fileEncoding = 4; lastKnownFileType = sourcecode.c.objc; name = SLTCellMatrix.m; path = parser/data/SLTCellMatrix.m; sourceTree = "<group>"; };
		CA1FC24E18B3C4C200E92A06 /* SLTCellMatrixIterator.h */ = {isa = PBXFileReference; fileEncoding = 4; lastKnownFileType = sourcecode.c.h; name = SLTCellMatrixIterator.h; path = parser/data/SLTCellMatrixIterator.h; sourceTree = "<group>"; };
		CA1FC24F18B3C4C200E92A06 /* SLTCellMatrixIterator.m */ = {isa = PBXFileReference; fileEncoding = 4; lastKnownFileType = sourcecode.c.objc; name = SLTCellMatrixIterator.m; path = parser/data/SLTCellMatrixIterator.m; sourceTree = "<group>"; };
		CA1FC25418B3C53300E92A06 /* SLTAsset.h */ = {isa = PBXFileReference; fileEncoding = 4; lastKnownFileType = sourcecode.c.h; name = SLTAsset.h; path = parser/gameeditor/SLTAsset.h; sourceTree = "<group>"; };
		CA1FC25518B3C53300E92A06 /* SLTAsset.m */ = {isa = PBXFileReference; fileEncoding = 4; lastKnownFileType = sourcecode.c.objc; name = SLTAsset.m; path = parser/gameeditor/SLTAsset.m; sourceTree = "<group>"; };
		CA1FC25718B3C54F00E92A06 /* SLTLevelSettings.h */ = {isa = PBXFileReference; fileEncoding = 4; lastKnownFileType = sourcecode.c.h; name = SLTLevelSettings.h; path = parser/gameeditor/SLTLevelSettings.h; sourceTree = "<group>"; };
		CA1FC25818B3C54F00E92A06 /* SLTLevelSettings.m */ = {isa = PBXFileReference; fileEncoding = 4; lastKnownFileType = sourcecode.c.objc; name = SLTLevelSettings.m; path = parser/gameeditor/SLTLevelSettings.m; sourceTree = "<group>"; };
		CA1FC25A18B3C57000E92A06 /* SLTCell.h */ = {isa = PBXFileReference; fileEncoding = 4; lastKnownFileType = sourcecode.c.h; name = SLTCell.h; path = parser/gameeditor/SLTCell.h; sourceTree = "<group>"; };
		CA1FC25B18B3C57000E92A06 /* SLTCell.m */ = {isa = PBXFileReference; fileEncoding = 4; lastKnownFileType = sourcecode.c.objc; name = SLTCell.m; path = parser/gameeditor/SLTCell.m; sourceTree = "<group>"; };
		CA1FC25D18B3C59700E92A06 /* SLTChunkAssetInfo.h */ = {isa = PBXFileReference; fileEncoding = 4; lastKnownFileType = sourcecode.c.h; name = SLTChunkAssetInfo.h; path = parser/gameeditor/chunk/SLTChunkAssetInfo.h; sourceTree = "<group>"; };
		CA1FC25E18B3C59700E92A06 /* SLTChunkAssetInfo.m */ = {isa = PBXFileReference; fileEncoding = 4; lastKnownFileType = sourcecode.c.objc; name = SLTChunkAssetInfo.m; path = parser/gameeditor/chunk/SLTChunkAssetInfo.m; sourceTree = "<group>"; };
		CA1FC26018B3C5AE00E92A06 /* SLTChunk.h */ = {isa = PBXFileReference; fileEncoding = 4; lastKnownFileType = sourcecode.c.h; name = SLTChunk.h; path = parser/gameeditor/chunk/SLTChunk.h; sourceTree = "<group>"; };
		CA1FC26118B3C5AE00E92A06 /* SLTChunk.m */ = {isa = PBXFileReference; fileEncoding = 4; lastKnownFileType = sourcecode.c.objc; name = SLTChunk.m; path = parser/gameeditor/chunk/SLTChunk.m; sourceTree = "<group>"; };
		CA1FC26318B3C5D900E92A06 /* SLTCompositeInfo.h */ = {isa = PBXFileReference; fileEncoding = 4; lastKnownFileType = sourcecode.c.h; name = SLTCompositeInfo.h; path = parser/gameeditor/composite/SLTCompositeInfo.h; sourceTree = "<group>"; };
		CA1FC26418B3C5D900E92A06 /* SLTCompositeInfo.m */ = {isa = PBXFileReference; fileEncoding = 4; lastKnownFileType = sourcecode.c.objc; name = SLTCompositeInfo.m; path = parser/gameeditor/composite/SLTCompositeInfo.m; sourceTree = "<group>"; };
		CA1FC26618B3C5FA00E92A06 /* SLTCompositeInstance.h */ = {isa = PBXFileReference; fileEncoding = 4; lastKnownFileType = sourcecode.c.h; name = SLTCompositeInstance.h; path = parser/gameeditor/composite/SLTCompositeInstance.h; sourceTree = "<group>"; };
		CA1FC26718B3C5FA00E92A06 /* SLTCompositeInstance.m */ = {isa = PBXFileReference; fileEncoding = 4; lastKnownFileType = sourcecode.c.objc; name = SLTCompositeInstance.m; path = parser/gameeditor/composite/SLTCompositeInstance.m; sourceTree = "<group>"; };
		CA1FC26918B3C62500E92A06 /* SLTCompositeAsset.h */ = {isa = PBXFileReference; fileEncoding = 4; lastKnownFileType = sourcecode.c.h; name = SLTCompositeAsset.h; path = parser/gameeditor/composite/SLTCompositeAsset.h; sourceTree = "<group>"; };
		CA1FC26A18B3C62500E92A06 /* SLTCompositeAsset.m */ = {isa = PBXFileReference; fileEncoding = 4; lastKnownFileType = sourcecode.c.objc; name = SLTCompositeAsset.m; path = parser/gameeditor/composite/SLTCompositeAsset.m; sourceTree = "<group>"; };
		CA1FC27518B3C6D100E92A06 /* SLTRepository.h */ = {isa = PBXFileReference; fileEncoding = 4; lastKnownFileType = sourcecode.c.h; name = SLTRepository.h; path = repository/SLTRepository.h; sourceTree = "<group>"; };
		CA1FC27618B3C6D100E92A06 /* SLTRepository.m */ = {isa = PBXFileReference; fileEncoding = 4; lastKnownFileType = sourcecode.c.objc; name = SLTRepository.m; path = repository/SLTRepository.m; sourceTree = "<group>"; };
		CA1FC27E18B3C70E00E92A06 /* SLTResource.h */ = {isa = PBXFileReference; fileEncoding = 4; lastKnownFileType = sourcecode.c.h; name = SLTResource.h; path = resource/SLTResource.h; sourceTree = "<group>"; };
		CA1FC27F18B3C70E00E92A06 /* SLTResource.m */ = {isa = PBXFileReference; fileEncoding = 4; lastKnownFileType = sourcecode.c.objc; name = SLTResource.m; path = resource/SLTResource.m; sourceTree = "<group>"; };
		CA1FC28118B3C72200E92A06 /* SLTResourceURLTicket.h */ = {isa = PBXFileReference; fileEncoding = 4; lastKnownFileType = sourcecode.c.h; name = SLTResourceURLTicket.h; path = resource/SLTResourceURLTicket.h; sourceTree = "<group>"; };
		CA1FC28218B3C72200E92A06 /* SLTResourceURLTicket.m */ = {isa = PBXFileReference; fileEncoding = 4; lastKnownFileType = sourcecode.c.objc; name = SLTResourceURLTicket.m; path = resource/SLTResourceURLTicket.m; sourceTree = "<group>"; };
		CA9D917418C666A2002831DF /* ResourceURLTicketTests.m */ = {isa = PBXFileReference; fileEncoding = 4; lastKnownFileType = sourcecode.c.objc; path = ResourceURLTicketTests.m; sourceTree = "<group>"; };
		CA9DAB3A18B6A330005CCCAA /* SLTConfig.h */ = {isa = PBXFileReference; lastKnownFileType = sourcecode.c.h; path = SLTConfig.h; sourceTree = "<group>"; };
		CA9DAB3B18B7846C005CCCAA /* SLTLevelBoard.h */ = {isa = PBXFileReference; fileEncoding = 4; lastKnownFileType = sourcecode.c.h; path = SLTLevelBoard.h; sourceTree = "<group>"; };
		CA9DAB3C18B7846C005CCCAA /* SLTLevelBoard.m */ = {isa = PBXFileReference; fileEncoding = 4; lastKnownFileType = sourcecode.c.objc; path = SLTLevelBoard.m; sourceTree = "<group>"; };
		CAA0C60A18BCB7FE007B2B69 /* DeserializerTests.m */ = {isa = PBXFileReference; fileEncoding = 4; lastKnownFileType = sourcecode.c.objc; path = DeserializerTests.m; sourceTree = "<group>"; };
		CAA0C60C18BCB821007B2B69 /* SLTDeviceTests.m */ = {isa = PBXFileReference; fileEncoding = 4; lastKnownFileType = sourcecode.c.objc; path = SLTDeviceTests.m; sourceTree = "<group>"; };
		CAA0C60E18BCB836007B2B69 /* SLTExperimentTests.m */ = {isa = PBXFileReference; fileEncoding = 4; lastKnownFileType = sourcecode.c.objc; path = SLTExperimentTests.m; sourceTree = "<group>"; };
		CAA0C61018BCB851007B2B69 /* SLTFeatureTests.m */ = {isa = PBXFileReference; fileEncoding = 4; lastKnownFileType = sourcecode.c.objc; path = SLTFeatureTests.m; sourceTree = "<group>"; };
		CAA0C61218BCB871007B2B69 /* SLTLevelBoardTests.m */ = {isa = PBXFileReference; fileEncoding = 4; lastKnownFileType = sourcecode.c.objc; path = SLTLevelBoardTests.m; sourceTree = "<group>"; };
		CAA0C61418BCB89A007B2B69 /* SLTLevelPackTests.m */ = {isa = PBXFileReference; fileEncoding = 4; lastKnownFileType = sourcecode.c.objc; path = SLTLevelPackTests.m; sourceTree = "<group>"; };
		CAA0C61618BCB8B9007B2B69 /* SLTLevelTests.m */ = {isa = PBXFileReference; fileEncoding = 4; lastKnownFileType = sourcecode.c.objc; path = SLTLevelTests.m; sourceTree = "<group>"; };
		CAA0C61818BCB8DE007B2B69 /* PartnerTests.m */ = {isa = PBXFileReference; fileEncoding = 4; lastKnownFileType = sourcecode.c.objc; path = PartnerTests.m; sourceTree = "<group>"; };
		CAB489F218D8A9E900CC9054 /* saltr */ = {isa = PBXFileReference; lastKnownFileType = folder; name = saltr; path = testdata/saltr; sourceTree = "<group>"; };
		CAA0C61818BCB8DE007B2B69 /* SLTPartnerTests.m */ = {isa = PBXFileReference; fileEncoding = 4; lastKnownFileType = sourcecode.c.objc; path = SLTPartnerTests.m; sourceTree = "<group>"; };
		CD095F7B18BF7E4B00E38369 /* CoreFoundation.framework */ = {isa = PBXFileReference; lastKnownFileType = wrapper.framework; name = CoreFoundation.framework; path = System/Library/Frameworks/CoreFoundation.framework; sourceTree = SDKROOT; };
		CD095F8C18BF7E9600E38369 /* appdata.json */ = {isa = PBXFileReference; fileEncoding = 4; lastKnownFileType = text.json; path = appdata.json; sourceTree = "<group>"; };
		CD095F8D18BF7E9600E38369 /* level.json */ = {isa = PBXFileReference; fileEncoding = 4; lastKnownFileType = text.json; path = level.json; sourceTree = "<group>"; };
		CD3F128118D037C300C8DAF0 /* SLTCellMatrixIteratorTests.m */ = {isa = PBXFileReference; fileEncoding = 4; lastKnownFileType = sourcecode.c.objc; path = SLTCellMatrixIteratorTests.m; sourceTree = "<group>"; };
		CD3F128218D037C300C8DAF0 /* SLTCellMatrixTests.m */ = {isa = PBXFileReference; fileEncoding = 4; lastKnownFileType = sourcecode.c.objc; path = SLTCellMatrixTests.m; sourceTree = "<group>"; };
		CD55D6DC18C0879800222E8C /* SaltrTestApp.app */ = {isa = PBXFileReference; explicitFileType = wrapper.application; includeInIndex = 0; path = SaltrTestApp.app; sourceTree = BUILT_PRODUCTS_DIR; };
		CD55D6E218C0879800222E8C /* SaltrTestApp-Info.plist */ = {isa = PBXFileReference; lastKnownFileType = text.plist.xml; path = "SaltrTestApp-Info.plist"; sourceTree = "<group>"; };
		CD55D6E418C0879800222E8C /* en */ = {isa = PBXFileReference; lastKnownFileType = text.plist.strings; name = en; path = en.lproj/InfoPlist.strings; sourceTree = "<group>"; };
		CD55D6E618C0879800222E8C /* main.m */ = {isa = PBXFileReference; lastKnownFileType = sourcecode.c.objc; path = main.m; sourceTree = "<group>"; };
		CD55D6E818C0879800222E8C /* SaltrTestApp-Prefix.pch */ = {isa = PBXFileReference; lastKnownFileType = sourcecode.c.h; path = "SaltrTestApp-Prefix.pch"; sourceTree = "<group>"; };
		CD55D6E918C0879800222E8C /* SLTAppDelegate.h */ = {isa = PBXFileReference; lastKnownFileType = sourcecode.c.h; path = SLTAppDelegate.h; sourceTree = "<group>"; };
		CD55D6EA18C0879800222E8C /* SLTAppDelegate.m */ = {isa = PBXFileReference; lastKnownFileType = sourcecode.c.objc; path = SLTAppDelegate.m; sourceTree = "<group>"; };
		CD55D6ED18C0879800222E8C /* Base */ = {isa = PBXFileReference; lastKnownFileType = file.storyboard; name = Base; path = Base.lproj/Main_iPhone.storyboard; sourceTree = "<group>"; };
		CD55D6F018C0879800222E8C /* Base */ = {isa = PBXFileReference; lastKnownFileType = file.storyboard; name = Base; path = Base.lproj/Main_iPad.storyboard; sourceTree = "<group>"; };
		CD55D6F218C0879800222E8C /* ViewController.h */ = {isa = PBXFileReference; lastKnownFileType = sourcecode.c.h; path = ViewController.h; sourceTree = "<group>"; };
		CD55D6F318C0879800222E8C /* ViewController.m */ = {isa = PBXFileReference; lastKnownFileType = sourcecode.c.objc; path = ViewController.m; sourceTree = "<group>"; };
		CD55D6F518C0879800222E8C /* Images.xcassets */ = {isa = PBXFileReference; lastKnownFileType = folder.assetcatalog; path = Images.xcassets; sourceTree = "<group>"; };
		CD55D6FB18C0879800222E8C /* SaltrTestAppTests.xctest */ = {isa = PBXFileReference; explicitFileType = wrapper.cfbundle; includeInIndex = 0; path = SaltrTestAppTests.xctest; sourceTree = BUILT_PRODUCTS_DIR; };
		CD55D70318C0879800222E8C /* SaltrTestAppTests-Info.plist */ = {isa = PBXFileReference; lastKnownFileType = text.plist.xml; path = "SaltrTestAppTests-Info.plist"; sourceTree = "<group>"; };
		CD55D70518C0879800222E8C /* en */ = {isa = PBXFileReference; lastKnownFileType = text.plist.strings; name = en; path = en.lproj/InfoPlist.strings; sourceTree = "<group>"; };
		CD55D70718C0879800222E8C /* SaltrTestAppTests.m */ = {isa = PBXFileReference; lastKnownFileType = sourcecode.c.objc; path = SaltrTestAppTests.m; sourceTree = "<group>"; };
		CD774F0D18C8E97F0021B4B0 /* SLTAssetInstance.h */ = {isa = PBXFileReference; fileEncoding = 4; lastKnownFileType = sourcecode.c.h; name = SLTAssetInstance.h; path = parser/gameeditor/SLTAssetInstance.h; sourceTree = "<group>"; };
		CD774F0E18C8E97F0021B4B0 /* SLTAssetInstance.m */ = {isa = PBXFileReference; fileEncoding = 4; lastKnownFileType = sourcecode.c.objc; name = SLTAssetInstance.m; path = parser/gameeditor/SLTAssetInstance.m; sourceTree = "<group>"; };
		CD774F1018C9B8DA0021B4B0 /* SLTCell_Private.h */ = {isa = PBXFileReference; lastKnownFileType = sourcecode.c.h; path = SLTCell_Private.h; sourceTree = "<group>"; };
		CD774F1118CE2A8D0021B4B0 /* SLTAssetTests.m */ = {isa = PBXFileReference; fileEncoding = 4; lastKnownFileType = sourcecode.c.objc; path = SLTAssetTests.m; sourceTree = "<group>"; };
		CDB6BF3518D1934F00C0D140 /* SLTChunkTests.m */ = {isa = PBXFileReference; fileEncoding = 4; lastKnownFileType = sourcecode.c.objc; path = SLTChunkTests.m; sourceTree = "<group>"; };
		CDB6BF3718D1A78800C0D140 /* SLTChunkAssetInfoTests.m */ = {isa = PBXFileReference; fileEncoding = 4; lastKnownFileType = sourcecode.c.objc; path = SLTChunkAssetInfoTests.m; sourceTree = "<group>"; };
		CDB6BF3D18D2071800C0D140 /* SLTCompositeAssetTests.m */ = {isa = PBXFileReference; fileEncoding = 4; lastKnownFileType = sourcecode.c.objc; path = SLTCompositeAssetTests.m; sourceTree = "<group>"; };
		CDB6BF3E18D2071800C0D140 /* SLTCompositeInfoTests.m */ = {isa = PBXFileReference; fileEncoding = 4; lastKnownFileType = sourcecode.c.objc; path = SLTCompositeInfoTests.m; sourceTree = "<group>"; };
		CDB6BF3F18D2071800C0D140 /* SLTCompositeInstanceTests.m */ = {isa = PBXFileReference; fileEncoding = 4; lastKnownFileType = sourcecode.c.objc; path = SLTCompositeInstanceTests.m; sourceTree = "<group>"; };
		CDD7406118BFC02800F2306D /* CoreGraphics.framework */ = {isa = PBXFileReference; lastKnownFileType = wrapper.framework; name = CoreGraphics.framework; path = System/Library/Frameworks/CoreGraphics.framework; sourceTree = SDKROOT; };
		CDD7408E18BFC0FA00F2306D /* Saltr.bundle */ = {isa = PBXFileReference; explicitFileType = wrapper.cfbundle; includeInIndex = 0; path = Saltr.bundle; sourceTree = BUILT_PRODUCTS_DIR; };
		CDD7409218BFC0FA00F2306D /* SaltrResource-Info.plist */ = {isa = PBXFileReference; lastKnownFileType = text.plist.xml; path = "SaltrResource-Info.plist"; sourceTree = "<group>"; };
		CDD7409418BFC0FA00F2306D /* en */ = {isa = PBXFileReference; lastKnownFileType = text.plist.strings; name = en; path = en.lproj/InfoPlist.strings; sourceTree = "<group>"; };
		CDD7409618BFC0FA00F2306D /* SaltrResource-Prefix.pch */ = {isa = PBXFileReference; lastKnownFileType = sourcecode.c.h; path = "SaltrResource-Prefix.pch"; sourceTree = "<group>"; };
		CDE3272518CF018D00710120 /* SLTAssetInstanceTests.m */ = {isa = PBXFileReference; fileEncoding = 4; lastKnownFileType = sourcecode.c.objc; path = SLTAssetInstanceTests.m; sourceTree = "<group>"; };
		CDE80AD118C09CC1004A9C1E /* RepositoryTests.m */ = {isa = PBXFileReference; fileEncoding = 4; lastKnownFileType = sourcecode.c.objc; path = RepositoryTests.m; sourceTree = "<group>"; };
		CDE80AD518C0CB5A004A9C1E /* SLTLevelBoardParserTests.m */ = {isa = PBXFileReference; fileEncoding = 4; lastKnownFileType = sourcecode.c.objc; path = SLTLevelBoardParserTests.m; sourceTree = "<group>"; };
		CDF821B518CF2D2F0054744C /* SLTCellTests.m */ = {isa = PBXFileReference; fileEncoding = 4; lastKnownFileType = sourcecode.c.objc; path = SLTCellTests.m; sourceTree = "<group>"; };
		CDF821B718CF35940054744C /* SLTLevelSettingsTests.m */ = {isa = PBXFileReference; fileEncoding = 4; lastKnownFileType = sourcecode.c.objc; path = SLTLevelSettingsTests.m; sourceTree = "<group>"; };
/* End PBXFileReference section */

/* Begin PBXFrameworksBuildPhase section */
		CA1FC1F418B3B8D600E92A06 /* Frameworks */ = {
			isa = PBXFrameworksBuildPhase;
			buildActionMask = 2147483647;
			files = (
				CA1FC1FB18B3B8D600E92A06 /* Foundation.framework in Frameworks */,
			);
			runOnlyForDeploymentPostprocessing = 0;
		};
		CA1FC20418B3B8D600E92A06 /* Frameworks */ = {
			isa = PBXFrameworksBuildPhase;
			buildActionMask = 2147483647;
			files = (
				CA1FC20918B3B8D600E92A06 /* XCTest.framework in Frameworks */,
				CA1FC20F18B3B8D600E92A06 /* libSaltr.a in Frameworks */,
				CA1FC20C18B3B8D600E92A06 /* UIKit.framework in Frameworks */,
				CA1FC20A18B3B8D600E92A06 /* Foundation.framework in Frameworks */,
			);
			runOnlyForDeploymentPostprocessing = 0;
		};
		CD55D6D918C0879800222E8C /* Frameworks */ = {
			isa = PBXFrameworksBuildPhase;
			buildActionMask = 2147483647;
			files = (
				CDE80ACC18C08840004A9C1E /* libSaltr.a in Frameworks */,
				CD55D6DE18C0879800222E8C /* CoreGraphics.framework in Frameworks */,
				CD55D6DF18C0879800222E8C /* UIKit.framework in Frameworks */,
				CD55D6DD18C0879800222E8C /* Foundation.framework in Frameworks */,
			);
			runOnlyForDeploymentPostprocessing = 0;
		};
		CD55D6F818C0879800222E8C /* Frameworks */ = {
			isa = PBXFrameworksBuildPhase;
			buildActionMask = 2147483647;
			files = (
				CD55D6FC18C0879800222E8C /* XCTest.framework in Frameworks */,
				CD55D6FE18C0879800222E8C /* UIKit.framework in Frameworks */,
				CD55D6FD18C0879800222E8C /* Foundation.framework in Frameworks */,
			);
			runOnlyForDeploymentPostprocessing = 0;
		};
		CDD7408B18BFC0FA00F2306D /* Frameworks */ = {
			isa = PBXFrameworksBuildPhase;
			buildActionMask = 2147483647;
			files = (
				CDD7408F18BFC0FA00F2306D /* CoreFoundation.framework in Frameworks */,
			);
			runOnlyForDeploymentPostprocessing = 0;
		};
/* End PBXFrameworksBuildPhase section */

/* Begin PBXGroup section */
		CA1FC1EE18B3B8D600E92A06 = {
			isa = PBXGroup;
			children = (
				CAB489F218D8A9E900CC9054 /* saltr */,
				CA1FC1FC18B3B8D600E92A06 /* Saltr */,
				CA1FC21018B3B8D600E92A06 /* SaltrTests */,
				CDD7409018BFC0FA00F2306D /* SaltrResource */,
				CD55D6E018C0879800222E8C /* SaltrTestApp */,
				CD55D70118C0879800222E8C /* SaltrTestAppTests */,
				CA1FC1F918B3B8D600E92A06 /* Frameworks */,
				CA1FC1F818B3B8D600E92A06 /* Products */,
			);
			sourceTree = "<group>";
		};
		CA1FC1F818B3B8D600E92A06 /* Products */ = {
			isa = PBXGroup;
			children = (
				CA1FC1F718B3B8D600E92A06 /* libSaltr.a */,
				CA1FC20718B3B8D600E92A06 /* SaltrTests.xctest */,
				CDD7408E18BFC0FA00F2306D /* Saltr.bundle */,
				CD55D6DC18C0879800222E8C /* SaltrTestApp.app */,
				CD55D6FB18C0879800222E8C /* SaltrTestAppTests.xctest */,
			);
			name = Products;
			sourceTree = "<group>";
		};
		CA1FC1F918B3B8D600E92A06 /* Frameworks */ = {
			isa = PBXGroup;
			children = (
				CA1FC1FA18B3B8D600E92A06 /* Foundation.framework */,
				CA1FC20818B3B8D600E92A06 /* XCTest.framework */,
				CA1FC20B18B3B8D600E92A06 /* UIKit.framework */,
				CD095F7B18BF7E4B00E38369 /* CoreFoundation.framework */,
				CDD7406118BFC02800F2306D /* CoreGraphics.framework */,
			);
			name = Frameworks;
			sourceTree = "<group>";
		};
		CA1FC1FC18B3B8D600E92A06 /* Saltr */ = {
			isa = PBXGroup;
			children = (
				CD095F8718BF7E6100E38369 /* testdata */,
				CA1FC24218B3C3C900E92A06 /* utils */,
				CA1FC24118B3C3C300E92A06 /* resource */,
				CA1FC24018B3C3A300E92A06 /* repository */,
				CA1FC23F18B3C39E00E92A06 /* parser */,
				CD05F8C318C4D7F700CB782C /* private */,
				CA1FC1FD18B3B8D600E92A06 /* Supporting Files */,
				CA1FC22A18B3C33200E92A06 /* SLTDeserializer.h */,
				CA1FC22B18B3C33200E92A06 /* SLTDeserializer.m */,
				CA1FC22D18B3C34100E92A06 /* SLTDevice.h */,
				CA1FC22E18B3C34100E92A06 /* SLTDevice.m */,
				CA1FC23018B3C35000E92A06 /* SLTExperiment.h */,
				CA1FC23118B3C35000E92A06 /* SLTExperiment.m */,
				CA1FC23318B3C36100E92A06 /* SLTFeature.h */,
				CA1FC23418B3C36100E92A06 /* SLTFeature.m */,
				CA1FC23C18B3C39400E92A06 /* SLTPartner.h */,
				CA1FC23D18B3C39400E92A06 /* SLTPartner.m */,
				CA1FC1FF18B3B8D600E92A06 /* SLTSaltr.h */,
				CA1FC20118B3B8D600E92A06 /* SLTSaltr.m */,
				CA9DAB3A18B6A330005CCCAA /* SLTConfig.h */,
			);
			path = Saltr;
			sourceTree = "<group>";
		};
		CA1FC1FD18B3B8D600E92A06 /* Supporting Files */ = {
			isa = PBXGroup;
			children = (
				CA1FC1FE18B3B8D600E92A06 /* Saltr-Prefix.pch */,
			);
			name = "Supporting Files";
			sourceTree = "<group>";
		};
		CA1FC21018B3B8D600E92A06 /* SaltrTests */ = {
			isa = PBXGroup;
			children = (
				CD774F1118CE2A8D0021B4B0 /* SLTAssetTests.m */,
				CDE3272518CF018D00710120 /* SLTAssetInstanceTests.m */,
				CDF821B518CF2D2F0054744C /* SLTCellTests.m */,
				CD3F128218D037C300C8DAF0 /* SLTCellMatrixTests.m */,
				CD3F128118D037C300C8DAF0 /* SLTCellMatrixIteratorTests.m */,
				CDB6BF3518D1934F00C0D140 /* SLTChunkTests.m */,
				CDB6BF3718D1A78800C0D140 /* SLTChunkAssetInfoTests.m */,
				CDB6BF3D18D2071800C0D140 /* SLTCompositeAssetTests.m */,
				CDB6BF3E18D2071800C0D140 /* SLTCompositeInfoTests.m */,
				CDB6BF3F18D2071800C0D140 /* SLTCompositeInstanceTests.m */,
				CAA0C61618BCB8B9007B2B69 /* SLTLevelTests.m */,
				CAA0C61218BCB871007B2B69 /* SLTLevelBoardTests.m */,
				CDE80AD518C0CB5A004A9C1E /* SLTLevelBoardParserTests.m */,
				CAA0C61418BCB89A007B2B69 /* SLTLevelPackTests.m */,
				CDF821B718CF35940054744C /* SLTLevelSettingsTests.m */,
				CAA0C61818BCB8DE007B2B69 /* SLTPartnerTests.m */,
				CAA0C60C18BCB821007B2B69 /* SLTDeviceTests.m */,
				CA9D917418C666A2002831DF /* ResourceURLTicketTests.m */,
				CDE80AD118C09CC1004A9C1E /* RepositoryTests.m */,
				CAA0C61018BCB851007B2B69 /* SLTFeatureTests.m */,
				CAA0C60E18BCB836007B2B69 /* SLTExperimentTests.m */,
				CAA0C60A18BCB7FE007B2B69 /* DeserializerTests.m */,
				CA1FC21618B3B8D600E92A06 /* SaltrTests.m */,
				CA1FC21118B3B8D600E92A06 /* Supporting Files */,
			);
			path = SaltrTests;
			sourceTree = "<group>";
		};
		CA1FC21118B3B8D600E92A06 /* Supporting Files */ = {
			isa = PBXGroup;
			children = (
				CA1FC21218B3B8D600E92A06 /* SaltrTests-Info.plist */,
				CA1FC21318B3B8D600E92A06 /* InfoPlist.strings */,
			);
			name = "Supporting Files";
			sourceTree = "<group>";
		};
		CA1FC23F18B3C39E00E92A06 /* parser */ = {
			isa = PBXGroup;
			children = (
				CA1FC24A18B3C47700E92A06 /* game */,
			);
			name = parser;
			sourceTree = "<group>";
		};
		CA1FC24018B3C3A300E92A06 /* repository */ = {
			isa = PBXGroup;
			children = (
				CA1FC27518B3C6D100E92A06 /* SLTRepository.h */,
				CA1FC27618B3C6D100E92A06 /* SLTRepository.m */,
			);
			name = repository;
			sourceTree = "<group>";
		};
		CA1FC24118B3C3C300E92A06 /* resource */ = {
			isa = PBXGroup;
			children = (
				CA1FC27E18B3C70E00E92A06 /* SLTResource.h */,
				CA1FC27F18B3C70E00E92A06 /* SLTResource.m */,
				CA1FC28118B3C72200E92A06 /* SLTResourceURLTicket.h */,
				CA1FC28218B3C72200E92A06 /* SLTResourceURLTicket.m */,
			);
			name = resource;
			sourceTree = "<group>";
		};
		CA1FC24218B3C3C900E92A06 /* utils */ = {
			isa = PBXGroup;
			children = (
			);
			name = utils;
			sourceTree = "<group>";
		};
		CA1FC24A18B3C47700E92A06 /* game */ = {
			isa = PBXGroup;
			children = (
				CA1FC25418B3C53300E92A06 /* SLTAsset.h */,
				CA1FC25518B3C53300E92A06 /* SLTAsset.m */,
				CD774F0D18C8E97F0021B4B0 /* SLTAssetInstance.h */,
				CD774F0E18C8E97F0021B4B0 /* SLTAssetInstance.m */,
				CA1FC25A18B3C57000E92A06 /* SLTCell.h */,
				CA1FC25B18B3C57000E92A06 /* SLTCell.m */,
				CA1FC24B18B3C4A800E92A06 /* SLTCellMatrix.h */,
				CA1FC24C18B3C4A800E92A06 /* SLTCellMatrix.m */,
				CA1FC24E18B3C4C200E92A06 /* SLTCellMatrixIterator.h */,
				CA1FC24F18B3C4C200E92A06 /* SLTCellMatrixIterator.m */,
				CA1FC26018B3C5AE00E92A06 /* SLTChunk.h */,
				CA1FC26118B3C5AE00E92A06 /* SLTChunk.m */,
				CA1FC25D18B3C59700E92A06 /* SLTChunkAssetInfo.h */,
				CA1FC25E18B3C59700E92A06 /* SLTChunkAssetInfo.m */,
				CA1FC26918B3C62500E92A06 /* SLTCompositeAsset.h */,
				CA1FC26A18B3C62500E92A06 /* SLTCompositeAsset.m */,
				CA1FC26318B3C5D900E92A06 /* SLTCompositeInfo.h */,
				CA1FC26418B3C5D900E92A06 /* SLTCompositeInfo.m */,
				CA1FC26618B3C5FA00E92A06 /* SLTCompositeInstance.h */,
				CA1FC26718B3C5FA00E92A06 /* SLTCompositeInstance.m */,
				CA1FC23918B3C38200E92A06 /* SLTLevel.h */,
				CA1FC23A18B3C38200E92A06 /* SLTLevel.m */,
				CA9DAB3B18B7846C005CCCAA /* SLTLevelBoard.h */,
				CA9DAB3C18B7846C005CCCAA /* SLTLevelBoard.m */,
				CA1FC24618B3C46000E92A06 /* SLTLevelBoardParser.h */,
				CA1FC24718B3C46000E92A06 /* SLTLevelBoardParser.m */,
				CA1FC23618B3C37300E92A06 /* SLTLevelPack.h */,
				CA1FC23718B3C37300E92A06 /* SLTLevelPack.m */,
				CA1FC25718B3C54F00E92A06 /* SLTLevelSettings.h */,
				CA1FC25818B3C54F00E92A06 /* SLTLevelSettings.m */,
			);
			name = game;
			sourceTree = "<group>";
		};
		CD05F8C318C4D7F700CB782C /* private */ = {
			isa = PBXGroup;
			children = (
				CD774F1018C9B8DA0021B4B0 /* SLTCell_Private.h */,
			);
			path = private;
			sourceTree = "<group>";
		};
		CD095F8718BF7E6100E38369 /* testdata */ = {
			isa = PBXGroup;
			children = (
				CD095F8C18BF7E9600E38369 /* appdata.json */,
				CD095F8D18BF7E9600E38369 /* level.json */,
			);
			path = testdata;
			sourceTree = "<group>";
		};
		CD55D6E018C0879800222E8C /* SaltrTestApp */ = {
			isa = PBXGroup;
			children = (
				CD55D6E918C0879800222E8C /* SLTAppDelegate.h */,
				CD55D6EA18C0879800222E8C /* SLTAppDelegate.m */,
				CD55D6EC18C0879800222E8C /* Main_iPhone.storyboard */,
				CD55D6EF18C0879800222E8C /* Main_iPad.storyboard */,
				CD55D6F218C0879800222E8C /* ViewController.h */,
				CD55D6F318C0879800222E8C /* ViewController.m */,
				CD55D6F518C0879800222E8C /* Images.xcassets */,
				CD55D6E118C0879800222E8C /* Supporting Files */,
			);
			path = SaltrTestApp;
			sourceTree = "<group>";
		};
		CD55D6E118C0879800222E8C /* Supporting Files */ = {
			isa = PBXGroup;
			children = (
				CD55D6E218C0879800222E8C /* SaltrTestApp-Info.plist */,
				CD55D6E318C0879800222E8C /* InfoPlist.strings */,
				CD55D6E618C0879800222E8C /* main.m */,
				CD55D6E818C0879800222E8C /* SaltrTestApp-Prefix.pch */,
			);
			name = "Supporting Files";
			sourceTree = "<group>";
		};
		CD55D70118C0879800222E8C /* SaltrTestAppTests */ = {
			isa = PBXGroup;
			children = (
				CD55D70718C0879800222E8C /* SaltrTestAppTests.m */,
				CD55D70218C0879800222E8C /* Supporting Files */,
			);
			path = SaltrTestAppTests;
			sourceTree = "<group>";
		};
		CD55D70218C0879800222E8C /* Supporting Files */ = {
			isa = PBXGroup;
			children = (
				CD55D70318C0879800222E8C /* SaltrTestAppTests-Info.plist */,
				CD55D70418C0879800222E8C /* InfoPlist.strings */,
			);
			name = "Supporting Files";
			sourceTree = "<group>";
		};
		CDD7409018BFC0FA00F2306D /* SaltrResource */ = {
			isa = PBXGroup;
			children = (
				CDD7409118BFC0FA00F2306D /* Supporting Files */,
			);
			path = SaltrResource;
			sourceTree = "<group>";
		};
		CDD7409118BFC0FA00F2306D /* Supporting Files */ = {
			isa = PBXGroup;
			children = (
				CDD7409218BFC0FA00F2306D /* SaltrResource-Info.plist */,
				CDD7409318BFC0FA00F2306D /* InfoPlist.strings */,
				CDD7409618BFC0FA00F2306D /* SaltrResource-Prefix.pch */,
			);
			name = "Supporting Files";
			sourceTree = "<group>";
		};
/* End PBXGroup section */

/* Begin PBXNativeTarget section */
		CA1FC1F618B3B8D600E92A06 /* Saltr */ = {
			isa = PBXNativeTarget;
			buildConfigurationList = CA1FC21A18B3B8D600E92A06 /* Build configuration list for PBXNativeTarget "Saltr" */;
			buildPhases = (
				CA1FC1F318B3B8D600E92A06 /* Sources */,
				CA1FC1F418B3B8D600E92A06 /* Frameworks */,
				CA1FC1F518B3B8D600E92A06 /* CopyFiles */,
				CAA0C60918BBE059007B2B69 /* Run Script */,
			);
			buildRules = (
			);
			dependencies = (
			);
			name = Saltr;
			productName = Saltr;
			productReference = CA1FC1F718B3B8D600E92A06 /* libSaltr.a */;
			productType = "com.apple.product-type.library.static";
		};
		CA1FC20618B3B8D600E92A06 /* SaltrTests */ = {
			isa = PBXNativeTarget;
			buildConfigurationList = CA1FC21D18B3B8D600E92A06 /* Build configuration list for PBXNativeTarget "SaltrTests" */;
			buildPhases = (
				CA1FC20318B3B8D600E92A06 /* Sources */,
				CA1FC20418B3B8D600E92A06 /* Frameworks */,
				CA1FC20518B3B8D600E92A06 /* Resources */,
			);
			buildRules = (
			);
			dependencies = (
				CA1FC20E18B3B8D600E92A06 /* PBXTargetDependency */,
			);
			name = SaltrTests;
			productName = SaltrTests;
			productReference = CA1FC20718B3B8D600E92A06 /* SaltrTests.xctest */;
			productType = "com.apple.product-type.bundle.unit-test";
		};
		CD55D6DB18C0879800222E8C /* SaltrTestApp */ = {
			isa = PBXNativeTarget;
			buildConfigurationList = CD55D70918C0879900222E8C /* Build configuration list for PBXNativeTarget "SaltrTestApp" */;
			buildPhases = (
				CD55D6D818C0879800222E8C /* Sources */,
				CD55D6DA18C0879800222E8C /* Resources */,
				CD55D6D918C0879800222E8C /* Frameworks */,
			);
			buildRules = (
			);
			dependencies = (
				CDE80ACE18C08849004A9C1E /* PBXTargetDependency */,
				CDE80AD018C08849004A9C1E /* PBXTargetDependency */,
			);
			name = SaltrTestApp;
			productName = SaltrTestApp;
			productReference = CD55D6DC18C0879800222E8C /* SaltrTestApp.app */;
			productType = "com.apple.product-type.application";
		};
		CD55D6FA18C0879800222E8C /* SaltrTestAppTests */ = {
			isa = PBXNativeTarget;
			buildConfigurationList = CD55D70C18C0879900222E8C /* Build configuration list for PBXNativeTarget "SaltrTestAppTests" */;
			buildPhases = (
				CD55D6F718C0879800222E8C /* Sources */,
				CD55D6F818C0879800222E8C /* Frameworks */,
				CD55D6F918C0879800222E8C /* Resources */,
			);
			buildRules = (
			);
			dependencies = (
				CD55D70018C0879800222E8C /* PBXTargetDependency */,
			);
			name = SaltrTestAppTests;
			productName = SaltrTestAppTests;
			productReference = CD55D6FB18C0879800222E8C /* SaltrTestAppTests.xctest */;
			productType = "com.apple.product-type.bundle.unit-test";
		};
		CDD7408D18BFC0FA00F2306D /* SaltrResource */ = {
			isa = PBXNativeTarget;
			buildConfigurationList = CDD7409718BFC0FA00F2306D /* Build configuration list for PBXNativeTarget "SaltrResource" */;
			buildPhases = (
				CDD7408A18BFC0FA00F2306D /* Sources */,
				CDD7408B18BFC0FA00F2306D /* Frameworks */,
				CDD7408C18BFC0FA00F2306D /* Resources */,
			);
			buildRules = (
			);
			dependencies = (
			);
			name = SaltrResource;
			productName = SaltrResource;
			productReference = CDD7408E18BFC0FA00F2306D /* Saltr.bundle */;
			productType = "com.apple.product-type.bundle";
		};
/* End PBXNativeTarget section */

/* Begin PBXProject section */
		CA1FC1EF18B3B8D600E92A06 /* Project object */ = {
			isa = PBXProject;
			attributes = {
				CLASSPREFIX = SLT;
				LastUpgradeCheck = 0500;
				ORGANIZATIONNAME = Plexonic;
				TargetAttributes = {
					CA1FC20618B3B8D600E92A06 = {
						TestTargetID = CD55D6DB18C0879800222E8C;
					};
					CD55D6FA18C0879800222E8C = {
						TestTargetID = CD55D6DB18C0879800222E8C;
					};
				};
			};
			buildConfigurationList = CA1FC1F218B3B8D600E92A06 /* Build configuration list for PBXProject "Saltr" */;
			compatibilityVersion = "Xcode 3.2";
			developmentRegion = English;
			hasScannedForEncodings = 0;
			knownRegions = (
				en,
				Base,
			);
			mainGroup = CA1FC1EE18B3B8D600E92A06;
			productRefGroup = CA1FC1F818B3B8D600E92A06 /* Products */;
			projectDirPath = "";
			projectRoot = "";
			targets = (
				CA1FC1F618B3B8D600E92A06 /* Saltr */,
				CA1FC20618B3B8D600E92A06 /* SaltrTests */,
				CDD7408D18BFC0FA00F2306D /* SaltrResource */,
				CD55D6DB18C0879800222E8C /* SaltrTestApp */,
				CD55D6FA18C0879800222E8C /* SaltrTestAppTests */,
			);
		};
/* End PBXProject section */

/* Begin PBXResourcesBuildPhase section */
		CA1FC20518B3B8D600E92A06 /* Resources */ = {
			isa = PBXResourcesBuildPhase;
			buildActionMask = 2147483647;
			files = (
				CA1FC21518B3B8D600E92A06 /* InfoPlist.strings in Resources */,
			);
			runOnlyForDeploymentPostprocessing = 0;
		};
		CD55D6DA18C0879800222E8C /* Resources */ = {
			isa = PBXResourcesBuildPhase;
			buildActionMask = 2147483647;
			files = (
				CDE80ACB18C0883A004A9C1E /* Saltr.bundle in Resources */,
				CD55D6F118C0879800222E8C /* Main_iPad.storyboard in Resources */,
				CD55D6F618C0879800222E8C /* Images.xcassets in Resources */,
				CD55D6EE18C0879800222E8C /* Main_iPhone.storyboard in Resources */,
				CD55D6E518C0879800222E8C /* InfoPlist.strings in Resources */,
			);
			runOnlyForDeploymentPostprocessing = 0;
		};
		CD55D6F918C0879800222E8C /* Resources */ = {
			isa = PBXResourcesBuildPhase;
			buildActionMask = 2147483647;
			files = (
				CD55D70618C0879800222E8C /* InfoPlist.strings in Resources */,
			);
			runOnlyForDeploymentPostprocessing = 0;
		};
		CDD7408C18BFC0FA00F2306D /* Resources */ = {
			isa = PBXResourcesBuildPhase;
			buildActionMask = 2147483647;
			files = (
				CAB489F318D8A9E900CC9054 /* saltr in Resources */,
				CDD7409A18BFC11600F2306D /* appdata.json in Resources */,
				CDD7409B18BFC11600F2306D /* level.json in Resources */,
				CDD7409518BFC0FA00F2306D /* InfoPlist.strings in Resources */,
			);
			runOnlyForDeploymentPostprocessing = 0;
		};
/* End PBXResourcesBuildPhase section */

/* Begin PBXShellScriptBuildPhase section */
		CAA0C60918BBE059007B2B69 /* Run Script */ = {
			isa = PBXShellScriptBuildPhase;
			buildActionMask = 12;
			files = (
			);
			inputPaths = (
			);
			name = "Run Script";
			outputPaths = (
			);
			runOnlyForDeploymentPostprocessing = 0;
			shellPath = /bin/sh;
			shellScript = "#  Build the doxygen documentation for the project and load the docset into Xcode.\n\n#  Use the following to adjust the value of the $DOXYGEN_PATH User-Defined Setting:\n#    Binary install location: /Applications/Doxygen.app/Contents/Resources/doxygen\n#    Source build install location: /usr/local/bin/doxygen\n\n#  If the config file doesn't exist, run 'doxygen -g $SOURCE_ROOT/doxygen.config' to\n#   a get default file.\n\nif ! [ -f $SOURCE_ROOT/doxygen.config ]\nthen\necho doxygen config file does not exist\n$DOXYGEN_PATH -g $SOURCE_ROOT/doxygen.config\nfi\n\n#  Append the proper input/output directories and docset info to the config file.\n#  This works even though values are assigned higher up in the file. Easier than sed.\n\ncp $SOURCE_ROOT/doxygen.config $TEMP_DIR/doxygen.config\n\necho \"INPUT = $SOURCE_ROOT\" >> $TEMP_DIR/doxygen.config\necho \"OUTPUT_DIRECTORY = $SOURCE_ROOT/DoxygenDocs.docset\" >> $TEMP_DIR/doxygen.config\necho \"GENERATE_DOCSET        = YES\" >> $TEMP_DIR/doxygen.config\necho \"DOCSET_BUNDLE_ID       = com.mycompany.DoxygenExample\" >> $TEMP_DIR/doxygen.config\n\n#  Run doxygen on the updated config file.\n#  Note: doxygen creates a Makefile that does most of the heavy lifting.\n\n$DOXYGEN_PATH \"$TEMP_DIR/doxygen.config\"\n\n# Update \"XCODE_INSTALL\" variable\ncat DoxygenDocs.docset/html/Makefile | sed  's/XCODE_INSTALL=$(shell xcode-select -print-path)/XCODE_INSTALL=\"$(shell xcode-select -print-path)\"/g' > DoxygenDocs.docset/html/Make\nmv DoxygenDocs.docset/html/Make DoxygenDocs.docset/html/Makefile\n\n#  make will invoke docsetutil. Take a look at the Makefile to see how this is done.\n\nmake -C $SOURCE_ROOT/DoxygenDocs.docset/html install\n\n\necho $SOURCE_ROOT/DoxygenDocs.docset/html/Makefile\n\n#  Construct a temporary applescript file to tell Xcode to load a docset.\n\nrm -f \"$TEMP_DIR/loadDocSet.scpt\"\n\n#echo \"tell application \\\"Xcode 2\\\"\" >> \"$TEMP_DIR/loadDocSet.scpt\"\n#echo \"load documentation set with path \\\"/Users/$USER/Library/Developer/Shared/Documentation/DocSets/\\\"\" >> \"$TEMP_DIR/loadDocSet.scpt\"\n#echo \"end tell\" >> \"$TEMP_DIR/loadDocSet.scpt\"\n\n\n#  Run the load-docset applescript command.\n\n#osascript \"$TEMP_DIR/loadDocSet.scpt\"\n\n#osascript -e \"tell application \\\"Xcode\\\"\" -e \"load documentation set with path \\\"/Users/employee/Library/Developer/Shared/Documentation/DocSets/com.mycompany.DoxygenExample.docset/\\\"\" -e \"end tell\"\n\nexit 0\n";
			showEnvVarsInLog = 0;
		};
/* End PBXShellScriptBuildPhase section */

/* Begin PBXSourcesBuildPhase section */
		CA1FC1F318B3B8D600E92A06 /* Sources */ = {
			isa = PBXSourcesBuildPhase;
			buildActionMask = 2147483647;
			files = (
				CA1FC23218B3C35000E92A06 /* SLTExperiment.m in Sources */,
				CA1FC26218B3C5AE00E92A06 /* SLTChunk.m in Sources */,
				CA1FC24818B3C46000E92A06 /* SLTLevelBoardParser.m in Sources */,
				CA9DAB3D18B7846C005CCCAA /* SLTLevelBoard.m in Sources */,
				CA1FC24D18B3C4A800E92A06 /* SLTCellMatrix.m in Sources */,
				CA1FC22C18B3C33200E92A06 /* SLTDeserializer.m in Sources */,
				CA1FC23518B3C36100E92A06 /* SLTFeature.m in Sources */,
				CA1FC26818B3C5FA00E92A06 /* SLTCompositeInstance.m in Sources */,
				CA1FC23E18B3C39400E92A06 /* SLTPartner.m in Sources */,
				CA1FC20218B3B8D600E92A06 /* SLTSaltr.m in Sources */,
				CA1FC26B18B3C62500E92A06 /* SLTCompositeAsset.m in Sources */,
				CA1FC26518B3C5D900E92A06 /* SLTCompositeInfo.m in Sources */,
				CD774F0F18C8E97F0021B4B0 /* SLTAssetInstance.m in Sources */,
				CA1FC27718B3C6D100E92A06 /* SLTRepository.m in Sources */,
				CA1FC25918B3C54F00E92A06 /* SLTLevelSettings.m in Sources */,
				CA1FC22F18B3C34100E92A06 /* SLTDevice.m in Sources */,
				CA1FC28318B3C72200E92A06 /* SLTResourceURLTicket.m in Sources */,
				CA1FC25618B3C53300E92A06 /* SLTAsset.m in Sources */,
				CA1FC28018B3C70E00E92A06 /* SLTResource.m in Sources */,
				CA1FC25C18B3C57000E92A06 /* SLTCell.m in Sources */,
				CA1FC23B18B3C38200E92A06 /* SLTLevel.m in Sources */,
				CA1FC25F18B3C59700E92A06 /* SLTChunkAssetInfo.m in Sources */,
				CA1FC25018B3C4C200E92A06 /* SLTCellMatrixIterator.m in Sources */,
				CA1FC23818B3C37300E92A06 /* SLTLevelPack.m in Sources */,
			);
			runOnlyForDeploymentPostprocessing = 0;
		};
		CA1FC20318B3B8D600E92A06 /* Sources */ = {
			isa = PBXSourcesBuildPhase;
			buildActionMask = 2147483647;
			files = (
				CD774F1218CE2A8D0021B4B0 /* SLTAssetTests.m in Sources */,
				CDF821B818CF35940054744C /* SLTLevelSettingsTests.m in Sources */,
				CD3F128318D037C300C8DAF0 /* SLTCellMatrixIteratorTests.m in Sources */,
				CAA0C61918BCB8DE007B2B69 /* SLTPartnerTests.m in Sources */,
				CAA0C61518BCB89A007B2B69 /* SLTLevelPackTests.m in Sources */,
				CAA0C60F18BCB836007B2B69 /* SLTExperimentTests.m in Sources */,
				CDE80AD218C09CC1004A9C1E /* RepositoryTests.m in Sources */,
				CAA0C61318BCB871007B2B69 /* SLTLevelBoardTests.m in Sources */,
				CAA0C60B18BCB7FE007B2B69 /* DeserializerTests.m in Sources */,
				CDF821B618CF2D2F0054744C /* SLTCellTests.m in Sources */,
				CDB6BF3618D1934F00C0D140 /* SLTChunkTests.m in Sources */,
				CAA0C61718BCB8B9007B2B69 /* SLTLevelTests.m in Sources */,
				CDE80AD618C0CB5A004A9C1E /* SLTLevelBoardParserTests.m in Sources */,
				CA1FC21718B3B8D600E92A06 /* SaltrTests.m in Sources */,
				CDB6BF3818D1A78800C0D140 /* SLTChunkAssetInfoTests.m in Sources */,
				CDB6BF4018D2071800C0D140 /* SLTCompositeAssetTests.m in Sources */,
				CDB6BF4218D2071800C0D140 /* SLTCompositeInstanceTests.m in Sources */,
				CA9D917518C666A2002831DF /* ResourceURLTicketTests.m in Sources */,
				CD3F128418D037C300C8DAF0 /* SLTCellMatrixTests.m in Sources */,
				CAA0C60D18BCB821007B2B69 /* SLTDeviceTests.m in Sources */,
				CDB6BF4118D2071800C0D140 /* SLTCompositeInfoTests.m in Sources */,
				CAA0C61118BCB851007B2B69 /* SLTFeatureTests.m in Sources */,
				CDE3272618CF018D00710120 /* SLTAssetInstanceTests.m in Sources */,
			);
			runOnlyForDeploymentPostprocessing = 0;
		};
		CD55D6D818C0879800222E8C /* Sources */ = {
			isa = PBXSourcesBuildPhase;
			buildActionMask = 2147483647;
			files = (
				CD55D6E718C0879800222E8C /* main.m in Sources */,
				CD55D6F418C0879800222E8C /* ViewController.m in Sources */,
				CD55D6EB18C0879800222E8C /* SLTAppDelegate.m in Sources */,
			);
			runOnlyForDeploymentPostprocessing = 0;
		};
		CD55D6F718C0879800222E8C /* Sources */ = {
			isa = PBXSourcesBuildPhase;
			buildActionMask = 2147483647;
			files = (
				CD55D70F18C087C900222E8C /* SaltrTestAppTests.m in Sources */,
			);
			runOnlyForDeploymentPostprocessing = 0;
		};
		CDD7408A18BFC0FA00F2306D /* Sources */ = {
			isa = PBXSourcesBuildPhase;
			buildActionMask = 2147483647;
			files = (
			);
			runOnlyForDeploymentPostprocessing = 0;
		};
/* End PBXSourcesBuildPhase section */

/* Begin PBXTargetDependency section */
		CA1FC20E18B3B8D600E92A06 /* PBXTargetDependency */ = {
			isa = PBXTargetDependency;
			target = CA1FC1F618B3B8D600E92A06 /* Saltr */;
			targetProxy = CA1FC20D18B3B8D600E92A06 /* PBXContainerItemProxy */;
		};
		CD55D70018C0879800222E8C /* PBXTargetDependency */ = {
			isa = PBXTargetDependency;
			target = CD55D6DB18C0879800222E8C /* SaltrTestApp */;
			targetProxy = CD55D6FF18C0879800222E8C /* PBXContainerItemProxy */;
		};
		CDE80ACE18C08849004A9C1E /* PBXTargetDependency */ = {
			isa = PBXTargetDependency;
			target = CA1FC1F618B3B8D600E92A06 /* Saltr */;
			targetProxy = CDE80ACD18C08849004A9C1E /* PBXContainerItemProxy */;
		};
		CDE80AD018C08849004A9C1E /* PBXTargetDependency */ = {
			isa = PBXTargetDependency;
			target = CDD7408D18BFC0FA00F2306D /* SaltrResource */;
			targetProxy = CDE80ACF18C08849004A9C1E /* PBXContainerItemProxy */;
		};
/* End PBXTargetDependency section */

/* Begin PBXVariantGroup section */
		CA1FC21318B3B8D600E92A06 /* InfoPlist.strings */ = {
			isa = PBXVariantGroup;
			children = (
				CA1FC21418B3B8D600E92A06 /* en */,
			);
			name = InfoPlist.strings;
			sourceTree = "<group>";
		};
		CD55D6E318C0879800222E8C /* InfoPlist.strings */ = {
			isa = PBXVariantGroup;
			children = (
				CD55D6E418C0879800222E8C /* en */,
			);
			name = InfoPlist.strings;
			sourceTree = "<group>";
		};
		CD55D6EC18C0879800222E8C /* Main_iPhone.storyboard */ = {
			isa = PBXVariantGroup;
			children = (
				CD55D6ED18C0879800222E8C /* Base */,
			);
			name = Main_iPhone.storyboard;
			sourceTree = "<group>";
		};
		CD55D6EF18C0879800222E8C /* Main_iPad.storyboard */ = {
			isa = PBXVariantGroup;
			children = (
				CD55D6F018C0879800222E8C /* Base */,
			);
			name = Main_iPad.storyboard;
			sourceTree = "<group>";
		};
		CD55D70418C0879800222E8C /* InfoPlist.strings */ = {
			isa = PBXVariantGroup;
			children = (
				CD55D70518C0879800222E8C /* en */,
			);
			name = InfoPlist.strings;
			sourceTree = "<group>";
		};
		CDD7409318BFC0FA00F2306D /* InfoPlist.strings */ = {
			isa = PBXVariantGroup;
			children = (
				CDD7409418BFC0FA00F2306D /* en */,
			);
			name = InfoPlist.strings;
			sourceTree = "<group>";
		};
/* End PBXVariantGroup section */

/* Begin XCBuildConfiguration section */
		CA1FC21818B3B8D600E92A06 /* Debug */ = {
			isa = XCBuildConfiguration;
			buildSettings = {
				ALWAYS_SEARCH_USER_PATHS = NO;
				CLANG_CXX_LANGUAGE_STANDARD = "gnu++0x";
				CLANG_CXX_LIBRARY = "libc++";
				CLANG_ENABLE_MODULES = YES;
				CLANG_ENABLE_OBJC_ARC = YES;
				CLANG_WARN_BOOL_CONVERSION = YES;
				CLANG_WARN_CONSTANT_CONVERSION = YES;
				CLANG_WARN_DIRECT_OBJC_ISA_USAGE = YES_ERROR;
				CLANG_WARN_EMPTY_BODY = YES;
				CLANG_WARN_ENUM_CONVERSION = YES;
				CLANG_WARN_INT_CONVERSION = YES;
				CLANG_WARN_OBJC_ROOT_CLASS = YES_ERROR;
				CLANG_WARN__DUPLICATE_METHOD_MATCH = YES;
				COPY_PHASE_STRIP = NO;
				DOXYGEN_PATH = /Applications/Doxygen.app/Contents/Resources/doxygen;
				GCC_C_LANGUAGE_STANDARD = gnu99;
				GCC_DYNAMIC_NO_PIC = NO;
				GCC_OPTIMIZATION_LEVEL = 0;
				GCC_PREPROCESSOR_DEFINITIONS = (
					"DEBUG=1",
					"$(inherited)",
				);
				GCC_SYMBOLS_PRIVATE_EXTERN = NO;
				GCC_WARN_64_TO_32_BIT_CONVERSION = YES;
				GCC_WARN_ABOUT_RETURN_TYPE = YES_ERROR;
				GCC_WARN_UNDECLARED_SELECTOR = YES;
				GCC_WARN_UNINITIALIZED_AUTOS = YES;
				GCC_WARN_UNUSED_FUNCTION = YES;
				GCC_WARN_UNUSED_VARIABLE = YES;
				IPHONEOS_DEPLOYMENT_TARGET = 7.0;
				ONLY_ACTIVE_ARCH = YES;
				SDKROOT = iphoneos;
			};
			name = Debug;
		};
		CA1FC21918B3B8D600E92A06 /* Release */ = {
			isa = XCBuildConfiguration;
			buildSettings = {
				ALWAYS_SEARCH_USER_PATHS = NO;
				CLANG_CXX_LANGUAGE_STANDARD = "gnu++0x";
				CLANG_CXX_LIBRARY = "libc++";
				CLANG_ENABLE_MODULES = YES;
				CLANG_ENABLE_OBJC_ARC = YES;
				CLANG_WARN_BOOL_CONVERSION = YES;
				CLANG_WARN_CONSTANT_CONVERSION = YES;
				CLANG_WARN_DIRECT_OBJC_ISA_USAGE = YES_ERROR;
				CLANG_WARN_EMPTY_BODY = YES;
				CLANG_WARN_ENUM_CONVERSION = YES;
				CLANG_WARN_INT_CONVERSION = YES;
				CLANG_WARN_OBJC_ROOT_CLASS = YES_ERROR;
				CLANG_WARN__DUPLICATE_METHOD_MATCH = YES;
				COPY_PHASE_STRIP = YES;
				DOXYGEN_PATH = /Applications/Doxygen.app/Contents/Resources/doxygen;
				ENABLE_NS_ASSERTIONS = NO;
				GCC_C_LANGUAGE_STANDARD = gnu99;
				GCC_WARN_64_TO_32_BIT_CONVERSION = YES;
				GCC_WARN_ABOUT_RETURN_TYPE = YES_ERROR;
				GCC_WARN_UNDECLARED_SELECTOR = YES;
				GCC_WARN_UNINITIALIZED_AUTOS = YES;
				GCC_WARN_UNUSED_FUNCTION = YES;
				GCC_WARN_UNUSED_VARIABLE = YES;
				IPHONEOS_DEPLOYMENT_TARGET = 7.0;
				SDKROOT = iphoneos;
				VALIDATE_PRODUCT = YES;
			};
			name = Release;
		};
		CA1FC21B18B3B8D600E92A06 /* Debug */ = {
			isa = XCBuildConfiguration;
			buildSettings = {
				CLANG_ANALYZER_SECURITY_FLOATLOOPCOUNTER = YES;
				DSTROOT = /tmp/saltr_ios_sdk.dst;
				GCC_PRECOMPILE_PREFIX_HEADER = YES;
				GCC_PREFIX_HEADER = "Saltr/Saltr-Prefix.pch";
				OTHER_LDFLAGS = "-ObjC";
				PRODUCT_NAME = Saltr;
				RUN_CLANG_STATIC_ANALYZER = YES;
				SKIP_INSTALL = YES;
				TARGETED_DEVICE_FAMILY = "1,2";
			};
			name = Debug;
		};
		CA1FC21C18B3B8D600E92A06 /* Release */ = {
			isa = XCBuildConfiguration;
			buildSettings = {
				CLANG_ANALYZER_SECURITY_FLOATLOOPCOUNTER = YES;
				DSTROOT = /tmp/saltr_ios_sdk.dst;
				GCC_PRECOMPILE_PREFIX_HEADER = YES;
				GCC_PREFIX_HEADER = "Saltr/Saltr-Prefix.pch";
				OTHER_LDFLAGS = "-ObjC";
				PRODUCT_NAME = Saltr;
				RUN_CLANG_STATIC_ANALYZER = YES;
				SKIP_INSTALL = YES;
				TARGETED_DEVICE_FAMILY = "1,2";
			};
			name = Release;
		};
		CA1FC21E18B3B8D600E92A06 /* Debug */ = {
			isa = XCBuildConfiguration;
			buildSettings = {
				BUNDLE_LOADER = "$(BUILT_PRODUCTS_DIR)/SaltrTestApp.app/SaltrTestApp";
				FRAMEWORK_SEARCH_PATHS = (
					"$(SDKROOT)/Developer/Library/Frameworks",
					"$(inherited)",
					"$(DEVELOPER_FRAMEWORKS_DIR)",
				);
				GCC_PRECOMPILE_PREFIX_HEADER = YES;
				GCC_PREFIX_HEADER = "Saltr/Saltr-Prefix.pch";
				GCC_PREPROCESSOR_DEFINITIONS = (
					"DEBUG=1",
					"$(inherited)",
				);
				INFOPLIST_FILE = "SaltrTests/SaltrTests-Info.plist";
				PRODUCT_NAME = SaltrTests;
				TEST_HOST = "$(BUNDLE_LOADER)";
				WRAPPER_EXTENSION = xctest;
			};
			name = Debug;
		};
		CA1FC21F18B3B8D600E92A06 /* Release */ = {
			isa = XCBuildConfiguration;
			buildSettings = {
				BUNDLE_LOADER = "$(BUILT_PRODUCTS_DIR)/SaltrTestApp.app/SaltrTestApp";
				FRAMEWORK_SEARCH_PATHS = (
					"$(SDKROOT)/Developer/Library/Frameworks",
					"$(inherited)",
					"$(DEVELOPER_FRAMEWORKS_DIR)",
				);
				GCC_PRECOMPILE_PREFIX_HEADER = YES;
				GCC_PREFIX_HEADER = "Saltr/Saltr-Prefix.pch";
				INFOPLIST_FILE = "SaltrTests/SaltrTests-Info.plist";
				PRODUCT_NAME = SaltrTests;
				TEST_HOST = "$(BUNDLE_LOADER)";
				WRAPPER_EXTENSION = xctest;
			};
			name = Release;
		};
		CD55D70A18C0879900222E8C /* Debug */ = {
			isa = XCBuildConfiguration;
			buildSettings = {
				ASSETCATALOG_COMPILER_APPICON_NAME = AppIcon;
				ASSETCATALOG_COMPILER_LAUNCHIMAGE_NAME = LaunchImage;
				"CODE_SIGN_IDENTITY[sdk=iphoneos*]" = "iPhone Developer: Instigate Mobile Team (42QU8UC5Z4)";
				FRAMEWORK_SEARCH_PATHS = (
					"$(inherited)",
					"$(DEVELOPER_FRAMEWORKS_DIR)",
				);
				GCC_PRECOMPILE_PREFIX_HEADER = YES;
				GCC_PREFIX_HEADER = "SaltrTestApp/SaltrTestApp-Prefix.pch";
				GCC_PREPROCESSOR_DEFINITIONS = (
					"DEBUG=1",
					"$(inherited)",
				);
				INFOPLIST_FILE = "SaltrTestApp/SaltrTestApp-Info.plist";
				PRODUCT_NAME = "$(TARGET_NAME)";
				TARGETED_DEVICE_FAMILY = "1,2";
				WRAPPER_EXTENSION = app;
			};
			name = Debug;
		};
		CD55D70B18C0879900222E8C /* Release */ = {
			isa = XCBuildConfiguration;
			buildSettings = {
				ASSETCATALOG_COMPILER_APPICON_NAME = AppIcon;
				ASSETCATALOG_COMPILER_LAUNCHIMAGE_NAME = LaunchImage;
				"CODE_SIGN_IDENTITY[sdk=iphoneos*]" = "iPhone Developer: Instigate Mobile Team (42QU8UC5Z4)";
				FRAMEWORK_SEARCH_PATHS = (
					"$(inherited)",
					"$(DEVELOPER_FRAMEWORKS_DIR)",
				);
				GCC_PRECOMPILE_PREFIX_HEADER = YES;
				GCC_PREFIX_HEADER = "SaltrTestApp/SaltrTestApp-Prefix.pch";
				INFOPLIST_FILE = "SaltrTestApp/SaltrTestApp-Info.plist";
				PRODUCT_NAME = "$(TARGET_NAME)";
				TARGETED_DEVICE_FAMILY = "1,2";
				WRAPPER_EXTENSION = app;
			};
			name = Release;
		};
		CD55D70D18C0879900222E8C /* Debug */ = {
			isa = XCBuildConfiguration;
			buildSettings = {
				BUNDLE_LOADER = "$(BUILT_PRODUCTS_DIR)/SaltrTestApp.app/SaltrTestApp";
				FRAMEWORK_SEARCH_PATHS = (
					"$(SDKROOT)/Developer/Library/Frameworks",
					"$(inherited)",
					"$(DEVELOPER_FRAMEWORKS_DIR)",
				);
				GCC_PRECOMPILE_PREFIX_HEADER = YES;
				GCC_PREFIX_HEADER = "SaltrTestApp/SaltrTestApp-Prefix.pch";
				GCC_PREPROCESSOR_DEFINITIONS = (
					"DEBUG=1",
					"$(inherited)",
				);
				INFOPLIST_FILE = "SaltrTestAppTests/SaltrTestAppTests-Info.plist";
				PRODUCT_NAME = "$(TARGET_NAME)";
				TEST_HOST = "$(BUNDLE_LOADER)";
				WRAPPER_EXTENSION = xctest;
			};
			name = Debug;
		};
		CD55D70E18C0879900222E8C /* Release */ = {
			isa = XCBuildConfiguration;
			buildSettings = {
				BUNDLE_LOADER = "$(BUILT_PRODUCTS_DIR)/SaltrTestApp.app/SaltrTestApp";
				FRAMEWORK_SEARCH_PATHS = (
					"$(SDKROOT)/Developer/Library/Frameworks",
					"$(inherited)",
					"$(DEVELOPER_FRAMEWORKS_DIR)",
				);
				GCC_PRECOMPILE_PREFIX_HEADER = YES;
				GCC_PREFIX_HEADER = "SaltrTestApp/SaltrTestApp-Prefix.pch";
				INFOPLIST_FILE = "SaltrTestAppTests/SaltrTestAppTests-Info.plist";
				PRODUCT_NAME = "$(TARGET_NAME)";
				TEST_HOST = "$(BUNDLE_LOADER)";
				WRAPPER_EXTENSION = xctest;
			};
			name = Release;
		};
		CDD7409818BFC0FA00F2306D /* Debug */ = {
			isa = XCBuildConfiguration;
			buildSettings = {
				CODE_SIGN_IDENTITY = "iPhone Developer: Instigate Mobile Team (42QU8UC5Z4)";
				COMBINE_HIDPI_IMAGES = NO;
				GCC_ENABLE_OBJC_EXCEPTIONS = YES;
				GCC_PRECOMPILE_PREFIX_HEADER = YES;
				GCC_PREFIX_HEADER = "SaltrResource/SaltrResource-Prefix.pch";
				GCC_PREPROCESSOR_DEFINITIONS = (
					"DEBUG=1",
					"$(inherited)",
				);
				INFOPLIST_FILE = "SaltrResource/SaltrResource-Info.plist";
				INSTALL_PATH = "$(LOCAL_LIBRARY_DIR)/Bundles";
				MACOSX_DEPLOYMENT_TARGET = 10.9;
				PRODUCT_NAME = Saltr;
				PROVISIONING_PROFILE = "6C2B6D9C-6636-4A6B-80A7-8AF9CF48D865";
				WRAPPER_EXTENSION = bundle;
			};
			name = Debug;
		};
		CDD7409918BFC0FA00F2306D /* Release */ = {
			isa = XCBuildConfiguration;
			buildSettings = {
				CODE_SIGN_IDENTITY = "iPhone Developer: Instigate Mobile Team (42QU8UC5Z4)";
				COMBINE_HIDPI_IMAGES = NO;
				DEBUG_INFORMATION_FORMAT = "dwarf-with-dsym";
				GCC_ENABLE_OBJC_EXCEPTIONS = YES;
				GCC_PRECOMPILE_PREFIX_HEADER = YES;
				GCC_PREFIX_HEADER = "SaltrResource/SaltrResource-Prefix.pch";
				INFOPLIST_FILE = "SaltrResource/SaltrResource-Info.plist";
				INSTALL_PATH = "$(LOCAL_LIBRARY_DIR)/Bundles";
				MACOSX_DEPLOYMENT_TARGET = 10.9;
				PRODUCT_NAME = Saltr;
				PROVISIONING_PROFILE = "6C2B6D9C-6636-4A6B-80A7-8AF9CF48D865";
				WRAPPER_EXTENSION = bundle;
			};
			name = Release;
		};
/* End XCBuildConfiguration section */

/* Begin XCConfigurationList section */
		CA1FC1F218B3B8D600E92A06 /* Build configuration list for PBXProject "Saltr" */ = {
			isa = XCConfigurationList;
			buildConfigurations = (
				CA1FC21818B3B8D600E92A06 /* Debug */,
				CA1FC21918B3B8D600E92A06 /* Release */,
			);
			defaultConfigurationIsVisible = 0;
			defaultConfigurationName = Release;
		};
		CA1FC21A18B3B8D600E92A06 /* Build configuration list for PBXNativeTarget "Saltr" */ = {
			isa = XCConfigurationList;
			buildConfigurations = (
				CA1FC21B18B3B8D600E92A06 /* Debug */,
				CA1FC21C18B3B8D600E92A06 /* Release */,
			);
			defaultConfigurationIsVisible = 0;
			defaultConfigurationName = Release;
		};
		CA1FC21D18B3B8D600E92A06 /* Build configuration list for PBXNativeTarget "SaltrTests" */ = {
			isa = XCConfigurationList;
			buildConfigurations = (
				CA1FC21E18B3B8D600E92A06 /* Debug */,
				CA1FC21F18B3B8D600E92A06 /* Release */,
			);
			defaultConfigurationIsVisible = 0;
			defaultConfigurationName = Release;
		};
		CD55D70918C0879900222E8C /* Build configuration list for PBXNativeTarget "SaltrTestApp" */ = {
			isa = XCConfigurationList;
			buildConfigurations = (
				CD55D70A18C0879900222E8C /* Debug */,
				CD55D70B18C0879900222E8C /* Release */,
			);
			defaultConfigurationIsVisible = 0;
			defaultConfigurationName = Release;
		};
		CD55D70C18C0879900222E8C /* Build configuration list for PBXNativeTarget "SaltrTestAppTests" */ = {
			isa = XCConfigurationList;
			buildConfigurations = (
				CD55D70D18C0879900222E8C /* Debug */,
				CD55D70E18C0879900222E8C /* Release */,
			);
			defaultConfigurationIsVisible = 0;
			defaultConfigurationName = Release;
		};
		CDD7409718BFC0FA00F2306D /* Build configuration list for PBXNativeTarget "SaltrResource" */ = {
			isa = XCConfigurationList;
			buildConfigurations = (
				CDD7409818BFC0FA00F2306D /* Debug */,
				CDD7409918BFC0FA00F2306D /* Release */,
			);
			defaultConfigurationIsVisible = 0;
			defaultConfigurationName = Release;
		};
/* End XCConfigurationList section */
	};
	rootObject = CA1FC1EF18B3B8D600E92A06 /* Project object */;
}
